// !$*UTF8*$!
{
	archiveVersion = 1;
	classes = {
	};
	objectVersion = 70;
	objects = {

/* Begin PBXBuildFile section */
		6B2750C22D3D07FB005144FA /* View+Extension.swift in Sources */ = {isa = PBXBuildFile; fileRef = 6B2750C12D3D07FB005144FA /* View+Extension.swift */; };
		6B37A7562D0026B300239987 /* FolderListCell.swift in Sources */ = {isa = PBXBuildFile; fileRef = 6B37A7552D0026B300239987 /* FolderListCell.swift */; };
		6B37A7592D002BB800239987 /* NoteListView.swift in Sources */ = {isa = PBXBuildFile; fileRef = 6B37A7582D002BB800239987 /* NoteListView.swift */; };
		6B37A75B2D002BE300239987 /* NoteListCell.swift in Sources */ = {isa = PBXBuildFile; fileRef = 6B37A75A2D002BE300239987 /* NoteListCell.swift */; };
		6B37A75D2D002D7700239987 /* NoteListViewModel.swift in Sources */ = {isa = PBXBuildFile; fileRef = 6B37A75C2D002D7700239987 /* NoteListViewModel.swift */; };
		6B37A75F2D00372A00239987 /* NoteListCellViewModel.swift in Sources */ = {isa = PBXBuildFile; fileRef = 6B37A75E2D00372A00239987 /* NoteListCellViewModel.swift */; };
		6B37A7632D0046F200239987 /* NoteContentView.swift in Sources */ = {isa = PBXBuildFile; fileRef = 6B37A7622D0046F200239987 /* NoteContentView.swift */; };
		6B37A7672D055B3800239987 /* SideTabBarView.swift in Sources */ = {isa = PBXBuildFile; fileRef = 6B37A7662D055B3800239987 /* SideTabBarView.swift */; };
		6B37A76B2D055E6D00239987 /* PlannerView.swift in Sources */ = {isa = PBXBuildFile; fileRef = 6B37A76A2D055E6D00239987 /* PlannerView.swift */; };
		6B37A76F2D05669600239987 /* MiniCalendarView.swift in Sources */ = {isa = PBXBuildFile; fileRef = 6B37A76E2D05669600239987 /* MiniCalendarView.swift */; };
		6B37A7722D0683C600239987 /* CalendarViewModel.swift in Sources */ = {isa = PBXBuildFile; fileRef = 6B37A7712D0683C600239987 /* CalendarViewModel.swift */; };
		6B37A7752D06840400239987 /* Date+Extension.swift in Sources */ = {isa = PBXBuildFile; fileRef = 6B37A7742D06840400239987 /* Date+Extension.swift */; };
		6B37A7782D06842700239987 /* DateManager.swift in Sources */ = {isa = PBXBuildFile; fileRef = 6B37A7772D06842700239987 /* DateManager.swift */; };
		6B37A77A2D068C1500239987 /* MainCalendarView.swift in Sources */ = {isa = PBXBuildFile; fileRef = 6B37A7792D068C1500239987 /* MainCalendarView.swift */; };
		6B37A77C2D068DA100239987 /* MainCalendarViewModel.swift in Sources */ = {isa = PBXBuildFile; fileRef = 6B37A77B2D068DA100239987 /* MainCalendarViewModel.swift */; };
		6B37A77E2D07D7CC00239987 /* SideTabBarViewModel.swift in Sources */ = {isa = PBXBuildFile; fileRef = 6B37A77D2D07D7CC00239987 /* SideTabBarViewModel.swift */; };
		6B37A7822D084A2E00239987 /* PlannerViewModel.swift in Sources */ = {isa = PBXBuildFile; fileRef = 6B37A7812D084A2E00239987 /* PlannerViewModel.swift */; };
		6B37A7872D08514400239987 /* EvnentDB.swift in Sources */ = {isa = PBXBuildFile; fileRef = 6B37A7862D08514400239987 /* EvnentDB.swift */; };
		6B37A7892D08617D00239987 /* DDayView.swift in Sources */ = {isa = PBXBuildFile; fileRef = 6B37A7882D08617D00239987 /* DDayView.swift */; };
		6B37A78C2D0923FB00239987 /* AddEventCategoryView.swift in Sources */ = {isa = PBXBuildFile; fileRef = 6B37A78B2D0923FB00239987 /* AddEventCategoryView.swift */; };
		6B37A78E2D0924DD00239987 /* AddEventCategoryViewModel.swift in Sources */ = {isa = PBXBuildFile; fileRef = 6B37A78D2D0924DD00239987 /* AddEventCategoryViewModel.swift */; };
		6B37A7902D095E1700239987 /* CalendarEventCategoryListView.swift in Sources */ = {isa = PBXBuildFile; fileRef = 6B37A78F2D095E1700239987 /* CalendarEventCategoryListView.swift */; };
		6B37A7932D095E7400239987 /* CalendarEventCategoryViewModel.swift in Sources */ = {isa = PBXBuildFile; fileRef = 6B37A7922D095E7400239987 /* CalendarEventCategoryViewModel.swift */; };
		6B37A7962D0972FD00239987 /* PlannerTypeListView.swift in Sources */ = {isa = PBXBuildFile; fileRef = 6B37A7952D0972FD00239987 /* PlannerTypeListView.swift */; };
		6B37A7992D0978D900239987 /* AddDDayView.swift in Sources */ = {isa = PBXBuildFile; fileRef = 6B37A7982D0978D900239987 /* AddDDayView.swift */; };
		6B37A79B2D097A1400239987 /* AddDDayViewModel.swift in Sources */ = {isa = PBXBuildFile; fileRef = 6B37A79A2D097A1400239987 /* AddDDayViewModel.swift */; };
		6B37A7A02D09AAC700239987 /* AddDDayCategoryCell.swift in Sources */ = {isa = PBXBuildFile; fileRef = 6B37A79F2D09AAC700239987 /* AddDDayCategoryCell.swift */; };
		6B37A7A22D09AADB00239987 /* AddDDayCell.swift in Sources */ = {isa = PBXBuildFile; fileRef = 6B37A7A12D09AADB00239987 /* AddDDayCell.swift */; };
		6B37A7A42D0A7DD500239987 /* DDayViewModel.swift in Sources */ = {isa = PBXBuildFile; fileRef = 6B37A7A32D0A7DD500239987 /* DDayViewModel.swift */; };
		6B37A7A72D0A9CEE00239987 /* TodoView.swift in Sources */ = {isa = PBXBuildFile; fileRef = 6B37A7A62D0A9CEE00239987 /* TodoView.swift */; };
		6B37A7A92D0AA49900239987 /* DDayDB.swift in Sources */ = {isa = PBXBuildFile; fileRef = 6B37A7A82D0AA49900239987 /* DDayDB.swift */; };
		6B37A7AB2D0AA4B500239987 /* TodoDB.swift in Sources */ = {isa = PBXBuildFile; fileRef = 6B37A7AA2D0AA4B500239987 /* TodoDB.swift */; };
		6B37A7AD2D0AA5AA00239987 /* TodoViewModel.swift in Sources */ = {isa = PBXBuildFile; fileRef = 6B37A7AC2D0AA5AA00239987 /* TodoViewModel.swift */; };
		6B37A7B02D0AAA0100239987 /* AddTodoFolderView.swift in Sources */ = {isa = PBXBuildFile; fileRef = 6B37A7AF2D0AAA0100239987 /* AddTodoFolderView.swift */; };
		6B37A7B22D0AAA3000239987 /* AddTodoFolderViewModel.swift in Sources */ = {isa = PBXBuildFile; fileRef = 6B37A7B12D0AAA3000239987 /* AddTodoFolderViewModel.swift */; };
		6B37A7B42D0AF24F00239987 /* TodoFolderCell.swift in Sources */ = {isa = PBXBuildFile; fileRef = 6B37A7B32D0AF24F00239987 /* TodoFolderCell.swift */; };
		6B37A7B62D0AF29100239987 /* TodoFolderViewModel.swift in Sources */ = {isa = PBXBuildFile; fileRef = 6B37A7B52D0AF29100239987 /* TodoFolderViewModel.swift */; };
		6B37A7BA2D0B088700239987 /* ExpendedTodoFolderCell.swift in Sources */ = {isa = PBXBuildFile; fileRef = 6B37A7B92D0B088700239987 /* ExpendedTodoFolderCell.swift */; };
		6B37A7BC2D0B08EB00239987 /* ExpendedTodoCellViewModel.swift in Sources */ = {isa = PBXBuildFile; fileRef = 6B37A7BB2D0B08EB00239987 /* ExpendedTodoCellViewModel.swift */; };
		6B37A7C02D0BCDEC00239987 /* AddEventView.swift in Sources */ = {isa = PBXBuildFile; fileRef = 6B37A7BF2D0BCDEC00239987 /* AddEventView.swift */; };
		6B37A7C22D0BCF4B00239987 /* AddEventCell.swift in Sources */ = {isa = PBXBuildFile; fileRef = 6B37A7C12D0BCF4B00239987 /* AddEventCell.swift */; };
		6B37A7C42D0BFEED00239987 /* AddEventViewModel.swift in Sources */ = {isa = PBXBuildFile; fileRef = 6B37A7C32D0BFEED00239987 /* AddEventViewModel.swift */; };
		6B37A7C72D0C0A9000239987 /* MainCalendarCellViewModel.swift in Sources */ = {isa = PBXBuildFile; fileRef = 6B37A7C62D0C0A9000239987 /* MainCalendarCellViewModel.swift */; };
		6B37A7CB2D0FBC1B00239987 /* TravelDashboard.swift in Sources */ = {isa = PBXBuildFile; fileRef = 6B37A7CA2D0FBC1B00239987 /* TravelDashboard.swift */; };
		6B37A7D22D0FEDCB00239987 /* TravelPlanDB.swift in Sources */ = {isa = PBXBuildFile; fileRef = 6B37A7D12D0FEDCB00239987 /* TravelPlanDB.swift */; };
		6B37A7D42D1009BD00239987 /* AddTravelPlanView.swift in Sources */ = {isa = PBXBuildFile; fileRef = 6B37A7D32D1009BD00239987 /* AddTravelPlanView.swift */; };
		6B37A7D62D1009F200239987 /* AddTravelPlanViewModel.swift in Sources */ = {isa = PBXBuildFile; fileRef = 6B37A7D52D1009F200239987 /* AddTravelPlanViewModel.swift */; };
		6B37A7DB2D100E9C00239987 /* TravelCostType.swift in Sources */ = {isa = PBXBuildFile; fileRef = 6B37A7DA2D100E9C00239987 /* TravelCostType.swift */; };
		6B37A7DD2D103D4100239987 /* TravelDashboardViewModel.swift in Sources */ = {isa = PBXBuildFile; fileRef = 6B37A7DC2D103D4100239987 /* TravelDashboardViewModel.swift */; };
		6B37A7DF2D1163F600239987 /* TravelTodoCellViewModel.swift in Sources */ = {isa = PBXBuildFile; fileRef = 6B37A7DE2D1163F600239987 /* TravelTodoCellViewModel.swift */; };
		6B37A7E12D1167B000239987 /* TravelTodoCell.swift in Sources */ = {isa = PBXBuildFile; fileRef = 6B37A7E02D1167B000239987 /* TravelTodoCell.swift */; };
		6B37A7E42D11699400239987 /* TravelTodoMiniView.swift in Sources */ = {isa = PBXBuildFile; fileRef = 6B37A7E32D11699400239987 /* TravelTodoMiniView.swift */; };
		6B37A7E62D116A0400239987 /* TravelTodoMiniViewModel.swift in Sources */ = {isa = PBXBuildFile; fileRef = 6B37A7E52D116A0300239987 /* TravelTodoMiniViewModel.swift */; };
		6B37A7EC2D116E4E00239987 /* TravelCostView.swift in Sources */ = {isa = PBXBuildFile; fileRef = 6B37A7EB2D116E4E00239987 /* TravelCostView.swift */; };
		6B37A7EE2D1295DC00239987 /* AddTravelCostViewModel.swift in Sources */ = {isa = PBXBuildFile; fileRef = 6B37A7ED2D1295DC00239987 /* AddTravelCostViewModel.swift */; };
		6B37A7F02D129D1300239987 /* AddTravelCostView.swift in Sources */ = {isa = PBXBuildFile; fileRef = 6B37A7EF2D129D1300239987 /* AddTravelCostView.swift */; };
		6B37A7F32D12E27800239987 /* DottedLine.swift in Sources */ = {isa = PBXBuildFile; fileRef = 6B37A7F22D12E27800239987 /* DottedLine.swift */; };
		6B58254C2D426A3A0003BEB3 /* Localizable.xcstrings in Resources */ = {isa = PBXBuildFile; fileRef = 6B58254B2D426A3A0003BEB3 /* Localizable.xcstrings */; };
		6B5825512D4CF1C30003BEB3 /* MonthCase.swift in Sources */ = {isa = PBXBuildFile; fileRef = 6B5825502D4CF1C30003BEB3 /* MonthCase.swift */; };
		6B790F9F2CFEA3080000AC03 /* PolarnalApp.swift in Sources */ = {isa = PBXBuildFile; fileRef = 6B790F9E2CFEA3080000AC03 /* PolarnalApp.swift */; };
		6B790FA52CFEA3090000AC03 /* Assets.xcassets in Resources */ = {isa = PBXBuildFile; fileRef = 6B790FA42CFEA3090000AC03 /* Assets.xcassets */; };
		6B790FA82CFEA3090000AC03 /* Preview Assets.xcassets in Resources */ = {isa = PBXBuildFile; fileRef = 6B790FA72CFEA3090000AC03 /* Preview Assets.xcassets */; };
		6B790FAF2CFEA33C0000AC03 /* .gitignore in Resources */ = {isa = PBXBuildFile; fileRef = 6B790FAE2CFEA33B0000AC03 /* .gitignore */; };
		6B790FB72CFEA4430000AC03 /* LogManager.swift in Sources */ = {isa = PBXBuildFile; fileRef = 6B790FB62CFEA4430000AC03 /* LogManager.swift */; };
		6B790FB92CFEA4830000AC03 /* DBManager.swift in Sources */ = {isa = PBXBuildFile; fileRef = 6B790FB82CFEA4830000AC03 /* DBManager.swift */; };
		6B790FBC2CFEA4F40000AC03 /* FolderDB.swift in Sources */ = {isa = PBXBuildFile; fileRef = 6B790FBB2CFEA4F40000AC03 /* FolderDB.swift */; };
		6B790FBE2CFEA50A0000AC03 /* NoteDB.swift in Sources */ = {isa = PBXBuildFile; fileRef = 6B790FBD2CFEA50A0000AC03 /* NoteDB.swift */; };
		6B790FC12CFF25710000AC03 /* ViewModelProtocol.swift in Sources */ = {isa = PBXBuildFile; fileRef = 6B790FC02CFF25710000AC03 /* ViewModelProtocol.swift */; };
		6B790FC42CFF25960000AC03 /* PhotoPicker.swift in Sources */ = {isa = PBXBuildFile; fileRef = 6B790FC32CFF25960000AC03 /* PhotoPicker.swift */; };
		6B790FC72CFFE66A0000AC03 /* DiaryView.swift in Sources */ = {isa = PBXBuildFile; fileRef = 6B790FC62CFFE66A0000AC03 /* DiaryView.swift */; };
		6B790FC92CFFE6AA0000AC03 /* DiaryStateViewModel.swift in Sources */ = {isa = PBXBuildFile; fileRef = 6B790FC82CFFE6AA0000AC03 /* DiaryStateViewModel.swift */; };
		6B790FCC2CFFE8120000AC03 /* FolderListView.swift in Sources */ = {isa = PBXBuildFile; fileRef = 6B790FCB2CFFE8120000AC03 /* FolderListView.swift */; };
		6B790FCE2CFFEC6A0000AC03 /* DiaryUIViewModel.swift in Sources */ = {isa = PBXBuildFile; fileRef = 6B790FCD2CFFEC6A0000AC03 /* DiaryUIViewModel.swift */; };
		6B790FD12CFFEC980000AC03 /* DiaryViewSheetType.swift in Sources */ = {isa = PBXBuildFile; fileRef = 6B790FD02CFFEC980000AC03 /* DiaryViewSheetType.swift */; };
		6B790FD52CFFEDF10000AC03 /* FolderListViewModel.swift in Sources */ = {isa = PBXBuildFile; fileRef = 6B790FD42CFFEDF10000AC03 /* FolderListViewModel.swift */; };
		6B790FD82CFFEE6E0000AC03 /* AddFolderView.swift in Sources */ = {isa = PBXBuildFile; fileRef = 6B790FD72CFFEE6E0000AC03 /* AddFolderView.swift */; };
		6B790FDA2CFFEE810000AC03 /* AddFolderViewModel.swift in Sources */ = {isa = PBXBuildFile; fileRef = 6B790FD92CFFEE810000AC03 /* AddFolderViewModel.swift */; };
		6B790FDD2CFFEEDE0000AC03 /* TagPartView.swift in Sources */ = {isa = PBXBuildFile; fileRef = 6B790FDC2CFFEEDE0000AC03 /* TagPartView.swift */; };
		6B790FDF2CFFEEF20000AC03 /* TagCollectionView.swift in Sources */ = {isa = PBXBuildFile; fileRef = 6B790FDE2CFFEEF20000AC03 /* TagCollectionView.swift */; };
		6B790FE12CFFEF220000AC03 /* ColorPalettePartView.swift in Sources */ = {isa = PBXBuildFile; fileRef = 6B790FE02CFFEF220000AC03 /* ColorPalettePartView.swift */; };
		6B790FE32CFFEF530000AC03 /* IconSelectPartView.swift in Sources */ = {isa = PBXBuildFile; fileRef = 6B790FE22CFFEF530000AC03 /* IconSelectPartView.swift */; };
		6B790FE52CFFEF7E0000AC03 /* ColorPalette.swift in Sources */ = {isa = PBXBuildFile; fileRef = 6B790FE42CFFEF7E0000AC03 /* ColorPalette.swift */; };
		6B790FE72CFFEFA80000AC03 /* DesignOfFolderIcon.swift in Sources */ = {isa = PBXBuildFile; fileRef = 6B790FE62CFFEFA80000AC03 /* DesignOfFolderIcon.swift */; };
		6B9129152D4F8EA3005C85D2 /* LocaleFileManager.swift in Sources */ = {isa = PBXBuildFile; fileRef = 6B9129142D4F8EA3005C85D2 /* LocaleFileManager.swift */; };
		6B9129472D50A797005C85D2 /* SideTabBarView.swift in Sources */ = {isa = PBXBuildFile; fileRef = 6B37A7662D055B3800239987 /* SideTabBarView.swift */; };
		6B9129482D50A7A5005C85D2 /* SideTabBarViewModel.swift in Sources */ = {isa = PBXBuildFile; fileRef = 6B37A77D2D07D7CC00239987 /* SideTabBarViewModel.swift */; };
		6B9129492D50A80A005C85D2 /* PolarnalApp.swift in Sources */ = {isa = PBXBuildFile; fileRef = 6B790F9E2CFEA3080000AC03 /* PolarnalApp.swift */; };
		6B91294A2D50A842005C85D2 /* LocaleFileManager.swift in Sources */ = {isa = PBXBuildFile; fileRef = 6B9129142D4F8EA3005C85D2 /* LocaleFileManager.swift */; };
		6B91294B2D50A842005C85D2 /* CostFormatter.swift in Sources */ = {isa = PBXBuildFile; fileRef = 6BDAE5042D1579E700A066E9 /* CostFormatter.swift */; };
		6B91294C2D50A842005C85D2 /* DateManager.swift in Sources */ = {isa = PBXBuildFile; fileRef = 6B37A7772D06842700239987 /* DateManager.swift */; };
		6B91294D2D50A842005C85D2 /* MapSearchManager.swift in Sources */ = {isa = PBXBuildFile; fileRef = 6BDAE52D2D2BD32C00A066E9 /* MapSearchManager.swift */; };
		6B91294E2D50A842005C85D2 /* LogManager.swift in Sources */ = {isa = PBXBuildFile; fileRef = 6B790FB62CFEA4430000AC03 /* LogManager.swift */; };
		6B9129502D50A84B005C85D2 /* View+Extension.swift in Sources */ = {isa = PBXBuildFile; fileRef = 6B2750C12D3D07FB005144FA /* View+Extension.swift */; };
		6B9129512D50A84B005C85D2 /* Date+Extension.swift in Sources */ = {isa = PBXBuildFile; fileRef = 6B37A7742D06840400239987 /* Date+Extension.swift */; };
		6B9129522D50A857005C85D2 /* MonthCase.swift in Sources */ = {isa = PBXBuildFile; fileRef = 6B5825502D4CF1C30003BEB3 /* MonthCase.swift */; };
		6B9129532D50A857005C85D2 /* ColorPalette.swift in Sources */ = {isa = PBXBuildFile; fileRef = 6B790FE42CFFEF7E0000AC03 /* ColorPalette.swift */; };
		6B9129542D50A857005C85D2 /* DesignOfFolderIcon.swift in Sources */ = {isa = PBXBuildFile; fileRef = 6B790FE62CFFEFA80000AC03 /* DesignOfFolderIcon.swift */; };
		6B9129552D50A857005C85D2 /* DottedLine.swift in Sources */ = {isa = PBXBuildFile; fileRef = 6B37A7F22D12E27800239987 /* DottedLine.swift */; };
		6B9129562D50A857005C85D2 /* Localizable.xcstrings in Resources */ = {isa = PBXBuildFile; fileRef = 6B58254B2D426A3A0003BEB3 /* Localizable.xcstrings */; };
		6B9129572D50A86D005C85D2 /* EvnentDB.swift in Sources */ = {isa = PBXBuildFile; fileRef = 6B37A7862D08514400239987 /* EvnentDB.swift */; };
		6B9129582D50A86D005C85D2 /* FolderDB.swift in Sources */ = {isa = PBXBuildFile; fileRef = 6B790FBB2CFEA4F40000AC03 /* FolderDB.swift */; };
		6B9129592D50A86D005C85D2 /* CurrencyType.swift in Sources */ = {isa = PBXBuildFile; fileRef = 6BE6A6A12D13ABDC00931E7B /* CurrencyType.swift */; };
		6B91295A2D50A86D005C85D2 /* DBManager.swift in Sources */ = {isa = PBXBuildFile; fileRef = 6B790FB82CFEA4830000AC03 /* DBManager.swift */; };
		6B91295B2D50A86D005C85D2 /* TravelCostType.swift in Sources */ = {isa = PBXBuildFile; fileRef = 6B37A7DA2D100E9C00239987 /* TravelCostType.swift */; };
		6B91295C2D50A86D005C85D2 /* TodoDB.swift in Sources */ = {isa = PBXBuildFile; fileRef = 6B37A7AA2D0AA4B500239987 /* TodoDB.swift */; };
		6B91295D2D50A86D005C85D2 /* TravelDocumentType.swift in Sources */ = {isa = PBXBuildFile; fileRef = 6BDAE50B2D18F38E00A066E9 /* TravelDocumentType.swift */; };
		6B91295E2D50A86D005C85D2 /* NoteDB.swift in Sources */ = {isa = PBXBuildFile; fileRef = 6B790FBD2CFEA50A0000AC03 /* NoteDB.swift */; };
		6B91295F2D50A86D005C85D2 /* TravelDestinationFolderDB.swift in Sources */ = {isa = PBXBuildFile; fileRef = 6BDAE51D2D290FA500A066E9 /* TravelDestinationFolderDB.swift */; };
		6B9129602D50A86D005C85D2 /* TravelPlanDB.swift in Sources */ = {isa = PBXBuildFile; fileRef = 6B37A7D12D0FEDCB00239987 /* TravelPlanDB.swift */; };
		6B9129612D50A86D005C85D2 /* DDayDB.swift in Sources */ = {isa = PBXBuildFile; fileRef = 6B37A7A82D0AA49900239987 /* DDayDB.swift */; };
		6B9129622D50A88F005C85D2 /* AppSettingView.swift in Sources */ = {isa = PBXBuildFile; fileRef = 6BDAE51B2D290B2D00A066E9 /* AppSettingView.swift */; };
		6B9129632D50A896005C85D2 /* ViewModelProtocol.swift in Sources */ = {isa = PBXBuildFile; fileRef = 6B790FC02CFF25710000AC03 /* ViewModelProtocol.swift */; };
		6B9129662D50AA0F005C85D2 /* Assets.xcassets in Resources */ = {isa = PBXBuildFile; fileRef = 6B790FA42CFEA3090000AC03 /* Assets.xcassets */; };
		6B9F61B52D3E621D00875186 /* EnumHelper in Frameworks */ = {isa = PBXBuildFile; productRef = 6B9F61B42D3E621D00875186 /* EnumHelper */; };
		6BDAE5002D141DDE00A066E9 /* TravelCostViewModel.swift in Sources */ = {isa = PBXBuildFile; fileRef = 6BDAE4FF2D141DDE00A066E9 /* TravelCostViewModel.swift */; };
		6BDAE5022D1563CE00A066E9 /* SelectedTravelViewModel.swift in Sources */ = {isa = PBXBuildFile; fileRef = 6BDAE5012D1563CE00A066E9 /* SelectedTravelViewModel.swift */; };
		6BDAE5052D1579E700A066E9 /* CostFormatter.swift in Sources */ = {isa = PBXBuildFile; fileRef = 6BDAE5042D1579E700A066E9 /* CostFormatter.swift */; };
		6BDAE5082D18EAC300A066E9 /* TravelTicketView.swift in Sources */ = {isa = PBXBuildFile; fileRef = 6BDAE5072D18EAC300A066E9 /* TravelTicketView.swift */; };
		6BDAE50A2D18F33500A066E9 /* TravelTicketViewModel.swift in Sources */ = {isa = PBXBuildFile; fileRef = 6BDAE5092D18F33500A066E9 /* TravelTicketViewModel.swift */; };
		6BDAE50C2D18F38E00A066E9 /* TravelDocumentType.swift in Sources */ = {isa = PBXBuildFile; fileRef = 6BDAE50B2D18F38E00A066E9 /* TravelDocumentType.swift */; };
		6BDAE50F2D193C9400A066E9 /* AddTravelTicketView.swift in Sources */ = {isa = PBXBuildFile; fileRef = 6BDAE50E2D193C9400A066E9 /* AddTravelTicketView.swift */; };
		6BDAE5112D193E5700A066E9 /* AddTravelTicketViewModel.swift in Sources */ = {isa = PBXBuildFile; fileRef = 6BDAE5102D193E5700A066E9 /* AddTravelTicketViewModel.swift */; };
		6BDAE5142D1AD61E00A066E9 /* TravelMapView.swift in Sources */ = {isa = PBXBuildFile; fileRef = 6BDAE5132D1AD61E00A066E9 /* TravelMapView.swift */; };
		6BDAE5172D1CDE9A00A066E9 /* TravelPlanView.swift in Sources */ = {isa = PBXBuildFile; fileRef = 6BDAE5162D1CDE9A00A066E9 /* TravelPlanView.swift */; };
		6BDAE5192D1D365B00A066E9 /* TravelPlanDetailViewModel.swift in Sources */ = {isa = PBXBuildFile; fileRef = 6BDAE5182D1D365B00A066E9 /* TravelPlanDetailViewModel.swift */; };
		6BDAE51C2D290B2D00A066E9 /* AppSettingView.swift in Sources */ = {isa = PBXBuildFile; fileRef = 6BDAE51B2D290B2D00A066E9 /* AppSettingView.swift */; };
		6BDAE51E2D290FA500A066E9 /* TravelDestinationFolderDB.swift in Sources */ = {isa = PBXBuildFile; fileRef = 6BDAE51D2D290FA500A066E9 /* TravelDestinationFolderDB.swift */; };
		6BDAE5202D2910DB00A066E9 /* TravelDestinationListView.swift in Sources */ = {isa = PBXBuildFile; fileRef = 6BDAE51F2D2910DB00A066E9 /* TravelDestinationListView.swift */; };
		6BDAE5222D29119000A066E9 /* TravelDestinationViewModel.swift in Sources */ = {isa = PBXBuildFile; fileRef = 6BDAE5212D29119000A066E9 /* TravelDestinationViewModel.swift */; };
		6BDAE5252D29186B00A066E9 /* AddTravelDestinationFolderView.swift in Sources */ = {isa = PBXBuildFile; fileRef = 6BDAE5242D29186B00A066E9 /* AddTravelDestinationFolderView.swift */; };
		6BDAE5272D29194C00A066E9 /* AddTravelDestinationFolderViewModel.swift in Sources */ = {isa = PBXBuildFile; fileRef = 6BDAE5262D29194C00A066E9 /* AddTravelDestinationFolderViewModel.swift */; };
		6BDAE52B2D2BB73400A066E9 /* TravelMapViewModel.swift in Sources */ = {isa = PBXBuildFile; fileRef = 6BDAE52A2D2BB73400A066E9 /* TravelMapViewModel.swift */; };
		6BDAE52E2D2BD32C00A066E9 /* MapSearchManager.swift in Sources */ = {isa = PBXBuildFile; fileRef = 6BDAE52D2D2BD32C00A066E9 /* MapSearchManager.swift */; };
		6BE6A6A22D13ABDC00931E7B /* CurrencyType.swift in Sources */ = {isa = PBXBuildFile; fileRef = 6BE6A6A12D13ABDC00931E7B /* CurrencyType.swift */; };
/* End PBXBuildFile section */

/* Begin PBXContainerItemProxy section */
		6B91292D2D50A75A005C85D2 /* PBXContainerItemProxy */ = {
			isa = PBXContainerItemProxy;
			containerPortal = 6B790F932CFEA3080000AC03 /* Project object */;
			proxyType = 1;
			remoteGlobalIDString = 6B9129192D50A758005C85D2;
			remoteInfo = MacPolarnal;
		};
		6B9129372D50A75A005C85D2 /* PBXContainerItemProxy */ = {
			isa = PBXContainerItemProxy;
			containerPortal = 6B790F932CFEA3080000AC03 /* Project object */;
			proxyType = 1;
			remoteGlobalIDString = 6B9129192D50A758005C85D2;
			remoteInfo = MacPolarnal;
		};
/* End PBXContainerItemProxy section */

/* Begin PBXFileReference section */
		6B2750C12D3D07FB005144FA /* View+Extension.swift */ = {isa = PBXFileReference; lastKnownFileType = sourcecode.swift; path = "View+Extension.swift"; sourceTree = "<group>"; };
		6B37A7552D0026B300239987 /* FolderListCell.swift */ = {isa = PBXFileReference; lastKnownFileType = sourcecode.swift; path = FolderListCell.swift; sourceTree = "<group>"; };
		6B37A7582D002BB800239987 /* NoteListView.swift */ = {isa = PBXFileReference; lastKnownFileType = sourcecode.swift; path = NoteListView.swift; sourceTree = "<group>"; };
		6B37A75A2D002BE300239987 /* NoteListCell.swift */ = {isa = PBXFileReference; lastKnownFileType = sourcecode.swift; path = NoteListCell.swift; sourceTree = "<group>"; };
		6B37A75C2D002D7700239987 /* NoteListViewModel.swift */ = {isa = PBXFileReference; lastKnownFileType = sourcecode.swift; path = NoteListViewModel.swift; sourceTree = "<group>"; };
		6B37A75E2D00372A00239987 /* NoteListCellViewModel.swift */ = {isa = PBXFileReference; lastKnownFileType = sourcecode.swift; path = NoteListCellViewModel.swift; sourceTree = "<group>"; };
		6B37A7622D0046F200239987 /* NoteContentView.swift */ = {isa = PBXFileReference; lastKnownFileType = sourcecode.swift; path = NoteContentView.swift; sourceTree = "<group>"; };
		6B37A7662D055B3800239987 /* SideTabBarView.swift */ = {isa = PBXFileReference; lastKnownFileType = sourcecode.swift; path = SideTabBarView.swift; sourceTree = "<group>"; };
		6B37A76A2D055E6D00239987 /* PlannerView.swift */ = {isa = PBXFileReference; lastKnownFileType = sourcecode.swift; path = PlannerView.swift; sourceTree = "<group>"; };
		6B37A76E2D05669600239987 /* MiniCalendarView.swift */ = {isa = PBXFileReference; lastKnownFileType = sourcecode.swift; path = MiniCalendarView.swift; sourceTree = "<group>"; };
		6B37A7712D0683C600239987 /* CalendarViewModel.swift */ = {isa = PBXFileReference; lastKnownFileType = sourcecode.swift; path = CalendarViewModel.swift; sourceTree = "<group>"; };
		6B37A7742D06840400239987 /* Date+Extension.swift */ = {isa = PBXFileReference; lastKnownFileType = sourcecode.swift; path = "Date+Extension.swift"; sourceTree = "<group>"; };
		6B37A7772D06842700239987 /* DateManager.swift */ = {isa = PBXFileReference; lastKnownFileType = sourcecode.swift; path = DateManager.swift; sourceTree = "<group>"; };
		6B37A7792D068C1500239987 /* MainCalendarView.swift */ = {isa = PBXFileReference; lastKnownFileType = sourcecode.swift; path = MainCalendarView.swift; sourceTree = "<group>"; };
		6B37A77B2D068DA100239987 /* MainCalendarViewModel.swift */ = {isa = PBXFileReference; lastKnownFileType = sourcecode.swift; path = MainCalendarViewModel.swift; sourceTree = "<group>"; };
		6B37A77D2D07D7CC00239987 /* SideTabBarViewModel.swift */ = {isa = PBXFileReference; lastKnownFileType = sourcecode.swift; path = SideTabBarViewModel.swift; sourceTree = "<group>"; };
		6B37A7812D084A2E00239987 /* PlannerViewModel.swift */ = {isa = PBXFileReference; lastKnownFileType = sourcecode.swift; path = PlannerViewModel.swift; sourceTree = "<group>"; };
		6B37A7862D08514400239987 /* EvnentDB.swift */ = {isa = PBXFileReference; lastKnownFileType = sourcecode.swift; path = EvnentDB.swift; sourceTree = "<group>"; };
		6B37A7882D08617D00239987 /* DDayView.swift */ = {isa = PBXFileReference; lastKnownFileType = sourcecode.swift; path = DDayView.swift; sourceTree = "<group>"; };
		6B37A78B2D0923FB00239987 /* AddEventCategoryView.swift */ = {isa = PBXFileReference; lastKnownFileType = sourcecode.swift; path = AddEventCategoryView.swift; sourceTree = "<group>"; };
		6B37A78D2D0924DD00239987 /* AddEventCategoryViewModel.swift */ = {isa = PBXFileReference; lastKnownFileType = sourcecode.swift; path = AddEventCategoryViewModel.swift; sourceTree = "<group>"; };
		6B37A78F2D095E1700239987 /* CalendarEventCategoryListView.swift */ = {isa = PBXFileReference; lastKnownFileType = sourcecode.swift; path = CalendarEventCategoryListView.swift; sourceTree = "<group>"; };
		6B37A7922D095E7400239987 /* CalendarEventCategoryViewModel.swift */ = {isa = PBXFileReference; lastKnownFileType = sourcecode.swift; path = CalendarEventCategoryViewModel.swift; sourceTree = "<group>"; };
		6B37A7952D0972FD00239987 /* PlannerTypeListView.swift */ = {isa = PBXFileReference; lastKnownFileType = sourcecode.swift; path = PlannerTypeListView.swift; sourceTree = "<group>"; };
		6B37A7982D0978D900239987 /* AddDDayView.swift */ = {isa = PBXFileReference; lastKnownFileType = sourcecode.swift; path = AddDDayView.swift; sourceTree = "<group>"; };
		6B37A79A2D097A1400239987 /* AddDDayViewModel.swift */ = {isa = PBXFileReference; lastKnownFileType = sourcecode.swift; path = AddDDayViewModel.swift; sourceTree = "<group>"; };
		6B37A79F2D09AAC700239987 /* AddDDayCategoryCell.swift */ = {isa = PBXFileReference; lastKnownFileType = sourcecode.swift; path = AddDDayCategoryCell.swift; sourceTree = "<group>"; };
		6B37A7A12D09AADB00239987 /* AddDDayCell.swift */ = {isa = PBXFileReference; lastKnownFileType = sourcecode.swift; path = AddDDayCell.swift; sourceTree = "<group>"; };
		6B37A7A32D0A7DD500239987 /* DDayViewModel.swift */ = {isa = PBXFileReference; lastKnownFileType = sourcecode.swift; path = DDayViewModel.swift; sourceTree = "<group>"; };
		6B37A7A62D0A9CEE00239987 /* TodoView.swift */ = {isa = PBXFileReference; lastKnownFileType = sourcecode.swift; path = TodoView.swift; sourceTree = "<group>"; };
		6B37A7A82D0AA49900239987 /* DDayDB.swift */ = {isa = PBXFileReference; lastKnownFileType = sourcecode.swift; path = DDayDB.swift; sourceTree = "<group>"; };
		6B37A7AA2D0AA4B500239987 /* TodoDB.swift */ = {isa = PBXFileReference; lastKnownFileType = sourcecode.swift; path = TodoDB.swift; sourceTree = "<group>"; };
		6B37A7AC2D0AA5AA00239987 /* TodoViewModel.swift */ = {isa = PBXFileReference; lastKnownFileType = sourcecode.swift; path = TodoViewModel.swift; sourceTree = "<group>"; };
		6B37A7AF2D0AAA0100239987 /* AddTodoFolderView.swift */ = {isa = PBXFileReference; lastKnownFileType = sourcecode.swift; path = AddTodoFolderView.swift; sourceTree = "<group>"; };
		6B37A7B12D0AAA3000239987 /* AddTodoFolderViewModel.swift */ = {isa = PBXFileReference; lastKnownFileType = sourcecode.swift; path = AddTodoFolderViewModel.swift; sourceTree = "<group>"; };
		6B37A7B32D0AF24F00239987 /* TodoFolderCell.swift */ = {isa = PBXFileReference; lastKnownFileType = sourcecode.swift; path = TodoFolderCell.swift; sourceTree = "<group>"; };
		6B37A7B52D0AF29100239987 /* TodoFolderViewModel.swift */ = {isa = PBXFileReference; lastKnownFileType = sourcecode.swift; path = TodoFolderViewModel.swift; sourceTree = "<group>"; };
		6B37A7B92D0B088700239987 /* ExpendedTodoFolderCell.swift */ = {isa = PBXFileReference; lastKnownFileType = sourcecode.swift; path = ExpendedTodoFolderCell.swift; sourceTree = "<group>"; };
		6B37A7BB2D0B08EB00239987 /* ExpendedTodoCellViewModel.swift */ = {isa = PBXFileReference; lastKnownFileType = sourcecode.swift; path = ExpendedTodoCellViewModel.swift; sourceTree = "<group>"; };
		6B37A7BF2D0BCDEC00239987 /* AddEventView.swift */ = {isa = PBXFileReference; lastKnownFileType = sourcecode.swift; path = AddEventView.swift; sourceTree = "<group>"; };
		6B37A7C12D0BCF4B00239987 /* AddEventCell.swift */ = {isa = PBXFileReference; lastKnownFileType = sourcecode.swift; path = AddEventCell.swift; sourceTree = "<group>"; };
		6B37A7C32D0BFEED00239987 /* AddEventViewModel.swift */ = {isa = PBXFileReference; lastKnownFileType = sourcecode.swift; path = AddEventViewModel.swift; sourceTree = "<group>"; };
		6B37A7C62D0C0A9000239987 /* MainCalendarCellViewModel.swift */ = {isa = PBXFileReference; lastKnownFileType = sourcecode.swift; path = MainCalendarCellViewModel.swift; sourceTree = "<group>"; };
		6B37A7CA2D0FBC1B00239987 /* TravelDashboard.swift */ = {isa = PBXFileReference; lastKnownFileType = sourcecode.swift; path = TravelDashboard.swift; sourceTree = "<group>"; };
		6B37A7D12D0FEDCB00239987 /* TravelPlanDB.swift */ = {isa = PBXFileReference; lastKnownFileType = sourcecode.swift; path = TravelPlanDB.swift; sourceTree = "<group>"; };
		6B37A7D32D1009BD00239987 /* AddTravelPlanView.swift */ = {isa = PBXFileReference; lastKnownFileType = sourcecode.swift; path = AddTravelPlanView.swift; sourceTree = "<group>"; };
		6B37A7D52D1009F200239987 /* AddTravelPlanViewModel.swift */ = {isa = PBXFileReference; lastKnownFileType = sourcecode.swift; path = AddTravelPlanViewModel.swift; sourceTree = "<group>"; };
		6B37A7DA2D100E9C00239987 /* TravelCostType.swift */ = {isa = PBXFileReference; lastKnownFileType = sourcecode.swift; path = TravelCostType.swift; sourceTree = "<group>"; };
		6B37A7DC2D103D4100239987 /* TravelDashboardViewModel.swift */ = {isa = PBXFileReference; lastKnownFileType = sourcecode.swift; path = TravelDashboardViewModel.swift; sourceTree = "<group>"; };
		6B37A7DE2D1163F600239987 /* TravelTodoCellViewModel.swift */ = {isa = PBXFileReference; lastKnownFileType = sourcecode.swift; path = TravelTodoCellViewModel.swift; sourceTree = "<group>"; };
		6B37A7E02D1167B000239987 /* TravelTodoCell.swift */ = {isa = PBXFileReference; lastKnownFileType = sourcecode.swift; path = TravelTodoCell.swift; sourceTree = "<group>"; };
		6B37A7E32D11699400239987 /* TravelTodoMiniView.swift */ = {isa = PBXFileReference; lastKnownFileType = sourcecode.swift; path = TravelTodoMiniView.swift; sourceTree = "<group>"; };
		6B37A7E52D116A0300239987 /* TravelTodoMiniViewModel.swift */ = {isa = PBXFileReference; lastKnownFileType = sourcecode.swift; path = TravelTodoMiniViewModel.swift; sourceTree = "<group>"; };
		6B37A7EB2D116E4E00239987 /* TravelCostView.swift */ = {isa = PBXFileReference; lastKnownFileType = sourcecode.swift; path = TravelCostView.swift; sourceTree = "<group>"; };
		6B37A7ED2D1295DC00239987 /* AddTravelCostViewModel.swift */ = {isa = PBXFileReference; lastKnownFileType = sourcecode.swift; path = AddTravelCostViewModel.swift; sourceTree = "<group>"; };
		6B37A7EF2D129D1300239987 /* AddTravelCostView.swift */ = {isa = PBXFileReference; lastKnownFileType = sourcecode.swift; path = AddTravelCostView.swift; sourceTree = "<group>"; };
		6B37A7F22D12E27800239987 /* DottedLine.swift */ = {isa = PBXFileReference; lastKnownFileType = sourcecode.swift; path = DottedLine.swift; sourceTree = "<group>"; };
		6B58254B2D426A3A0003BEB3 /* Localizable.xcstrings */ = {isa = PBXFileReference; lastKnownFileType = text.json.xcstrings; path = Localizable.xcstrings; sourceTree = "<group>"; };
		6B5825502D4CF1C30003BEB3 /* MonthCase.swift */ = {isa = PBXFileReference; lastKnownFileType = sourcecode.swift; path = MonthCase.swift; sourceTree = "<group>"; };
		6B790F9B2CFEA3080000AC03 /* Polarnal.app */ = {isa = PBXFileReference; explicitFileType = wrapper.application; includeInIndex = 0; path = Polarnal.app; sourceTree = BUILT_PRODUCTS_DIR; };
		6B790F9E2CFEA3080000AC03 /* PolarnalApp.swift */ = {isa = PBXFileReference; lastKnownFileType = sourcecode.swift; path = PolarnalApp.swift; sourceTree = "<group>"; };
		6B790FA42CFEA3090000AC03 /* Assets.xcassets */ = {isa = PBXFileReference; lastKnownFileType = folder.assetcatalog; path = Assets.xcassets; sourceTree = "<group>"; };
		6B790FA72CFEA3090000AC03 /* Preview Assets.xcassets */ = {isa = PBXFileReference; lastKnownFileType = folder.assetcatalog; path = "Preview Assets.xcassets"; sourceTree = "<group>"; };
		6B790FAE2CFEA33B0000AC03 /* .gitignore */ = {isa = PBXFileReference; lastKnownFileType = text; path = .gitignore; sourceTree = "<group>"; };
		6B790FB62CFEA4430000AC03 /* LogManager.swift */ = {isa = PBXFileReference; lastKnownFileType = sourcecode.swift; path = LogManager.swift; sourceTree = "<group>"; };
		6B790FB82CFEA4830000AC03 /* DBManager.swift */ = {isa = PBXFileReference; lastKnownFileType = sourcecode.swift; path = DBManager.swift; sourceTree = "<group>"; };
		6B790FBB2CFEA4F40000AC03 /* FolderDB.swift */ = {isa = PBXFileReference; lastKnownFileType = sourcecode.swift; path = FolderDB.swift; sourceTree = "<group>"; };
		6B790FBD2CFEA50A0000AC03 /* NoteDB.swift */ = {isa = PBXFileReference; lastKnownFileType = sourcecode.swift; path = NoteDB.swift; sourceTree = "<group>"; };
		6B790FC02CFF25710000AC03 /* ViewModelProtocol.swift */ = {isa = PBXFileReference; lastKnownFileType = sourcecode.swift; path = ViewModelProtocol.swift; sourceTree = "<group>"; };
		6B790FC32CFF25960000AC03 /* PhotoPicker.swift */ = {isa = PBXFileReference; lastKnownFileType = sourcecode.swift; path = PhotoPicker.swift; sourceTree = "<group>"; };
		6B790FC62CFFE66A0000AC03 /* DiaryView.swift */ = {isa = PBXFileReference; lastKnownFileType = sourcecode.swift; path = DiaryView.swift; sourceTree = "<group>"; };
		6B790FC82CFFE6AA0000AC03 /* DiaryStateViewModel.swift */ = {isa = PBXFileReference; lastKnownFileType = sourcecode.swift; path = DiaryStateViewModel.swift; sourceTree = "<group>"; };
		6B790FCB2CFFE8120000AC03 /* FolderListView.swift */ = {isa = PBXFileReference; lastKnownFileType = sourcecode.swift; path = FolderListView.swift; sourceTree = "<group>"; };
		6B790FCD2CFFEC6A0000AC03 /* DiaryUIViewModel.swift */ = {isa = PBXFileReference; lastKnownFileType = sourcecode.swift; path = DiaryUIViewModel.swift; sourceTree = "<group>"; };
		6B790FD02CFFEC980000AC03 /* DiaryViewSheetType.swift */ = {isa = PBXFileReference; lastKnownFileType = sourcecode.swift; path = DiaryViewSheetType.swift; sourceTree = "<group>"; };
		6B790FD42CFFEDF10000AC03 /* FolderListViewModel.swift */ = {isa = PBXFileReference; lastKnownFileType = sourcecode.swift; path = FolderListViewModel.swift; sourceTree = "<group>"; };
		6B790FD72CFFEE6E0000AC03 /* AddFolderView.swift */ = {isa = PBXFileReference; lastKnownFileType = sourcecode.swift; path = AddFolderView.swift; sourceTree = "<group>"; };
		6B790FD92CFFEE810000AC03 /* AddFolderViewModel.swift */ = {isa = PBXFileReference; lastKnownFileType = sourcecode.swift; path = AddFolderViewModel.swift; sourceTree = "<group>"; };
		6B790FDC2CFFEEDE0000AC03 /* TagPartView.swift */ = {isa = PBXFileReference; lastKnownFileType = sourcecode.swift; path = TagPartView.swift; sourceTree = "<group>"; };
		6B790FDE2CFFEEF20000AC03 /* TagCollectionView.swift */ = {isa = PBXFileReference; lastKnownFileType = sourcecode.swift; path = TagCollectionView.swift; sourceTree = "<group>"; };
		6B790FE02CFFEF220000AC03 /* ColorPalettePartView.swift */ = {isa = PBXFileReference; lastKnownFileType = sourcecode.swift; path = ColorPalettePartView.swift; sourceTree = "<group>"; };
		6B790FE22CFFEF530000AC03 /* IconSelectPartView.swift */ = {isa = PBXFileReference; lastKnownFileType = sourcecode.swift; path = IconSelectPartView.swift; sourceTree = "<group>"; };
		6B790FE42CFFEF7E0000AC03 /* ColorPalette.swift */ = {isa = PBXFileReference; lastKnownFileType = sourcecode.swift; path = ColorPalette.swift; sourceTree = "<group>"; };
		6B790FE62CFFEFA80000AC03 /* DesignOfFolderIcon.swift */ = {isa = PBXFileReference; lastKnownFileType = sourcecode.swift; path = DesignOfFolderIcon.swift; sourceTree = "<group>"; };
		6B9129142D4F8EA3005C85D2 /* LocaleFileManager.swift */ = {isa = PBXFileReference; lastKnownFileType = sourcecode.swift; path = LocaleFileManager.swift; sourceTree = "<group>"; };
		6B91291A2D50A758005C85D2 /* MacPolarnal.app */ = {isa = PBXFileReference; explicitFileType = wrapper.application; includeInIndex = 0; path = MacPolarnal.app; sourceTree = BUILT_PRODUCTS_DIR; };
		6B91292C2D50A75A005C85D2 /* MacPolarnalTests.xctest */ = {isa = PBXFileReference; explicitFileType = wrapper.cfbundle; includeInIndex = 0; path = MacPolarnalTests.xctest; sourceTree = BUILT_PRODUCTS_DIR; };
		6B9129362D50A75A005C85D2 /* MacPolarnalUITests.xctest */ = {isa = PBXFileReference; explicitFileType = wrapper.cfbundle; includeInIndex = 0; path = MacPolarnalUITests.xctest; sourceTree = BUILT_PRODUCTS_DIR; };
		6BDAE4FF2D141DDE00A066E9 /* TravelCostViewModel.swift */ = {isa = PBXFileReference; lastKnownFileType = sourcecode.swift; path = TravelCostViewModel.swift; sourceTree = "<group>"; };
		6BDAE5012D1563CE00A066E9 /* SelectedTravelViewModel.swift */ = {isa = PBXFileReference; lastKnownFileType = sourcecode.swift; path = SelectedTravelViewModel.swift; sourceTree = "<group>"; };
		6BDAE5042D1579E700A066E9 /* CostFormatter.swift */ = {isa = PBXFileReference; lastKnownFileType = sourcecode.swift; path = CostFormatter.swift; sourceTree = "<group>"; };
		6BDAE5072D18EAC300A066E9 /* TravelTicketView.swift */ = {isa = PBXFileReference; lastKnownFileType = sourcecode.swift; path = TravelTicketView.swift; sourceTree = "<group>"; };
		6BDAE5092D18F33500A066E9 /* TravelTicketViewModel.swift */ = {isa = PBXFileReference; lastKnownFileType = sourcecode.swift; path = TravelTicketViewModel.swift; sourceTree = "<group>"; };
		6BDAE50B2D18F38E00A066E9 /* TravelDocumentType.swift */ = {isa = PBXFileReference; lastKnownFileType = sourcecode.swift; path = TravelDocumentType.swift; sourceTree = "<group>"; };
		6BDAE50E2D193C9400A066E9 /* AddTravelTicketView.swift */ = {isa = PBXFileReference; lastKnownFileType = sourcecode.swift; path = AddTravelTicketView.swift; sourceTree = "<group>"; };
		6BDAE5102D193E5700A066E9 /* AddTravelTicketViewModel.swift */ = {isa = PBXFileReference; lastKnownFileType = sourcecode.swift; path = AddTravelTicketViewModel.swift; sourceTree = "<group>"; };
		6BDAE5132D1AD61E00A066E9 /* TravelMapView.swift */ = {isa = PBXFileReference; lastKnownFileType = sourcecode.swift; path = TravelMapView.swift; sourceTree = "<group>"; };
		6BDAE5162D1CDE9A00A066E9 /* TravelPlanView.swift */ = {isa = PBXFileReference; lastKnownFileType = sourcecode.swift; path = TravelPlanView.swift; sourceTree = "<group>"; };
		6BDAE5182D1D365B00A066E9 /* TravelPlanDetailViewModel.swift */ = {isa = PBXFileReference; lastKnownFileType = sourcecode.swift; path = TravelPlanDetailViewModel.swift; sourceTree = "<group>"; };
		6BDAE51B2D290B2D00A066E9 /* AppSettingView.swift */ = {isa = PBXFileReference; lastKnownFileType = sourcecode.swift; path = AppSettingView.swift; sourceTree = "<group>"; };
		6BDAE51D2D290FA500A066E9 /* TravelDestinationFolderDB.swift */ = {isa = PBXFileReference; lastKnownFileType = sourcecode.swift; path = TravelDestinationFolderDB.swift; sourceTree = "<group>"; };
		6BDAE51F2D2910DB00A066E9 /* TravelDestinationListView.swift */ = {isa = PBXFileReference; lastKnownFileType = sourcecode.swift; path = TravelDestinationListView.swift; sourceTree = "<group>"; };
		6BDAE5212D29119000A066E9 /* TravelDestinationViewModel.swift */ = {isa = PBXFileReference; lastKnownFileType = sourcecode.swift; path = TravelDestinationViewModel.swift; sourceTree = "<group>"; };
		6BDAE5242D29186B00A066E9 /* AddTravelDestinationFolderView.swift */ = {isa = PBXFileReference; lastKnownFileType = sourcecode.swift; path = AddTravelDestinationFolderView.swift; sourceTree = "<group>"; };
		6BDAE5262D29194C00A066E9 /* AddTravelDestinationFolderViewModel.swift */ = {isa = PBXFileReference; lastKnownFileType = sourcecode.swift; path = AddTravelDestinationFolderViewModel.swift; sourceTree = "<group>"; };
		6BDAE52A2D2BB73400A066E9 /* TravelMapViewModel.swift */ = {isa = PBXFileReference; lastKnownFileType = sourcecode.swift; path = TravelMapViewModel.swift; sourceTree = "<group>"; };
		6BDAE52D2D2BD32C00A066E9 /* MapSearchManager.swift */ = {isa = PBXFileReference; lastKnownFileType = sourcecode.swift; path = MapSearchManager.swift; sourceTree = "<group>"; };
		6BE6A6A12D13ABDC00931E7B /* CurrencyType.swift */ = {isa = PBXFileReference; lastKnownFileType = sourcecode.swift; path = CurrencyType.swift; sourceTree = "<group>"; };
/* End PBXFileReference section */

/* Begin PBXFileSystemSynchronizedRootGroup section */
		6B91291B2D50A758005C85D2 /* MacPolarnal */ = {isa = PBXFileSystemSynchronizedRootGroup; explicitFileTypes = {}; explicitFolders = (); path = MacPolarnal; sourceTree = "<group>"; };
		6B91292F2D50A75A005C85D2 /* MacPolarnalTests */ = {isa = PBXFileSystemSynchronizedRootGroup; explicitFileTypes = {}; explicitFolders = (); path = MacPolarnalTests; sourceTree = "<group>"; };
		6B9129392D50A75A005C85D2 /* MacPolarnalUITests */ = {isa = PBXFileSystemSynchronizedRootGroup; explicitFileTypes = {}; explicitFolders = (); path = MacPolarnalUITests; sourceTree = "<group>"; };
/* End PBXFileSystemSynchronizedRootGroup section */

/* Begin PBXFrameworksBuildPhase section */
		6B790F982CFEA3080000AC03 /* Frameworks */ = {
			isa = PBXFrameworksBuildPhase;
			buildActionMask = 2147483647;
			files = (
				6B9F61B52D3E621D00875186 /* EnumHelper in Frameworks */,
			);
			runOnlyForDeploymentPostprocessing = 0;
		};
		6B9129172D50A758005C85D2 /* Frameworks */ = {
			isa = PBXFrameworksBuildPhase;
			buildActionMask = 2147483647;
			files = (
			);
			runOnlyForDeploymentPostprocessing = 0;
		};
		6B9129292D50A75A005C85D2 /* Frameworks */ = {
			isa = PBXFrameworksBuildPhase;
			buildActionMask = 2147483647;
			files = (
			);
			runOnlyForDeploymentPostprocessing = 0;
		};
		6B9129332D50A75A005C85D2 /* Frameworks */ = {
			isa = PBXFrameworksBuildPhase;
			buildActionMask = 2147483647;
			files = (
			);
			runOnlyForDeploymentPostprocessing = 0;
		};
/* End PBXFrameworksBuildPhase section */

/* Begin PBXGroup section */
		6B37A7572D002BA600239987 /* Note */ = {
			isa = PBXGroup;
			children = (
				6B37A7582D002BB800239987 /* NoteListView.swift */,
				6B37A75A2D002BE300239987 /* NoteListCell.swift */,
				6B37A7602D0039A600239987 /* ViewModel */,
			);
			path = Note;
			sourceTree = "<group>";
		};
		6B37A7602D0039A600239987 /* ViewModel */ = {
			isa = PBXGroup;
			children = (
				6B37A75C2D002D7700239987 /* NoteListViewModel.swift */,
				6B37A75E2D00372A00239987 /* NoteListCellViewModel.swift */,
			);
			path = ViewModel;
			sourceTree = "<group>";
		};
		6B37A7612D0046E300239987 /* NoteContent */ = {
			isa = PBXGroup;
			children = (
				6B37A7622D0046F200239987 /* NoteContentView.swift */,
			);
			path = NoteContent;
			sourceTree = "<group>";
		};
		6B37A7682D055E4500239987 /* Calendar */ = {
			isa = PBXGroup;
			children = (
				6B37A7692D055E5500239987 /* PlannerView */,
				6B37A76C2D05667800239987 /* CalendarView */,
			);
			path = Calendar;
			sourceTree = "<group>";
		};
		6B37A7692D055E5500239987 /* PlannerView */ = {
			isa = PBXGroup;
			children = (
				6B37A76A2D055E6D00239987 /* PlannerView.swift */,
				6B37A7942D0972E800239987 /* PlannerTypeView */,
				6B37A78A2D0923CE00239987 /* EventCategory */,
				6B37A7912D095E4800239987 /* Sheet */,
			);
			path = PlannerView;
			sourceTree = "<group>";
		};
		6B37A76C2D05667800239987 /* CalendarView */ = {
			isa = PBXGroup;
			children = (
				6B37A76E2D05669600239987 /* MiniCalendarView.swift */,
				6B37A7792D068C1500239987 /* MainCalendarView.swift */,
			);
			path = CalendarView;
			sourceTree = "<group>";
		};
		6B37A7732D0683EE00239987 /* Extension */ = {
			isa = PBXGroup;
			children = (
				6B37A7742D06840400239987 /* Date+Extension.swift */,
				6B2750C12D3D07FB005144FA /* View+Extension.swift */,
			);
			path = Extension;
			sourceTree = "<group>";
		};
		6B37A7762D06841700239987 /* DateManager */ = {
			isa = PBXGroup;
			children = (
				6B37A7772D06842700239987 /* DateManager.swift */,
			);
			path = DateManager;
			sourceTree = "<group>";
		};
		6B37A7842D0850EA00239987 /* Diary */ = {
			isa = PBXGroup;
			children = (
				6B790FBB2CFEA4F40000AC03 /* FolderDB.swift */,
				6B790FBD2CFEA50A0000AC03 /* NoteDB.swift */,
			);
			path = Diary;
			sourceTree = "<group>";
		};
		6B37A7852D0850F600239987 /* CalendarPlanner */ = {
			isa = PBXGroup;
			children = (
				6B37A7862D08514400239987 /* EvnentDB.swift */,
				6B37A7A82D0AA49900239987 /* DDayDB.swift */,
				6B37A7AA2D0AA4B500239987 /* TodoDB.swift */,
			);
			path = CalendarPlanner;
			sourceTree = "<group>";
		};
		6B37A78A2D0923CE00239987 /* EventCategory */ = {
			isa = PBXGroup;
			children = (
				6B37A78F2D095E1700239987 /* CalendarEventCategoryListView.swift */,
			);
			path = EventCategory;
			sourceTree = "<group>";
		};
		6B37A7912D095E4800239987 /* Sheet */ = {
			isa = PBXGroup;
			children = (
				6B37A7BE2D0BCDD800239987 /* AddEvent */,
				6B37A7AE2D0AA9F200239987 /* AddTodo */,
				6B37A79D2D09AA4B00239987 /* AddDDay */,
				6B37A79C2D09AA3D00239987 /* AddEventCategory */,
			);
			path = Sheet;
			sourceTree = "<group>";
		};
		6B37A7942D0972E800239987 /* PlannerTypeView */ = {
			isa = PBXGroup;
			children = (
				6B37A7952D0972FD00239987 /* PlannerTypeListView.swift */,
				6B37A7A52D0A9CBC00239987 /* TodoView */,
				6B37A7972D09786B00239987 /* DDayView */,
			);
			path = PlannerTypeView;
			sourceTree = "<group>";
		};
		6B37A7972D09786B00239987 /* DDayView */ = {
			isa = PBXGroup;
			children = (
				6B37A7882D08617D00239987 /* DDayView.swift */,
			);
			path = DDayView;
			sourceTree = "<group>";
		};
		6B37A79C2D09AA3D00239987 /* AddEventCategory */ = {
			isa = PBXGroup;
			children = (
				6B37A78B2D0923FB00239987 /* AddEventCategoryView.swift */,
			);
			path = AddEventCategory;
			sourceTree = "<group>";
		};
		6B37A79D2D09AA4B00239987 /* AddDDay */ = {
			isa = PBXGroup;
			children = (
				6B37A7982D0978D900239987 /* AddDDayView.swift */,
				6B37A79E2D09AA9700239987 /* Component */,
			);
			path = AddDDay;
			sourceTree = "<group>";
		};
		6B37A79E2D09AA9700239987 /* Component */ = {
			isa = PBXGroup;
			children = (
				6B37A79F2D09AAC700239987 /* AddDDayCategoryCell.swift */,
				6B37A7A12D09AADB00239987 /* AddDDayCell.swift */,
			);
			path = Component;
			sourceTree = "<group>";
		};
		6B37A7A52D0A9CBC00239987 /* TodoView */ = {
			isa = PBXGroup;
			children = (
				6B37A7A62D0A9CEE00239987 /* TodoView.swift */,
				6B37A7B32D0AF24F00239987 /* TodoFolderCell.swift */,
				6B37A7B92D0B088700239987 /* ExpendedTodoFolderCell.swift */,
			);
			path = TodoView;
			sourceTree = "<group>";
		};
		6B37A7AE2D0AA9F200239987 /* AddTodo */ = {
			isa = PBXGroup;
			children = (
				6B37A7AF2D0AAA0100239987 /* AddTodoFolderView.swift */,
			);
			path = AddTodo;
			sourceTree = "<group>";
		};
		6B37A7BE2D0BCDD800239987 /* AddEvent */ = {
			isa = PBXGroup;
			children = (
				6B37A7BF2D0BCDEC00239987 /* AddEventView.swift */,
				6B37A7C52D0BFF1C00239987 /* Component */,
			);
			path = AddEvent;
			sourceTree = "<group>";
		};
		6B37A7C52D0BFF1C00239987 /* Component */ = {
			isa = PBXGroup;
			children = (
				6B37A7C12D0BCF4B00239987 /* AddEventCell.swift */,
			);
			path = Component;
			sourceTree = "<group>";
		};
		6B37A7C82D0FBAB700239987 /* TravelPlanner */ = {
			isa = PBXGroup;
			children = (
				6B37A7C92D0FBB5000239987 /* TravelDashboard */,
				6B37A7CC2D0FED0500239987 /* Sheet */,
			);
			path = TravelPlanner;
			sourceTree = "<group>";
		};
		6B37A7C92D0FBB5000239987 /* TravelDashboard */ = {
			isa = PBXGroup;
			children = (
				6B37A7CA2D0FBC1B00239987 /* TravelDashboard.swift */,
				6B37A7DC2D103D4100239987 /* TravelDashboardViewModel.swift */,
				6BDAE5012D1563CE00A066E9 /* SelectedTravelViewModel.swift */,
				6BDAE5062D18EAAC00A066E9 /* TravelTicket */,
				6B37A7E22D11681600239987 /* TravelTodo */,
				6B37A7E82D116DFF00239987 /* TravelCost */,
				6BDAE5152D1CDE7400A066E9 /* TravelPlan */,
				6BDAE5122D1AD60800A066E9 /* TravelMap */,
			);
			path = TravelDashboard;
			sourceTree = "<group>";
		};
		6B37A7CC2D0FED0500239987 /* Sheet */ = {
			isa = PBXGroup;
			children = (
				6BDAE5232D29183500A066E9 /* AddTravelMap */,
				6BDAE50D2D193C7D00A066E9 /* AddTravelTicket */,
				6BDAE4FE2D140FA600A066E9 /* AddTravelCost */,
				6B37A7CD2D0FED0A00239987 /* AddTravelPlan */,
			);
			path = Sheet;
			sourceTree = "<group>";
		};
		6B37A7CD2D0FED0A00239987 /* AddTravelPlan */ = {
			isa = PBXGroup;
			children = (
				6B37A7D32D1009BD00239987 /* AddTravelPlanView.swift */,
				6B37A7D52D1009F200239987 /* AddTravelPlanViewModel.swift */,
			);
			path = AddTravelPlan;
			sourceTree = "<group>";
		};
		6B37A7D02D0FEDB700239987 /* Travel */ = {
			isa = PBXGroup;
			children = (
				6B37A7D12D0FEDCB00239987 /* TravelPlanDB.swift */,
				6BDAE51D2D290FA500A066E9 /* TravelDestinationFolderDB.swift */,
				6B37A7D72D100E6B00239987 /* Type */,
			);
			path = Travel;
			sourceTree = "<group>";
		};
		6B37A7D72D100E6B00239987 /* Type */ = {
			isa = PBXGroup;
			children = (
				6B37A7DA2D100E9C00239987 /* TravelCostType.swift */,
				6BE6A6A12D13ABDC00931E7B /* CurrencyType.swift */,
				6BDAE50B2D18F38E00A066E9 /* TravelDocumentType.swift */,
			);
			path = Type;
			sourceTree = "<group>";
		};
		6B37A7E22D11681600239987 /* TravelTodo */ = {
			isa = PBXGroup;
			children = (
				6B37A7E32D11699400239987 /* TravelTodoMiniView.swift */,
				6B37A7E52D116A0300239987 /* TravelTodoMiniViewModel.swift */,
				6B37A7E72D116CA200239987 /* Cell */,
			);
			path = TravelTodo;
			sourceTree = "<group>";
		};
		6B37A7E72D116CA200239987 /* Cell */ = {
			isa = PBXGroup;
			children = (
				6B37A7E02D1167B000239987 /* TravelTodoCell.swift */,
				6B37A7DE2D1163F600239987 /* TravelTodoCellViewModel.swift */,
			);
			path = Cell;
			sourceTree = "<group>";
		};
		6B37A7E82D116DFF00239987 /* TravelCost */ = {
			isa = PBXGroup;
			children = (
				6B37A7EB2D116E4E00239987 /* TravelCostView.swift */,
				6BDAE4FF2D141DDE00A066E9 /* TravelCostViewModel.swift */,
			);
			path = TravelCost;
			sourceTree = "<group>";
		};
		6B37A7F12D12E26800239987 /* CommonDesign */ = {
			isa = PBXGroup;
			children = (
				6B37A7F22D12E27800239987 /* DottedLine.swift */,
			);
			path = CommonDesign;
			sourceTree = "<group>";
		};
		6B790F922CFEA3080000AC03 = {
			isa = PBXGroup;
			children = (
				6B790FAE2CFEA33B0000AC03 /* .gitignore */,
				6B9129652D50A980005C85D2 /* Shared */,
				6B790F9D2CFEA3080000AC03 /* Polarnal */,
				6B91291B2D50A758005C85D2 /* MacPolarnal */,
				6B91292F2D50A75A005C85D2 /* MacPolarnalTests */,
				6B9129392D50A75A005C85D2 /* MacPolarnalUITests */,
				6B790F9C2CFEA3080000AC03 /* Products */,
			);
			sourceTree = "<group>";
		};
		6B790F9C2CFEA3080000AC03 /* Products */ = {
			isa = PBXGroup;
			children = (
				6B790F9B2CFEA3080000AC03 /* Polarnal.app */,
				6B91291A2D50A758005C85D2 /* MacPolarnal.app */,
				6B91292C2D50A75A005C85D2 /* MacPolarnalTests.xctest */,
				6B9129362D50A75A005C85D2 /* MacPolarnalUITests.xctest */,
			);
			name = Products;
			sourceTree = "<group>";
		};
		6B790F9D2CFEA3080000AC03 /* Polarnal */ = {
			isa = PBXGroup;
			children = (
				6B790FB12CFEA3590000AC03 /* App */,
				6B790FB02CFEA3530000AC03 /* Present */,
				6B790FA62CFEA3090000AC03 /* Preview Content */,
			);
			path = Polarnal;
			sourceTree = "<group>";
		};
		6B790FA62CFEA3090000AC03 /* Preview Content */ = {
			isa = PBXGroup;
			children = (
				6B790FA72CFEA3090000AC03 /* Preview Assets.xcassets */,
			);
			path = "Preview Content";
			sourceTree = "<group>";
		};
		6B790FB02CFEA3530000AC03 /* Present */ = {
			isa = PBXGroup;
			children = (
				6B37A7662D055B3800239987 /* SideTabBarView.swift */,
				6B37A7682D055E4500239987 /* Calendar */,
				6B790FC52CFFE65E0000AC03 /* Diary */,
				6B37A7C82D0FBAB700239987 /* TravelPlanner */,
				6BDAE51A2D290AFE00A066E9 /* AppSettingView */,
				6B790FBF2CFF25560000AC03 /* BaseProtocol */,
				6B790FC22CFF25870000AC03 /* CommonView */,
			);
			path = Present;
			sourceTree = "<group>";
		};
		6B790FB12CFEA3590000AC03 /* App */ = {
			isa = PBXGroup;
			children = (
				6B790F9E2CFEA3080000AC03 /* PolarnalApp.swift */,
			);
			path = App;
			sourceTree = "<group>";
		};
		6B790FB22CFEA3700000AC03 /* Resource */ = {
			isa = PBXGroup;
			children = (
				6B37A7F12D12E26800239987 /* CommonDesign */,
				6B790FA42CFEA3090000AC03 /* Assets.xcassets */,
				6B790FE42CFFEF7E0000AC03 /* ColorPalette.swift */,
				6B790FE62CFFEFA80000AC03 /* DesignOfFolderIcon.swift */,
				6B58254B2D426A3A0003BEB3 /* Localizable.xcstrings */,
				6B5825502D4CF1C30003BEB3 /* MonthCase.swift */,
			);
			path = Resource;
			sourceTree = "<group>";
		};
		6B790FB32CFEA4150000AC03 /* DB */ = {
			isa = PBXGroup;
			children = (
				6B790FB82CFEA4830000AC03 /* DBManager.swift */,
				6B790FBA2CFEA4D40000AC03 /* DBModel */,
			);
			path = DB;
			sourceTree = "<group>";
		};
		6B790FB42CFEA4270000AC03 /* Utils */ = {
			isa = PBXGroup;
			children = (
				6B9129692D50AABA005C85D2 /* LocaleFileManager */,
				6BDAE52C2D2BD31700A066E9 /* MapSearchManager */,
				6BDAE5032D1579CC00A066E9 /* CostFormatter */,
				6B37A7762D06841700239987 /* DateManager */,
				6B790FB52CFEA4320000AC03 /* LogManager */,
			);
			path = Utils;
			sourceTree = "<group>";
		};
		6B790FB52CFEA4320000AC03 /* LogManager */ = {
			isa = PBXGroup;
			children = (
				6B790FB62CFEA4430000AC03 /* LogManager.swift */,
			);
			path = LogManager;
			sourceTree = "<group>";
		};
		6B790FBA2CFEA4D40000AC03 /* DBModel */ = {
			isa = PBXGroup;
			children = (
				6B37A7D02D0FEDB700239987 /* Travel */,
				6B37A7852D0850F600239987 /* CalendarPlanner */,
				6B37A7842D0850EA00239987 /* Diary */,
			);
			path = DBModel;
			sourceTree = "<group>";
		};
		6B790FBF2CFF25560000AC03 /* BaseProtocol */ = {
			isa = PBXGroup;
			children = (
				6B790FC02CFF25710000AC03 /* ViewModelProtocol.swift */,
			);
			path = BaseProtocol;
			sourceTree = "<group>";
		};
		6B790FC22CFF25870000AC03 /* CommonView */ = {
			isa = PBXGroup;
			children = (
				6B790FC32CFF25960000AC03 /* PhotoPicker.swift */,
			);
			path = CommonView;
			sourceTree = "<group>";
		};
		6B790FC52CFFE65E0000AC03 /* Diary */ = {
			isa = PBXGroup;
			children = (
				6B790FC62CFFE66A0000AC03 /* DiaryView.swift */,
				6B790FD22CFFEDC70000AC03 /* DiaryViewModel */,
				6B790FCA2CFFE8060000AC03 /* Folder */,
				6B37A7572D002BA600239987 /* Note */,
				6B37A7612D0046E300239987 /* NoteContent */,
				6B790FCF2CFFEC8D0000AC03 /* Sheet */,
			);
			path = Diary;
			sourceTree = "<group>";
		};
		6B790FCA2CFFE8060000AC03 /* Folder */ = {
			isa = PBXGroup;
			children = (
				6B790FCB2CFFE8120000AC03 /* FolderListView.swift */,
				6B37A7552D0026B300239987 /* FolderListCell.swift */,
				6B790FD32CFFEDDE0000AC03 /* ViewModel */,
			);
			path = Folder;
			sourceTree = "<group>";
		};
		6B790FCF2CFFEC8D0000AC03 /* Sheet */ = {
			isa = PBXGroup;
			children = (
				6B790FD02CFFEC980000AC03 /* DiaryViewSheetType.swift */,
				6B790FD62CFFEE620000AC03 /* AddFolderView */,
			);
			path = Sheet;
			sourceTree = "<group>";
		};
		6B790FD22CFFEDC70000AC03 /* DiaryViewModel */ = {
			isa = PBXGroup;
			children = (
				6B790FC82CFFE6AA0000AC03 /* DiaryStateViewModel.swift */,
				6B790FCD2CFFEC6A0000AC03 /* DiaryUIViewModel.swift */,
			);
			path = DiaryViewModel;
			sourceTree = "<group>";
		};
		6B790FD32CFFEDDE0000AC03 /* ViewModel */ = {
			isa = PBXGroup;
			children = (
				6B790FD42CFFEDF10000AC03 /* FolderListViewModel.swift */,
			);
			path = ViewModel;
			sourceTree = "<group>";
		};
		6B790FD62CFFEE620000AC03 /* AddFolderView */ = {
			isa = PBXGroup;
			children = (
				6B790FD72CFFEE6E0000AC03 /* AddFolderView.swift */,
				6B790FE82CFFEFC20000AC03 /* ViewModel */,
				6B790FDB2CFFEED30000AC03 /* Component */,
			);
			path = AddFolderView;
			sourceTree = "<group>";
		};
		6B790FDB2CFFEED30000AC03 /* Component */ = {
			isa = PBXGroup;
			children = (
				6B790FDC2CFFEEDE0000AC03 /* TagPartView.swift */,
				6B790FDE2CFFEEF20000AC03 /* TagCollectionView.swift */,
				6B790FE02CFFEF220000AC03 /* ColorPalettePartView.swift */,
				6B790FE22CFFEF530000AC03 /* IconSelectPartView.swift */,
			);
			path = Component;
			sourceTree = "<group>";
		};
		6B790FE82CFFEFC20000AC03 /* ViewModel */ = {
			isa = PBXGroup;
			children = (
				6B790FD92CFFEE810000AC03 /* AddFolderViewModel.swift */,
			);
			path = ViewModel;
			sourceTree = "<group>";
		};
		6B9129652D50A980005C85D2 /* Shared */ = {
			isa = PBXGroup;
			children = (
				6B9129672D50AA66005C85D2 /* ViewModel */,
				6B790FB32CFEA4150000AC03 /* DB */,
				6B790FB42CFEA4270000AC03 /* Utils */,
				6B37A7732D0683EE00239987 /* Extension */,
				6B790FB22CFEA3700000AC03 /* Resource */,
			);
			path = Shared;
			sourceTree = "<group>";
		};
		6B9129672D50AA66005C85D2 /* ViewModel */ = {
			isa = PBXGroup;
			children = (
				6B9129682D50AA7B005C85D2 /* SideBar */,
				6B91296A2D50AAD3005C85D2 /* Planner */,
				6B91296C2D50AAE4005C85D2 /* Travel */,
				6B91296B2D50AADD005C85D2 /* Diary */,
			);
			path = ViewModel;
			sourceTree = "<group>";
		};
		6B9129682D50AA7B005C85D2 /* SideBar */ = {
			isa = PBXGroup;
			children = (
				6B37A77D2D07D7CC00239987 /* SideTabBarViewModel.swift */,
			);
			path = SideBar;
			sourceTree = "<group>";
		};
		6B9129692D50AABA005C85D2 /* LocaleFileManager */ = {
			isa = PBXGroup;
			children = (
				6B9129142D4F8EA3005C85D2 /* LocaleFileManager.swift */,
			);
			path = LocaleFileManager;
			sourceTree = "<group>";
		};
		6B91296A2D50AAD3005C85D2 /* Planner */ = {
			isa = PBXGroup;
			children = (
				6B37A7812D084A2E00239987 /* PlannerViewModel.swift */,
				6B91296E2D50AB3C005C85D2 /* DDay */,
				6B91296D2D50AB29005C85D2 /* Todo */,
				6B91296F2D50ABAE005C85D2 /* EventCategory */,
				6B9129712D50AC2F005C85D2 /* Calendar */,
				6B9129702D50ABE5005C85D2 /* ModalSheet */,
			);
			path = Planner;
			sourceTree = "<group>";
		};
		6B91296B2D50AADD005C85D2 /* Diary */ = {
			isa = PBXGroup;
			children = (
			);
			path = Diary;
			sourceTree = "<group>";
		};
		6B91296C2D50AAE4005C85D2 /* Travel */ = {
			isa = PBXGroup;
			children = (
			);
			path = Travel;
			sourceTree = "<group>";
		};
		6B91296D2D50AB29005C85D2 /* Todo */ = {
			isa = PBXGroup;
			children = (
				6B37A7AC2D0AA5AA00239987 /* TodoViewModel.swift */,
				6B37A7B52D0AF29100239987 /* TodoFolderViewModel.swift */,
				6B37A7BB2D0B08EB00239987 /* ExpendedTodoCellViewModel.swift */,
			);
			path = Todo;
			sourceTree = "<group>";
		};
		6B91296E2D50AB3C005C85D2 /* DDay */ = {
			isa = PBXGroup;
			children = (
				6B37A7A32D0A7DD500239987 /* DDayViewModel.swift */,
			);
			path = DDay;
			sourceTree = "<group>";
		};
		6B91296F2D50ABAE005C85D2 /* EventCategory */ = {
			isa = PBXGroup;
			children = (
				6B37A7922D095E7400239987 /* CalendarEventCategoryViewModel.swift */,
			);
			path = EventCategory;
			sourceTree = "<group>";
		};
		6B9129702D50ABE5005C85D2 /* ModalSheet */ = {
			isa = PBXGroup;
			children = (
				6B37A7C32D0BFEED00239987 /* AddEventViewModel.swift */,
				6B37A7B12D0AAA3000239987 /* AddTodoFolderViewModel.swift */,
				6B37A79A2D097A1400239987 /* AddDDayViewModel.swift */,
				6B37A78D2D0924DD00239987 /* AddEventCategoryViewModel.swift */,
			);
			path = ModalSheet;
			sourceTree = "<group>";
		};
		6B9129712D50AC2F005C85D2 /* Calendar */ = {
			isa = PBXGroup;
			children = (
				6B37A7712D0683C600239987 /* CalendarViewModel.swift */,
				6B37A77B2D068DA100239987 /* MainCalendarViewModel.swift */,
				6B37A7C62D0C0A9000239987 /* MainCalendarCellViewModel.swift */,
			);
			path = Calendar;
			sourceTree = "<group>";
		};
		6BDAE4FE2D140FA600A066E9 /* AddTravelCost */ = {
			isa = PBXGroup;
			children = (
				6B37A7EF2D129D1300239987 /* AddTravelCostView.swift */,
				6B37A7ED2D1295DC00239987 /* AddTravelCostViewModel.swift */,
			);
			path = AddTravelCost;
			sourceTree = "<group>";
		};
		6BDAE5032D1579CC00A066E9 /* CostFormatter */ = {
			isa = PBXGroup;
			children = (
				6BDAE5042D1579E700A066E9 /* CostFormatter.swift */,
			);
			path = CostFormatter;
			sourceTree = "<group>";
		};
		6BDAE5062D18EAAC00A066E9 /* TravelTicket */ = {
			isa = PBXGroup;
			children = (
				6BDAE5072D18EAC300A066E9 /* TravelTicketView.swift */,
				6BDAE5092D18F33500A066E9 /* TravelTicketViewModel.swift */,
			);
			path = TravelTicket;
			sourceTree = "<group>";
		};
		6BDAE50D2D193C7D00A066E9 /* AddTravelTicket */ = {
			isa = PBXGroup;
			children = (
				6BDAE50E2D193C9400A066E9 /* AddTravelTicketView.swift */,
				6BDAE5102D193E5700A066E9 /* AddTravelTicketViewModel.swift */,
			);
			path = AddTravelTicket;
			sourceTree = "<group>";
		};
		6BDAE5122D1AD60800A066E9 /* TravelMap */ = {
			isa = PBXGroup;
			children = (
				6BDAE5132D1AD61E00A066E9 /* TravelMapView.swift */,
				6BDAE52A2D2BB73400A066E9 /* TravelMapViewModel.swift */,
				6BDAE51F2D2910DB00A066E9 /* TravelDestinationListView.swift */,
				6BDAE5212D29119000A066E9 /* TravelDestinationViewModel.swift */,
			);
			path = TravelMap;
			sourceTree = "<group>";
		};
		6BDAE5152D1CDE7400A066E9 /* TravelPlan */ = {
			isa = PBXGroup;
			children = (
				6BDAE5162D1CDE9A00A066E9 /* TravelPlanView.swift */,
				6BDAE5182D1D365B00A066E9 /* TravelPlanDetailViewModel.swift */,
			);
			path = TravelPlan;
			sourceTree = "<group>";
		};
		6BDAE51A2D290AFE00A066E9 /* AppSettingView */ = {
			isa = PBXGroup;
			children = (
				6BDAE51B2D290B2D00A066E9 /* AppSettingView.swift */,
			);
			path = AppSettingView;
			sourceTree = "<group>";
		};
		6BDAE5232D29183500A066E9 /* AddTravelMap */ = {
			isa = PBXGroup;
			children = (
				6BDAE5242D29186B00A066E9 /* AddTravelDestinationFolderView.swift */,
				6BDAE5262D29194C00A066E9 /* AddTravelDestinationFolderViewModel.swift */,
			);
			path = AddTravelMap;
			sourceTree = "<group>";
		};
		6BDAE52C2D2BD31700A066E9 /* MapSearchManager */ = {
			isa = PBXGroup;
			children = (
				6BDAE52D2D2BD32C00A066E9 /* MapSearchManager.swift */,
			);
			path = MapSearchManager;
			sourceTree = "<group>";
		};
/* End PBXGroup section */

/* Begin PBXNativeTarget section */
		6B790F9A2CFEA3080000AC03 /* Polarnal */ = {
			isa = PBXNativeTarget;
			buildConfigurationList = 6B790FAB2CFEA3090000AC03 /* Build configuration list for PBXNativeTarget "Polarnal" */;
			buildPhases = (
				6B790F972CFEA3080000AC03 /* Sources */,
				6B790F982CFEA3080000AC03 /* Frameworks */,
				6B790F992CFEA3080000AC03 /* Resources */,
			);
			buildRules = (
			);
			dependencies = (
			);
			name = Polarnal;
			productName = Polarnal;
			productReference = 6B790F9B2CFEA3080000AC03 /* Polarnal.app */;
			productType = "com.apple.product-type.application";
		};
		6B9129192D50A758005C85D2 /* MacPolarnal */ = {
			isa = PBXNativeTarget;
			buildConfigurationList = 6B91293E2D50A75A005C85D2 /* Build configuration list for PBXNativeTarget "MacPolarnal" */;
			buildPhases = (
				6B9129162D50A758005C85D2 /* Sources */,
				6B9129172D50A758005C85D2 /* Frameworks */,
				6B9129182D50A758005C85D2 /* Resources */,
			);
			buildRules = (
			);
			dependencies = (
			);
			fileSystemSynchronizedGroups = (
				6B91291B2D50A758005C85D2 /* MacPolarnal */,
			);
			name = MacPolarnal;
			packageProductDependencies = (
			);
			productName = MacPolarnal;
			productReference = 6B91291A2D50A758005C85D2 /* MacPolarnal.app */;
			productType = "com.apple.product-type.application";
		};
		6B91292B2D50A75A005C85D2 /* MacPolarnalTests */ = {
			isa = PBXNativeTarget;
			buildConfigurationList = 6B9129412D50A75A005C85D2 /* Build configuration list for PBXNativeTarget "MacPolarnalTests" */;
			buildPhases = (
				6B9129282D50A75A005C85D2 /* Sources */,
				6B9129292D50A75A005C85D2 /* Frameworks */,
				6B91292A2D50A75A005C85D2 /* Resources */,
			);
			buildRules = (
			);
			dependencies = (
				6B91292E2D50A75A005C85D2 /* PBXTargetDependency */,
			);
			fileSystemSynchronizedGroups = (
				6B91292F2D50A75A005C85D2 /* MacPolarnalTests */,
			);
			name = MacPolarnalTests;
			packageProductDependencies = (
			);
			productName = MacPolarnalTests;
			productReference = 6B91292C2D50A75A005C85D2 /* MacPolarnalTests.xctest */;
			productType = "com.apple.product-type.bundle.unit-test";
		};
		6B9129352D50A75A005C85D2 /* MacPolarnalUITests */ = {
			isa = PBXNativeTarget;
			buildConfigurationList = 6B9129442D50A75A005C85D2 /* Build configuration list for PBXNativeTarget "MacPolarnalUITests" */;
			buildPhases = (
				6B9129322D50A75A005C85D2 /* Sources */,
				6B9129332D50A75A005C85D2 /* Frameworks */,
				6B9129342D50A75A005C85D2 /* Resources */,
			);
			buildRules = (
			);
			dependencies = (
				6B9129382D50A75A005C85D2 /* PBXTargetDependency */,
			);
			fileSystemSynchronizedGroups = (
				6B9129392D50A75A005C85D2 /* MacPolarnalUITests */,
			);
			name = MacPolarnalUITests;
			packageProductDependencies = (
			);
			productName = MacPolarnalUITests;
			productReference = 6B9129362D50A75A005C85D2 /* MacPolarnalUITests.xctest */;
			productType = "com.apple.product-type.bundle.ui-testing";
		};
/* End PBXNativeTarget section */

/* Begin PBXProject section */
		6B790F932CFEA3080000AC03 /* Project object */ = {
			isa = PBXProject;
			attributes = {
				BuildIndependentTargetsInParallel = 1;
				LastSwiftUpdateCheck = 1620;
				LastUpgradeCheck = 1530;
				TargetAttributes = {
					6B790F9A2CFEA3080000AC03 = {
						CreatedOnToolsVersion = 15.3;
					};
					6B9129192D50A758005C85D2 = {
						CreatedOnToolsVersion = 16.2;
					};
					6B91292B2D50A75A005C85D2 = {
						CreatedOnToolsVersion = 16.2;
						TestTargetID = 6B9129192D50A758005C85D2;
					};
					6B9129352D50A75A005C85D2 = {
						CreatedOnToolsVersion = 16.2;
						TestTargetID = 6B9129192D50A758005C85D2;
					};
				};
			};
			buildConfigurationList = 6B790F962CFEA3080000AC03 /* Build configuration list for PBXProject "Polarnal" */;
			compatibilityVersion = "Xcode 14.0";
			developmentRegion = en;
			hasScannedForEncodings = 0;
			knownRegions = (
				en,
				Base,
				ko,
				ja,
			);
			mainGroup = 6B790F922CFEA3080000AC03;
			packageReferences = (
				6B9F61B32D3E621D00875186 /* XCLocalSwiftPackageReference "../../포폴용/EnumHelper" */,
			);
			productRefGroup = 6B790F9C2CFEA3080000AC03 /* Products */;
			projectDirPath = "";
			projectRoot = "";
			targets = (
				6B790F9A2CFEA3080000AC03 /* Polarnal */,
				6B9129192D50A758005C85D2 /* MacPolarnal */,
				6B91292B2D50A75A005C85D2 /* MacPolarnalTests */,
				6B9129352D50A75A005C85D2 /* MacPolarnalUITests */,
			);
		};
/* End PBXProject section */

/* Begin PBXResourcesBuildPhase section */
		6B790F992CFEA3080000AC03 /* Resources */ = {
			isa = PBXResourcesBuildPhase;
			buildActionMask = 2147483647;
			files = (
				6B790FA82CFEA3090000AC03 /* Preview Assets.xcassets in Resources */,
				6B790FAF2CFEA33C0000AC03 /* .gitignore in Resources */,
				6B58254C2D426A3A0003BEB3 /* Localizable.xcstrings in Resources */,
				6B790FA52CFEA3090000AC03 /* Assets.xcassets in Resources */,
			);
			runOnlyForDeploymentPostprocessing = 0;
		};
		6B9129182D50A758005C85D2 /* Resources */ = {
			isa = PBXResourcesBuildPhase;
			buildActionMask = 2147483647;
			files = (
				6B9129662D50AA0F005C85D2 /* Assets.xcassets in Resources */,
				6B9129562D50A857005C85D2 /* Localizable.xcstrings in Resources */,
			);
			runOnlyForDeploymentPostprocessing = 0;
		};
		6B91292A2D50A75A005C85D2 /* Resources */ = {
			isa = PBXResourcesBuildPhase;
			buildActionMask = 2147483647;
			files = (
			);
			runOnlyForDeploymentPostprocessing = 0;
		};
		6B9129342D50A75A005C85D2 /* Resources */ = {
			isa = PBXResourcesBuildPhase;
			buildActionMask = 2147483647;
			files = (
			);
			runOnlyForDeploymentPostprocessing = 0;
		};
/* End PBXResourcesBuildPhase section */

/* Begin PBXSourcesBuildPhase section */
		6B790F972CFEA3080000AC03 /* Sources */ = {
			isa = PBXSourcesBuildPhase;
			buildActionMask = 2147483647;
			files = (
				6B790FDD2CFFEEDE0000AC03 /* TagPartView.swift in Sources */,
				6B37A77A2D068C1500239987 /* MainCalendarView.swift in Sources */,
				6B790FB92CFEA4830000AC03 /* DBManager.swift in Sources */,
				6BDAE5252D29186B00A066E9 /* AddTravelDestinationFolderView.swift in Sources */,
				6B37A7E12D1167B000239987 /* TravelTodoCell.swift in Sources */,
				6B37A7592D002BB800239987 /* NoteListView.swift in Sources */,
				6B790FE32CFFEF530000AC03 /* IconSelectPartView.swift in Sources */,
				6B37A7F32D12E27800239987 /* DottedLine.swift in Sources */,
				6B37A7902D095E1700239987 /* CalendarEventCategoryListView.swift in Sources */,
				6B37A7DF2D1163F600239987 /* TravelTodoCellViewModel.swift in Sources */,
				6B790FD12CFFEC980000AC03 /* DiaryViewSheetType.swift in Sources */,
				6BE6A6A22D13ABDC00931E7B /* CurrencyType.swift in Sources */,
				6B790FD52CFFEDF10000AC03 /* FolderListViewModel.swift in Sources */,
				6B37A7C72D0C0A9000239987 /* MainCalendarCellViewModel.swift in Sources */,
				6BDAE50C2D18F38E00A066E9 /* TravelDocumentType.swift in Sources */,
				6B37A75D2D002D7700239987 /* NoteListViewModel.swift in Sources */,
				6B37A7782D06842700239987 /* DateManager.swift in Sources */,
				6B37A7B62D0AF29100239987 /* TodoFolderViewModel.swift in Sources */,
				6B37A7BC2D0B08EB00239987 /* ExpendedTodoCellViewModel.swift in Sources */,
				6B37A7822D084A2E00239987 /* PlannerViewModel.swift in Sources */,
				6B37A76B2D055E6D00239987 /* PlannerView.swift in Sources */,
				6B37A7A72D0A9CEE00239987 /* TodoView.swift in Sources */,
				6B37A7C42D0BFEED00239987 /* AddEventViewModel.swift in Sources */,
				6B37A75B2D002BE300239987 /* NoteListCell.swift in Sources */,
				6B790FBC2CFEA4F40000AC03 /* FolderDB.swift in Sources */,
				6B37A7C22D0BCF4B00239987 /* AddEventCell.swift in Sources */,
				6B2750C22D3D07FB005144FA /* View+Extension.swift in Sources */,
				6B37A7B02D0AAA0100239987 /* AddTodoFolderView.swift in Sources */,
				6BDAE50A2D18F33500A066E9 /* TravelTicketViewModel.swift in Sources */,
				6B790FDF2CFFEEF20000AC03 /* TagCollectionView.swift in Sources */,
				6BDAE5082D18EAC300A066E9 /* TravelTicketView.swift in Sources */,
				6B37A7872D08514400239987 /* EvnentDB.swift in Sources */,
				6B37A77E2D07D7CC00239987 /* SideTabBarViewModel.swift in Sources */,
				6B37A7962D0972FD00239987 /* PlannerTypeListView.swift in Sources */,
				6BDAE50F2D193C9400A066E9 /* AddTravelTicketView.swift in Sources */,
				6B790FDA2CFFEE810000AC03 /* AddFolderViewModel.swift in Sources */,
				6B37A7D42D1009BD00239987 /* AddTravelPlanView.swift in Sources */,
				6B37A7AD2D0AA5AA00239987 /* TodoViewModel.swift in Sources */,
				6BDAE5002D141DDE00A066E9 /* TravelCostViewModel.swift in Sources */,
				6BDAE5142D1AD61E00A066E9 /* TravelMapView.swift in Sources */,
				6B37A78C2D0923FB00239987 /* AddEventCategoryView.swift in Sources */,
				6B37A77C2D068DA100239987 /* MainCalendarViewModel.swift in Sources */,
				6B37A7672D055B3800239987 /* SideTabBarView.swift in Sources */,
				6BDAE51C2D290B2D00A066E9 /* AppSettingView.swift in Sources */,
				6B790FB72CFEA4430000AC03 /* LogManager.swift in Sources */,
				6B37A7B22D0AAA3000239987 /* AddTodoFolderViewModel.swift in Sources */,
				6B37A7A22D09AADB00239987 /* AddDDayCell.swift in Sources */,
				6B37A7A42D0A7DD500239987 /* DDayViewModel.swift in Sources */,
				6B790FD82CFFEE6E0000AC03 /* AddFolderView.swift in Sources */,
				6BDAE5272D29194C00A066E9 /* AddTravelDestinationFolderViewModel.swift in Sources */,
				6B37A7562D0026B300239987 /* FolderListCell.swift in Sources */,
				6B790FE72CFFEFA80000AC03 /* DesignOfFolderIcon.swift in Sources */,
				6B37A7632D0046F200239987 /* NoteContentView.swift in Sources */,
				6B37A7CB2D0FBC1B00239987 /* TravelDashboard.swift in Sources */,
				6B37A7E42D11699400239987 /* TravelTodoMiniView.swift in Sources */,
				6B790FCE2CFFEC6A0000AC03 /* DiaryUIViewModel.swift in Sources */,
				6BDAE5202D2910DB00A066E9 /* TravelDestinationListView.swift in Sources */,
				6B37A7D62D1009F200239987 /* AddTravelPlanViewModel.swift in Sources */,
				6BDAE5222D29119000A066E9 /* TravelDestinationViewModel.swift in Sources */,
				6BDAE51E2D290FA500A066E9 /* TravelDestinationFolderDB.swift in Sources */,
				6B37A7AB2D0AA4B500239987 /* TodoDB.swift in Sources */,
				6B790FC92CFFE6AA0000AC03 /* DiaryStateViewModel.swift in Sources */,
				6B37A7EE2D1295DC00239987 /* AddTravelCostViewModel.swift in Sources */,
				6B37A7DB2D100E9C00239987 /* TravelCostType.swift in Sources */,
				6B37A7892D08617D00239987 /* DDayView.swift in Sources */,
				6B37A7E62D116A0400239987 /* TravelTodoMiniViewModel.swift in Sources */,
				6B37A76F2D05669600239987 /* MiniCalendarView.swift in Sources */,
				6B37A7A02D09AAC700239987 /* AddDDayCategoryCell.swift in Sources */,
				6B37A7752D06840400239987 /* Date+Extension.swift in Sources */,
				6BDAE5022D1563CE00A066E9 /* SelectedTravelViewModel.swift in Sources */,
				6B790FC42CFF25960000AC03 /* PhotoPicker.swift in Sources */,
				6B37A7BA2D0B088700239987 /* ExpendedTodoFolderCell.swift in Sources */,
				6B790FE52CFFEF7E0000AC03 /* ColorPalette.swift in Sources */,
				6B37A79B2D097A1400239987 /* AddDDayViewModel.swift in Sources */,
				6B37A7F02D129D1300239987 /* AddTravelCostView.swift in Sources */,
				6B37A7A92D0AA49900239987 /* DDayDB.swift in Sources */,
				6BDAE52B2D2BB73400A066E9 /* TravelMapViewModel.swift in Sources */,
				6B9129152D4F8EA3005C85D2 /* LocaleFileManager.swift in Sources */,
				6B790FC72CFFE66A0000AC03 /* DiaryView.swift in Sources */,
				6B790FC12CFF25710000AC03 /* ViewModelProtocol.swift in Sources */,
				6B37A7992D0978D900239987 /* AddDDayView.swift in Sources */,
				6B37A75F2D00372A00239987 /* NoteListCellViewModel.swift in Sources */,
				6BDAE5052D1579E700A066E9 /* CostFormatter.swift in Sources */,
				6B37A78E2D0924DD00239987 /* AddEventCategoryViewModel.swift in Sources */,
				6B5825512D4CF1C30003BEB3 /* MonthCase.swift in Sources */,
				6B37A7B42D0AF24F00239987 /* TodoFolderCell.swift in Sources */,
				6BDAE52E2D2BD32C00A066E9 /* MapSearchManager.swift in Sources */,
				6B37A7DD2D103D4100239987 /* TravelDashboardViewModel.swift in Sources */,
				6BDAE5112D193E5700A066E9 /* AddTravelTicketViewModel.swift in Sources */,
				6B790FBE2CFEA50A0000AC03 /* NoteDB.swift in Sources */,
				6BDAE5192D1D365B00A066E9 /* TravelPlanDetailViewModel.swift in Sources */,
				6B790F9F2CFEA3080000AC03 /* PolarnalApp.swift in Sources */,
				6B37A7EC2D116E4E00239987 /* TravelCostView.swift in Sources */,
				6B37A7D22D0FEDCB00239987 /* TravelPlanDB.swift in Sources */,
				6B37A7C02D0BCDEC00239987 /* AddEventView.swift in Sources */,
				6BDAE5172D1CDE9A00A066E9 /* TravelPlanView.swift in Sources */,
				6B37A7722D0683C600239987 /* CalendarViewModel.swift in Sources */,
				6B790FCC2CFFE8120000AC03 /* FolderListView.swift in Sources */,
				6B37A7932D095E7400239987 /* CalendarEventCategoryViewModel.swift in Sources */,
				6B790FE12CFFEF220000AC03 /* ColorPalettePartView.swift in Sources */,
			);
			runOnlyForDeploymentPostprocessing = 0;
		};
		6B9129162D50A758005C85D2 /* Sources */ = {
			isa = PBXSourcesBuildPhase;
			buildActionMask = 2147483647;
			files = (
				6B9129522D50A857005C85D2 /* MonthCase.swift in Sources */,
				6B9129532D50A857005C85D2 /* ColorPalette.swift in Sources */,
				6B9129542D50A857005C85D2 /* DesignOfFolderIcon.swift in Sources */,
				6B9129552D50A857005C85D2 /* DottedLine.swift in Sources */,
				6B9129492D50A80A005C85D2 /* PolarnalApp.swift in Sources */,
				6B9129502D50A84B005C85D2 /* View+Extension.swift in Sources */,
				6B9129572D50A86D005C85D2 /* EvnentDB.swift in Sources */,
				6B9129582D50A86D005C85D2 /* FolderDB.swift in Sources */,
				6B9129592D50A86D005C85D2 /* CurrencyType.swift in Sources */,
				6B91295A2D50A86D005C85D2 /* DBManager.swift in Sources */,
				6B91295B2D50A86D005C85D2 /* TravelCostType.swift in Sources */,
				6B91295C2D50A86D005C85D2 /* TodoDB.swift in Sources */,
				6B91295D2D50A86D005C85D2 /* TravelDocumentType.swift in Sources */,
				6B91295E2D50A86D005C85D2 /* NoteDB.swift in Sources */,
				6B91295F2D50A86D005C85D2 /* TravelDestinationFolderDB.swift in Sources */,
				6B9129602D50A86D005C85D2 /* TravelPlanDB.swift in Sources */,
				6B9129612D50A86D005C85D2 /* DDayDB.swift in Sources */,
				6B9129512D50A84B005C85D2 /* Date+Extension.swift in Sources */,
				6B9129622D50A88F005C85D2 /* AppSettingView.swift in Sources */,
				6B9129482D50A7A5005C85D2 /* SideTabBarViewModel.swift in Sources */,
				6B91294A2D50A842005C85D2 /* LocaleFileManager.swift in Sources */,
				6B91294B2D50A842005C85D2 /* CostFormatter.swift in Sources */,
				6B91294C2D50A842005C85D2 /* DateManager.swift in Sources */,
				6B91294D2D50A842005C85D2 /* MapSearchManager.swift in Sources */,
				6B9129632D50A896005C85D2 /* ViewModelProtocol.swift in Sources */,
				6B91294E2D50A842005C85D2 /* LogManager.swift in Sources */,
				6B9129472D50A797005C85D2 /* SideTabBarView.swift in Sources */,
			);
			runOnlyForDeploymentPostprocessing = 0;
		};
		6B9129282D50A75A005C85D2 /* Sources */ = {
			isa = PBXSourcesBuildPhase;
			buildActionMask = 2147483647;
			files = (
			);
			runOnlyForDeploymentPostprocessing = 0;
		};
		6B9129322D50A75A005C85D2 /* Sources */ = {
			isa = PBXSourcesBuildPhase;
			buildActionMask = 2147483647;
			files = (
			);
			runOnlyForDeploymentPostprocessing = 0;
		};
/* End PBXSourcesBuildPhase section */

/* Begin PBXTargetDependency section */
		6B91292E2D50A75A005C85D2 /* PBXTargetDependency */ = {
			isa = PBXTargetDependency;
			target = 6B9129192D50A758005C85D2 /* MacPolarnal */;
			targetProxy = 6B91292D2D50A75A005C85D2 /* PBXContainerItemProxy */;
		};
		6B9129382D50A75A005C85D2 /* PBXTargetDependency */ = {
			isa = PBXTargetDependency;
			target = 6B9129192D50A758005C85D2 /* MacPolarnal */;
			targetProxy = 6B9129372D50A75A005C85D2 /* PBXContainerItemProxy */;
		};
/* End PBXTargetDependency section */

/* Begin XCBuildConfiguration section */
		6B790FA92CFEA3090000AC03 /* Debug */ = {
			isa = XCBuildConfiguration;
			buildSettings = {
				ALWAYS_SEARCH_USER_PATHS = NO;
				ASSETCATALOG_COMPILER_GENERATE_SWIFT_ASSET_SYMBOL_EXTENSIONS = YES;
				CLANG_ANALYZER_NONNULL = YES;
				CLANG_ANALYZER_NUMBER_OBJECT_CONVERSION = YES_AGGRESSIVE;
				CLANG_CXX_LANGUAGE_STANDARD = "gnu++20";
				CLANG_ENABLE_MODULES = YES;
				CLANG_ENABLE_OBJC_ARC = YES;
				CLANG_ENABLE_OBJC_WEAK = YES;
				CLANG_WARN_BLOCK_CAPTURE_AUTORELEASING = YES;
				CLANG_WARN_BOOL_CONVERSION = YES;
				CLANG_WARN_COMMA = YES;
				CLANG_WARN_CONSTANT_CONVERSION = YES;
				CLANG_WARN_DEPRECATED_OBJC_IMPLEMENTATIONS = YES;
				CLANG_WARN_DIRECT_OBJC_ISA_USAGE = YES_ERROR;
				CLANG_WARN_DOCUMENTATION_COMMENTS = YES;
				CLANG_WARN_EMPTY_BODY = YES;
				CLANG_WARN_ENUM_CONVERSION = YES;
				CLANG_WARN_INFINITE_RECURSION = YES;
				CLANG_WARN_INT_CONVERSION = YES;
				CLANG_WARN_NON_LITERAL_NULL_CONVERSION = YES;
				CLANG_WARN_OBJC_IMPLICIT_RETAIN_SELF = YES;
				CLANG_WARN_OBJC_LITERAL_CONVERSION = YES;
				CLANG_WARN_OBJC_ROOT_CLASS = YES_ERROR;
				CLANG_WARN_QUOTED_INCLUDE_IN_FRAMEWORK_HEADER = YES;
				CLANG_WARN_RANGE_LOOP_ANALYSIS = YES;
				CLANG_WARN_STRICT_PROTOTYPES = YES;
				CLANG_WARN_SUSPICIOUS_MOVE = YES;
				CLANG_WARN_UNGUARDED_AVAILABILITY = YES_AGGRESSIVE;
				CLANG_WARN_UNREACHABLE_CODE = YES;
				CLANG_WARN__DUPLICATE_METHOD_MATCH = YES;
				COPY_PHASE_STRIP = NO;
				DEBUG_INFORMATION_FORMAT = dwarf;
				ENABLE_STRICT_OBJC_MSGSEND = YES;
				ENABLE_TESTABILITY = YES;
				ENABLE_USER_SCRIPT_SANDBOXING = YES;
				GCC_C_LANGUAGE_STANDARD = gnu17;
				GCC_DYNAMIC_NO_PIC = NO;
				GCC_NO_COMMON_BLOCKS = YES;
				GCC_OPTIMIZATION_LEVEL = 0;
				GCC_PREPROCESSOR_DEFINITIONS = (
					"DEBUG=1",
					"$(inherited)",
				);
				GCC_WARN_64_TO_32_BIT_CONVERSION = YES;
				GCC_WARN_ABOUT_RETURN_TYPE = YES_ERROR;
				GCC_WARN_UNDECLARED_SELECTOR = YES;
				GCC_WARN_UNINITIALIZED_AUTOS = YES_AGGRESSIVE;
				GCC_WARN_UNUSED_FUNCTION = YES;
				GCC_WARN_UNUSED_VARIABLE = YES;
				IPHONEOS_DEPLOYMENT_TARGET = 17.4;
				LOCALIZATION_PREFERS_STRING_CATALOGS = YES;
				MTL_ENABLE_DEBUG_INFO = INCLUDE_SOURCE;
				MTL_FAST_MATH = YES;
				ONLY_ACTIVE_ARCH = YES;
				SDKROOT = iphoneos;
				SWIFT_ACTIVE_COMPILATION_CONDITIONS = "DEBUG $(inherited)";
				SWIFT_EMIT_LOC_STRINGS = YES;
				SWIFT_OPTIMIZATION_LEVEL = "-Onone";
			};
			name = Debug;
		};
		6B790FAA2CFEA3090000AC03 /* Release */ = {
			isa = XCBuildConfiguration;
			buildSettings = {
				ALWAYS_SEARCH_USER_PATHS = NO;
				ASSETCATALOG_COMPILER_GENERATE_SWIFT_ASSET_SYMBOL_EXTENSIONS = YES;
				CLANG_ANALYZER_NONNULL = YES;
				CLANG_ANALYZER_NUMBER_OBJECT_CONVERSION = YES_AGGRESSIVE;
				CLANG_CXX_LANGUAGE_STANDARD = "gnu++20";
				CLANG_ENABLE_MODULES = YES;
				CLANG_ENABLE_OBJC_ARC = YES;
				CLANG_ENABLE_OBJC_WEAK = YES;
				CLANG_WARN_BLOCK_CAPTURE_AUTORELEASING = YES;
				CLANG_WARN_BOOL_CONVERSION = YES;
				CLANG_WARN_COMMA = YES;
				CLANG_WARN_CONSTANT_CONVERSION = YES;
				CLANG_WARN_DEPRECATED_OBJC_IMPLEMENTATIONS = YES;
				CLANG_WARN_DIRECT_OBJC_ISA_USAGE = YES_ERROR;
				CLANG_WARN_DOCUMENTATION_COMMENTS = YES;
				CLANG_WARN_EMPTY_BODY = YES;
				CLANG_WARN_ENUM_CONVERSION = YES;
				CLANG_WARN_INFINITE_RECURSION = YES;
				CLANG_WARN_INT_CONVERSION = YES;
				CLANG_WARN_NON_LITERAL_NULL_CONVERSION = YES;
				CLANG_WARN_OBJC_IMPLICIT_RETAIN_SELF = YES;
				CLANG_WARN_OBJC_LITERAL_CONVERSION = YES;
				CLANG_WARN_OBJC_ROOT_CLASS = YES_ERROR;
				CLANG_WARN_QUOTED_INCLUDE_IN_FRAMEWORK_HEADER = YES;
				CLANG_WARN_RANGE_LOOP_ANALYSIS = YES;
				CLANG_WARN_STRICT_PROTOTYPES = YES;
				CLANG_WARN_SUSPICIOUS_MOVE = YES;
				CLANG_WARN_UNGUARDED_AVAILABILITY = YES_AGGRESSIVE;
				CLANG_WARN_UNREACHABLE_CODE = YES;
				CLANG_WARN__DUPLICATE_METHOD_MATCH = YES;
				COPY_PHASE_STRIP = NO;
				DEBUG_INFORMATION_FORMAT = "dwarf-with-dsym";
				ENABLE_NS_ASSERTIONS = NO;
				ENABLE_STRICT_OBJC_MSGSEND = YES;
				ENABLE_USER_SCRIPT_SANDBOXING = YES;
				GCC_C_LANGUAGE_STANDARD = gnu17;
				GCC_NO_COMMON_BLOCKS = YES;
				GCC_WARN_64_TO_32_BIT_CONVERSION = YES;
				GCC_WARN_ABOUT_RETURN_TYPE = YES_ERROR;
				GCC_WARN_UNDECLARED_SELECTOR = YES;
				GCC_WARN_UNINITIALIZED_AUTOS = YES_AGGRESSIVE;
				GCC_WARN_UNUSED_FUNCTION = YES;
				GCC_WARN_UNUSED_VARIABLE = YES;
				IPHONEOS_DEPLOYMENT_TARGET = 17.4;
				LOCALIZATION_PREFERS_STRING_CATALOGS = YES;
				MTL_ENABLE_DEBUG_INFO = NO;
				MTL_FAST_MATH = YES;
				SDKROOT = iphoneos;
				SWIFT_COMPILATION_MODE = wholemodule;
				SWIFT_EMIT_LOC_STRINGS = YES;
				VALIDATE_PRODUCT = YES;
			};
			name = Release;
		};
		6B790FAC2CFEA3090000AC03 /* Debug */ = {
			isa = XCBuildConfiguration;
			buildSettings = {
				ASSETCATALOG_COMPILER_APPICON_NAME = AppIcon;
				ASSETCATALOG_COMPILER_GLOBAL_ACCENT_COLOR_NAME = AccentColor;
				CODE_SIGN_STYLE = Automatic;
				CURRENT_PROJECT_VERSION = 1;
				DEVELOPMENT_ASSET_PATHS = "\"Polarnal/Preview Content\"";
				DEVELOPMENT_TEAM = F8Q3Y446GH;
				ENABLE_PREVIEWS = YES;
				GENERATE_INFOPLIST_FILE = YES;
				INFOPLIST_KEY_UIApplicationSceneManifest_Generation = YES;
				INFOPLIST_KEY_UIApplicationSupportsIndirectInputEvents = YES;
				INFOPLIST_KEY_UILaunchScreen_Generation = YES;
				INFOPLIST_KEY_UISupportedInterfaceOrientations = "UIInterfaceOrientationLandscapeLeft UIInterfaceOrientationLandscapeRight UIInterfaceOrientationPortrait";
				INFOPLIST_KEY_UISupportedInterfaceOrientations_iPad = "UIInterfaceOrientationLandscapeLeft UIInterfaceOrientationLandscapeRight";
				IPHONEOS_DEPLOYMENT_TARGET = 17.0;
				LD_RUNPATH_SEARCH_PATHS = (
					"$(inherited)",
					"@executable_path/Frameworks",
				);
				MARKETING_VERSION = 1.0;
				PRODUCT_BUNDLE_IDENTIFIER = beom.Polarnal;
				PRODUCT_NAME = "$(TARGET_NAME)";
				REGISTER_APP_GROUPS = NO;
				SUPPORTED_PLATFORMS = "iphoneos iphonesimulator macosx";
				SUPPORTS_MACCATALYST = NO;
				SUPPORTS_MAC_DESIGNED_FOR_IPHONE_IPAD = NO;
				SUPPORTS_XR_DESIGNED_FOR_IPHONE_IPAD = NO;
				SWIFT_EMIT_LOC_STRINGS = YES;
				SWIFT_VERSION = 5.0;
				TARGETED_DEVICE_FAMILY = 2;
			};
			name = Debug;
		};
		6B790FAD2CFEA3090000AC03 /* Release */ = {
			isa = XCBuildConfiguration;
			buildSettings = {
				ASSETCATALOG_COMPILER_APPICON_NAME = AppIcon;
				ASSETCATALOG_COMPILER_GLOBAL_ACCENT_COLOR_NAME = AccentColor;
				CODE_SIGN_STYLE = Automatic;
				CURRENT_PROJECT_VERSION = 1;
				DEVELOPMENT_ASSET_PATHS = "\"Polarnal/Preview Content\"";
				DEVELOPMENT_TEAM = F8Q3Y446GH;
				ENABLE_PREVIEWS = YES;
				GENERATE_INFOPLIST_FILE = YES;
				INFOPLIST_KEY_UIApplicationSceneManifest_Generation = YES;
				INFOPLIST_KEY_UIApplicationSupportsIndirectInputEvents = YES;
				INFOPLIST_KEY_UILaunchScreen_Generation = YES;
				INFOPLIST_KEY_UISupportedInterfaceOrientations = "UIInterfaceOrientationLandscapeLeft UIInterfaceOrientationLandscapeRight UIInterfaceOrientationPortrait";
				INFOPLIST_KEY_UISupportedInterfaceOrientations_iPad = "UIInterfaceOrientationLandscapeLeft UIInterfaceOrientationLandscapeRight";
				IPHONEOS_DEPLOYMENT_TARGET = 17.0;
				LD_RUNPATH_SEARCH_PATHS = (
					"$(inherited)",
					"@executable_path/Frameworks",
				);
				MARKETING_VERSION = 1.0;
				PRODUCT_BUNDLE_IDENTIFIER = beom.Polarnal;
				PRODUCT_NAME = "$(TARGET_NAME)";
				REGISTER_APP_GROUPS = NO;
				SUPPORTED_PLATFORMS = "iphoneos iphonesimulator macosx";
				SUPPORTS_MACCATALYST = NO;
				SUPPORTS_MAC_DESIGNED_FOR_IPHONE_IPAD = NO;
				SUPPORTS_XR_DESIGNED_FOR_IPHONE_IPAD = NO;
				SWIFT_EMIT_LOC_STRINGS = YES;
				SWIFT_VERSION = 5.0;
				TARGETED_DEVICE_FAMILY = 2;
			};
			name = Release;
		};
		6B91293F2D50A75A005C85D2 /* Debug */ = {
			isa = XCBuildConfiguration;
			buildSettings = {
				ASSETCATALOG_COMPILER_APPICON_NAME = AppIcon;
				ASSETCATALOG_COMPILER_GLOBAL_ACCENT_COLOR_NAME = AccentColor;
				CODE_SIGN_ENTITLEMENTS = MacPolarnal/MacPolarnal.entitlements;
				CODE_SIGN_STYLE = Automatic;
				COMBINE_HIDPI_IMAGES = YES;
				CURRENT_PROJECT_VERSION = 1;
				DEVELOPMENT_ASSET_PATHS = "\"MacPolarnal/Preview Content\"";
				DEVELOPMENT_TEAM = F8Q3Y446GH;
				ENABLE_HARDENED_RUNTIME = YES;
				ENABLE_PREVIEWS = YES;
				GENERATE_INFOPLIST_FILE = YES;
				INFOPLIST_KEY_NSHumanReadableCopyright = "";
				LD_RUNPATH_SEARCH_PATHS = (
					"$(inherited)",
					"@executable_path/../Frameworks",
				);
				MACOSX_DEPLOYMENT_TARGET = 15.2;
				MARKETING_VERSION = 1.0;
				PRODUCT_BUNDLE_IDENTIFIER = beom.MacPolarnal;
				PRODUCT_NAME = "$(TARGET_NAME)";
				SDKROOT = macosx;
				SWIFT_EMIT_LOC_STRINGS = YES;
				SWIFT_VERSION = 5.0;
			};
			name = Debug;
		};
		6B9129402D50A75A005C85D2 /* Release */ = {
			isa = XCBuildConfiguration;
			buildSettings = {
				ASSETCATALOG_COMPILER_APPICON_NAME = AppIcon;
				ASSETCATALOG_COMPILER_GLOBAL_ACCENT_COLOR_NAME = AccentColor;
				CODE_SIGN_ENTITLEMENTS = MacPolarnal/MacPolarnal.entitlements;
				CODE_SIGN_STYLE = Automatic;
				COMBINE_HIDPI_IMAGES = YES;
				CURRENT_PROJECT_VERSION = 1;
				DEVELOPMENT_ASSET_PATHS = "\"MacPolarnal/Preview Content\"";
				DEVELOPMENT_TEAM = F8Q3Y446GH;
				ENABLE_HARDENED_RUNTIME = YES;
				ENABLE_PREVIEWS = YES;
				GENERATE_INFOPLIST_FILE = YES;
				INFOPLIST_KEY_NSHumanReadableCopyright = "";
				LD_RUNPATH_SEARCH_PATHS = (
					"$(inherited)",
					"@executable_path/../Frameworks",
				);
				MACOSX_DEPLOYMENT_TARGET = 15.2;
				MARKETING_VERSION = 1.0;
				PRODUCT_BUNDLE_IDENTIFIER = beom.MacPolarnal;
				PRODUCT_NAME = "$(TARGET_NAME)";
				SDKROOT = macosx;
				SWIFT_EMIT_LOC_STRINGS = YES;
				SWIFT_VERSION = 5.0;
			};
			name = Release;
		};
		6B9129422D50A75A005C85D2 /* Debug */ = {
			isa = XCBuildConfiguration;
			buildSettings = {
				BUNDLE_LOADER = "$(TEST_HOST)";
				CODE_SIGN_STYLE = Automatic;
				CURRENT_PROJECT_VERSION = 1;
				DEVELOPMENT_TEAM = F8Q3Y446GH;
				GENERATE_INFOPLIST_FILE = YES;
				MACOSX_DEPLOYMENT_TARGET = 15.2;
				MARKETING_VERSION = 1.0;
				PRODUCT_BUNDLE_IDENTIFIER = beom.MacPolarnalTests;
				PRODUCT_NAME = "$(TARGET_NAME)";
				SDKROOT = macosx;
				SWIFT_EMIT_LOC_STRINGS = NO;
				SWIFT_VERSION = 5.0;
				TEST_HOST = "$(BUILT_PRODUCTS_DIR)/MacPolarnal.app/$(BUNDLE_EXECUTABLE_FOLDER_PATH)/MacPolarnal";
			};
			name = Debug;
		};
		6B9129432D50A75A005C85D2 /* Release */ = {
			isa = XCBuildConfiguration;
			buildSettings = {
				BUNDLE_LOADER = "$(TEST_HOST)";
				CODE_SIGN_STYLE = Automatic;
				CURRENT_PROJECT_VERSION = 1;
				DEVELOPMENT_TEAM = F8Q3Y446GH;
				GENERATE_INFOPLIST_FILE = YES;
				MACOSX_DEPLOYMENT_TARGET = 15.2;
				MARKETING_VERSION = 1.0;
				PRODUCT_BUNDLE_IDENTIFIER = beom.MacPolarnalTests;
				PRODUCT_NAME = "$(TARGET_NAME)";
				SDKROOT = macosx;
				SWIFT_EMIT_LOC_STRINGS = NO;
				SWIFT_VERSION = 5.0;
				TEST_HOST = "$(BUILT_PRODUCTS_DIR)/MacPolarnal.app/$(BUNDLE_EXECUTABLE_FOLDER_PATH)/MacPolarnal";
			};
			name = Release;
		};
		6B9129452D50A75A005C85D2 /* Debug */ = {
			isa = XCBuildConfiguration;
			buildSettings = {
				CODE_SIGN_STYLE = Automatic;
				CURRENT_PROJECT_VERSION = 1;
				DEVELOPMENT_TEAM = F8Q3Y446GH;
				GENERATE_INFOPLIST_FILE = YES;
				MACOSX_DEPLOYMENT_TARGET = 15.2;
				MARKETING_VERSION = 1.0;
				PRODUCT_BUNDLE_IDENTIFIER = beom.MacPolarnalUITests;
				PRODUCT_NAME = "$(TARGET_NAME)";
				SDKROOT = macosx;
				SWIFT_EMIT_LOC_STRINGS = NO;
				SWIFT_VERSION = 5.0;
				TEST_TARGET_NAME = MacPolarnal;
			};
			name = Debug;
		};
		6B9129462D50A75A005C85D2 /* Release */ = {
			isa = XCBuildConfiguration;
			buildSettings = {
				CODE_SIGN_STYLE = Automatic;
				CURRENT_PROJECT_VERSION = 1;
				DEVELOPMENT_TEAM = F8Q3Y446GH;
				GENERATE_INFOPLIST_FILE = YES;
				MACOSX_DEPLOYMENT_TARGET = 15.2;
				MARKETING_VERSION = 1.0;
				PRODUCT_BUNDLE_IDENTIFIER = beom.MacPolarnalUITests;
				PRODUCT_NAME = "$(TARGET_NAME)";
				SDKROOT = macosx;
				SWIFT_EMIT_LOC_STRINGS = NO;
				SWIFT_VERSION = 5.0;
				TEST_TARGET_NAME = MacPolarnal;
			};
			name = Release;
		};
/* End XCBuildConfiguration section */

/* Begin XCConfigurationList section */
		6B790F962CFEA3080000AC03 /* Build configuration list for PBXProject "Polarnal" */ = {
			isa = XCConfigurationList;
			buildConfigurations = (
				6B790FA92CFEA3090000AC03 /* Debug */,
				6B790FAA2CFEA3090000AC03 /* Release */,
			);
			defaultConfigurationIsVisible = 0;
			defaultConfigurationName = Release;
		};
		6B790FAB2CFEA3090000AC03 /* Build configuration list for PBXNativeTarget "Polarnal" */ = {
			isa = XCConfigurationList;
			buildConfigurations = (
				6B790FAC2CFEA3090000AC03 /* Debug */,
				6B790FAD2CFEA3090000AC03 /* Release */,
			);
			defaultConfigurationIsVisible = 0;
			defaultConfigurationName = Release;
		};
		6B91293E2D50A75A005C85D2 /* Build configuration list for PBXNativeTarget "MacPolarnal" */ = {
			isa = XCConfigurationList;
			buildConfigurations = (
				6B91293F2D50A75A005C85D2 /* Debug */,
				6B9129402D50A75A005C85D2 /* Release */,
			);
			defaultConfigurationIsVisible = 0;
			defaultConfigurationName = Release;
		};
		6B9129412D50A75A005C85D2 /* Build configuration list for PBXNativeTarget "MacPolarnalTests" */ = {
			isa = XCConfigurationList;
			buildConfigurations = (
				6B9129422D50A75A005C85D2 /* Debug */,
				6B9129432D50A75A005C85D2 /* Release */,
			);
			defaultConfigurationIsVisible = 0;
			defaultConfigurationName = Release;
		};
		6B9129442D50A75A005C85D2 /* Build configuration list for PBXNativeTarget "MacPolarnalUITests" */ = {
			isa = XCConfigurationList;
			buildConfigurations = (
				6B9129452D50A75A005C85D2 /* Debug */,
				6B9129462D50A75A005C85D2 /* Release */,
			);
			defaultConfigurationIsVisible = 0;
			defaultConfigurationName = Release;
		};
/* End XCConfigurationList section */

/* Begin XCLocalSwiftPackageReference section */
		6B9F61B32D3E621D00875186 /* XCLocalSwiftPackageReference "../../포폴용/EnumHelper" */ = {
			isa = XCLocalSwiftPackageReference;
			relativePath = "../../포폴용/EnumHelper";
		};
/* End XCLocalSwiftPackageReference section */

/* Begin XCSwiftPackageProductDependency section */
		6B9F61B42D3E621D00875186 /* EnumHelper */ = {
			isa = XCSwiftPackageProductDependency;
			productName = EnumHelper;
		};
/* End XCSwiftPackageProductDependency section */
	};
	rootObject = 6B790F932CFEA3080000AC03 /* Project object */;
}
