// !$*UTF8*$!
{
	archiveVersion = 1;
	classes = {
	};
	objectVersion = 70;
	objects = {

/* Begin PBXBuildFile section */
		6B37A7782D06842700239987 /* DateManager.swift in Sources */ = {isa = PBXBuildFile; fileRef = 6B37A7772D06842700239987 /* DateManager.swift */; };
		6B37A7872D08514400239987 /* EvnentDB.swift in Sources */ = {isa = PBXBuildFile; fileRef = 6B37A7862D08514400239987 /* EvnentDB.swift */; };
		6B37A7A92D0AA49900239987 /* DDayDB.swift in Sources */ = {isa = PBXBuildFile; fileRef = 6B37A7A82D0AA49900239987 /* DDayDB.swift */; };
		6B37A7AB2D0AA4B500239987 /* TodoDB.swift in Sources */ = {isa = PBXBuildFile; fileRef = 6B37A7AA2D0AA4B500239987 /* TodoDB.swift */; };
		6B37A7D22D0FEDCB00239987 /* TravelPlanDB.swift in Sources */ = {isa = PBXBuildFile; fileRef = 6B37A7D12D0FEDCB00239987 /* TravelPlanDB.swift */; };
		6B37A7DB2D100E9C00239987 /* TravelCostType.swift in Sources */ = {isa = PBXBuildFile; fileRef = 6B37A7DA2D100E9C00239987 /* TravelCostType.swift */; };
		6B790FAF2CFEA33C0000AC03 /* .gitignore in Resources */ = {isa = PBXBuildFile; fileRef = 6B790FAE2CFEA33B0000AC03 /* .gitignore */; };
		6B790FB72CFEA4430000AC03 /* LogManager.swift in Sources */ = {isa = PBXBuildFile; fileRef = 6B790FB62CFEA4430000AC03 /* LogManager.swift */; };
		6B790FB92CFEA4830000AC03 /* DBManager.swift in Sources */ = {isa = PBXBuildFile; fileRef = 6B790FB82CFEA4830000AC03 /* DBManager.swift */; };
		6B790FBC2CFEA4F40000AC03 /* FolderDB.swift in Sources */ = {isa = PBXBuildFile; fileRef = 6B790FBB2CFEA4F40000AC03 /* FolderDB.swift */; };
		6B790FBE2CFEA50A0000AC03 /* NoteDB.swift in Sources */ = {isa = PBXBuildFile; fileRef = 6B790FBD2CFEA50A0000AC03 /* NoteDB.swift */; };
		6B9129152D4F8EA3005C85D2 /* LocaleFileManager.swift in Sources */ = {isa = PBXBuildFile; fileRef = 6B9129142D4F8EA3005C85D2 /* LocaleFileManager.swift */; };
		6B91294A2D50A842005C85D2 /* LocaleFileManager.swift in Sources */ = {isa = PBXBuildFile; fileRef = 6B9129142D4F8EA3005C85D2 /* LocaleFileManager.swift */; };
		6B91294B2D50A842005C85D2 /* CostFormatter.swift in Sources */ = {isa = PBXBuildFile; fileRef = 6BDAE5042D1579E700A066E9 /* CostFormatter.swift */; };
		6B91294C2D50A842005C85D2 /* DateManager.swift in Sources */ = {isa = PBXBuildFile; fileRef = 6B37A7772D06842700239987 /* DateManager.swift */; };
		6B91294D2D50A842005C85D2 /* MapSearchManager.swift in Sources */ = {isa = PBXBuildFile; fileRef = 6BDAE52D2D2BD32C00A066E9 /* MapSearchManager.swift */; };
		6B91294E2D50A842005C85D2 /* LogManager.swift in Sources */ = {isa = PBXBuildFile; fileRef = 6B790FB62CFEA4430000AC03 /* LogManager.swift */; };
		6B9129572D50A86D005C85D2 /* EvnentDB.swift in Sources */ = {isa = PBXBuildFile; fileRef = 6B37A7862D08514400239987 /* EvnentDB.swift */; };
		6B9129582D50A86D005C85D2 /* FolderDB.swift in Sources */ = {isa = PBXBuildFile; fileRef = 6B790FBB2CFEA4F40000AC03 /* FolderDB.swift */; };
		6B9129592D50A86D005C85D2 /* CurrencyType.swift in Sources */ = {isa = PBXBuildFile; fileRef = 6BE6A6A12D13ABDC00931E7B /* CurrencyType.swift */; };
		6B91295A2D50A86D005C85D2 /* DBManager.swift in Sources */ = {isa = PBXBuildFile; fileRef = 6B790FB82CFEA4830000AC03 /* DBManager.swift */; };
		6B91295B2D50A86D005C85D2 /* TravelCostType.swift in Sources */ = {isa = PBXBuildFile; fileRef = 6B37A7DA2D100E9C00239987 /* TravelCostType.swift */; };
		6B91295C2D50A86D005C85D2 /* TodoDB.swift in Sources */ = {isa = PBXBuildFile; fileRef = 6B37A7AA2D0AA4B500239987 /* TodoDB.swift */; };
		6B91295D2D50A86D005C85D2 /* TravelDocumentType.swift in Sources */ = {isa = PBXBuildFile; fileRef = 6BDAE50B2D18F38E00A066E9 /* TravelDocumentType.swift */; };
		6B91295E2D50A86D005C85D2 /* NoteDB.swift in Sources */ = {isa = PBXBuildFile; fileRef = 6B790FBD2CFEA50A0000AC03 /* NoteDB.swift */; };
		6B91295F2D50A86D005C85D2 /* TravelDestinationFolderDB.swift in Sources */ = {isa = PBXBuildFile; fileRef = 6BDAE51D2D290FA500A066E9 /* TravelDestinationFolderDB.swift */; };
		6B9129602D50A86D005C85D2 /* TravelPlanDB.swift in Sources */ = {isa = PBXBuildFile; fileRef = 6B37A7D12D0FEDCB00239987 /* TravelPlanDB.swift */; };
		6B9129612D50A86D005C85D2 /* DDayDB.swift in Sources */ = {isa = PBXBuildFile; fileRef = 6B37A7A82D0AA49900239987 /* DDayDB.swift */; };
		6B9129A82D50B3FA005C85D2 /* EnumHelper in Frameworks */ = {isa = PBXBuildFile; productRef = 6B9129A72D50B3FA005C85D2 /* EnumHelper */; };
		6B9798962D5AFBD5000EB795 /* StorageManager.swift in Sources */ = {isa = PBXBuildFile; fileRef = 6B9798952D5AFBD5000EB795 /* StorageManager.swift */; };
		6B9798972D5AFBD5000EB795 /* StorageManager.swift in Sources */ = {isa = PBXBuildFile; fileRef = 6B9798952D5AFBD5000EB795 /* StorageManager.swift */; };
		6B9F61B52D3E621D00875186 /* EnumHelper in Frameworks */ = {isa = PBXBuildFile; productRef = 6B9F61B42D3E621D00875186 /* EnumHelper */; };
		6BDAE5052D1579E700A066E9 /* CostFormatter.swift in Sources */ = {isa = PBXBuildFile; fileRef = 6BDAE5042D1579E700A066E9 /* CostFormatter.swift */; };
		6BDAE50C2D18F38E00A066E9 /* TravelDocumentType.swift in Sources */ = {isa = PBXBuildFile; fileRef = 6BDAE50B2D18F38E00A066E9 /* TravelDocumentType.swift */; };
		6BDAE51E2D290FA500A066E9 /* TravelDestinationFolderDB.swift in Sources */ = {isa = PBXBuildFile; fileRef = 6BDAE51D2D290FA500A066E9 /* TravelDestinationFolderDB.swift */; };
		6BDAE52E2D2BD32C00A066E9 /* MapSearchManager.swift in Sources */ = {isa = PBXBuildFile; fileRef = 6BDAE52D2D2BD32C00A066E9 /* MapSearchManager.swift */; };
		6BE6A6A22D13ABDC00931E7B /* CurrencyType.swift in Sources */ = {isa = PBXBuildFile; fileRef = 6BE6A6A12D13ABDC00931E7B /* CurrencyType.swift */; };
		6BF08AFF2D655070002D7015 /* RoutineDB.swift in Sources */ = {isa = PBXBuildFile; fileRef = 6BF08AFE2D655070002D7015 /* RoutineDB.swift */; };
		6BF08B002D655070002D7015 /* RoutineDB.swift in Sources */ = {isa = PBXBuildFile; fileRef = 6BF08AFE2D655070002D7015 /* RoutineDB.swift */; };
		6BF08B262D66C6F0002D7015 /* DateManager.swift in Sources */ = {isa = PBXBuildFile; fileRef = 6B37A7772D06842700239987 /* DateManager.swift */; };
		6BF08B272D66C93E002D7015 /* RoutineDB.swift in Sources */ = {isa = PBXBuildFile; fileRef = 6BF08AFE2D655070002D7015 /* RoutineDB.swift */; };
		6BF08B282D66CAF5002D7015 /* LogManager.swift in Sources */ = {isa = PBXBuildFile; fileRef = 6B790FB62CFEA4430000AC03 /* LogManager.swift */; };
/* End PBXBuildFile section */

/* Begin PBXContainerItemProxy section */
		6B91292D2D50A75A005C85D2 /* PBXContainerItemProxy */ = {
			isa = PBXContainerItemProxy;
			containerPortal = 6B790F932CFEA3080000AC03 /* Project object */;
			proxyType = 1;
			remoteGlobalIDString = 6B9129192D50A758005C85D2;
			remoteInfo = MacPolarnal;
		};
		6B9129372D50A75A005C85D2 /* PBXContainerItemProxy */ = {
			isa = PBXContainerItemProxy;
			containerPortal = 6B790F932CFEA3080000AC03 /* Project object */;
			proxyType = 1;
			remoteGlobalIDString = 6B9129192D50A758005C85D2;
			remoteInfo = MacPolarnal;
		};
		6BF08B092D655580002D7015 /* PBXContainerItemProxy */ = {
			isa = PBXContainerItemProxy;
			containerPortal = 6B790F932CFEA3080000AC03 /* Project object */;
			proxyType = 1;
			remoteGlobalIDString = 6B790F9A2CFEA3080000AC03;
			remoteInfo = Polarnal;
		};
/* End PBXContainerItemProxy section */

/* Begin PBXFileReference section */
		6B37A7772D06842700239987 /* DateManager.swift */ = {isa = PBXFileReference; lastKnownFileType = sourcecode.swift; path = DateManager.swift; sourceTree = "<group>"; };
		6B37A7862D08514400239987 /* EvnentDB.swift */ = {isa = PBXFileReference; lastKnownFileType = sourcecode.swift; path = EvnentDB.swift; sourceTree = "<group>"; };
		6B37A7A82D0AA49900239987 /* DDayDB.swift */ = {isa = PBXFileReference; lastKnownFileType = sourcecode.swift; path = DDayDB.swift; sourceTree = "<group>"; };
		6B37A7AA2D0AA4B500239987 /* TodoDB.swift */ = {isa = PBXFileReference; lastKnownFileType = sourcecode.swift; path = TodoDB.swift; sourceTree = "<group>"; };
		6B37A7D12D0FEDCB00239987 /* TravelPlanDB.swift */ = {isa = PBXFileReference; lastKnownFileType = sourcecode.swift; path = TravelPlanDB.swift; sourceTree = "<group>"; };
		6B37A7DA2D100E9C00239987 /* TravelCostType.swift */ = {isa = PBXFileReference; lastKnownFileType = sourcecode.swift; path = TravelCostType.swift; sourceTree = "<group>"; };
		6B790F9B2CFEA3080000AC03 /* Polarnal.app */ = {isa = PBXFileReference; explicitFileType = wrapper.application; includeInIndex = 0; path = Polarnal.app; sourceTree = BUILT_PRODUCTS_DIR; };
		6B790FAE2CFEA33B0000AC03 /* .gitignore */ = {isa = PBXFileReference; lastKnownFileType = text; path = .gitignore; sourceTree = "<group>"; };
		6B790FB62CFEA4430000AC03 /* LogManager.swift */ = {isa = PBXFileReference; lastKnownFileType = sourcecode.swift; path = LogManager.swift; sourceTree = "<group>"; };
		6B790FB82CFEA4830000AC03 /* DBManager.swift */ = {isa = PBXFileReference; lastKnownFileType = sourcecode.swift; path = DBManager.swift; sourceTree = "<group>"; };
		6B790FBB2CFEA4F40000AC03 /* FolderDB.swift */ = {isa = PBXFileReference; lastKnownFileType = sourcecode.swift; path = FolderDB.swift; sourceTree = "<group>"; };
		6B790FBD2CFEA50A0000AC03 /* NoteDB.swift */ = {isa = PBXFileReference; lastKnownFileType = sourcecode.swift; path = NoteDB.swift; sourceTree = "<group>"; };
		6B9129142D4F8EA3005C85D2 /* LocaleFileManager.swift */ = {isa = PBXFileReference; lastKnownFileType = sourcecode.swift; path = LocaleFileManager.swift; sourceTree = "<group>"; };
		6B91291A2D50A758005C85D2 /* MacPolarnal.app */ = {isa = PBXFileReference; explicitFileType = wrapper.application; includeInIndex = 0; path = MacPolarnal.app; sourceTree = BUILT_PRODUCTS_DIR; };
		6B91292C2D50A75A005C85D2 /* MacPolarnalTests.xctest */ = {isa = PBXFileReference; explicitFileType = wrapper.cfbundle; includeInIndex = 0; path = MacPolarnalTests.xctest; sourceTree = BUILT_PRODUCTS_DIR; };
		6B9129362D50A75A005C85D2 /* MacPolarnalUITests.xctest */ = {isa = PBXFileReference; explicitFileType = wrapper.cfbundle; includeInIndex = 0; path = MacPolarnalUITests.xctest; sourceTree = BUILT_PRODUCTS_DIR; };
		6B9798952D5AFBD5000EB795 /* StorageManager.swift */ = {isa = PBXFileReference; lastKnownFileType = sourcecode.swift; path = StorageManager.swift; sourceTree = "<group>"; };
		6BD9CE552D598F9A00674C10 /* Polarnal.entitlements */ = {isa = PBXFileReference; lastKnownFileType = text.plist.entitlements; path = Polarnal.entitlements; sourceTree = "<group>"; };
		6BDAE5042D1579E700A066E9 /* CostFormatter.swift */ = {isa = PBXFileReference; lastKnownFileType = sourcecode.swift; path = CostFormatter.swift; sourceTree = "<group>"; };
		6BDAE50B2D18F38E00A066E9 /* TravelDocumentType.swift */ = {isa = PBXFileReference; lastKnownFileType = sourcecode.swift; path = TravelDocumentType.swift; sourceTree = "<group>"; };
		6BDAE51D2D290FA500A066E9 /* TravelDestinationFolderDB.swift */ = {isa = PBXFileReference; lastKnownFileType = sourcecode.swift; path = TravelDestinationFolderDB.swift; sourceTree = "<group>"; };
		6BDAE52D2D2BD32C00A066E9 /* MapSearchManager.swift */ = {isa = PBXFileReference; lastKnownFileType = sourcecode.swift; path = MapSearchManager.swift; sourceTree = "<group>"; };
		6BE6A6A12D13ABDC00931E7B /* CurrencyType.swift */ = {isa = PBXFileReference; lastKnownFileType = sourcecode.swift; path = CurrencyType.swift; sourceTree = "<group>"; };
		6BF08AFE2D655070002D7015 /* RoutineDB.swift */ = {isa = PBXFileReference; lastKnownFileType = sourcecode.swift; path = RoutineDB.swift; sourceTree = "<group>"; };
		6BF08B052D655580002D7015 /* PolarnalTests.xctest */ = {isa = PBXFileReference; explicitFileType = wrapper.cfbundle; includeInIndex = 0; path = PolarnalTests.xctest; sourceTree = BUILT_PRODUCTS_DIR; };
/* End PBXFileReference section */

/* Begin PBXFileSystemSynchronizedBuildFileExceptionSet section */
		6B92FC1D2D6F295400E68E0E /* PBXFileSystemSynchronizedBuildFileExceptionSet */ = {
			isa = PBXFileSystemSynchronizedBuildFileExceptionSet;
			membershipExceptions = (
				Planner/Calendar/CalendarDateUseCase.swift,
				Planner/Calendar/CalendarEventUseCase.swift,
				Planner/Calendar/CalendarUseCaseProtocol.swift,
				Planner/DDay/DDayUseCase.swift,
				Planner/DDay/DDayUseCaseProtocol.swift,
				Planner/EventCategory/EventCategoryUseCase.swift,
				Planner/EventCategory/EventCategoryUseCaseProtocol.swift,
				Planner/Routine/RoutineUseCase.swift,
				Planner/Todo/TodoUseCase.swift,
				Planner/Todo/TodoUseCaseProtocol.swift,
			);
			target = 6B790F9A2CFEA3080000AC03 /* Polarnal */;
		};
		6B92FC312D6F39B400E68E0E /* PBXFileSystemSynchronizedBuildFileExceptionSet */ = {
			isa = PBXFileSystemSynchronizedBuildFileExceptionSet;
			membershipExceptions = (
				Repository/Planner/DDay/DDayRepository.swift,
				Repository/Planner/DDay/DDayRepositoryProtocol.swift,
				Repository/Planner/Event/EventRepository.swift,
				Repository/Planner/Event/EventRepositoryProtocol.swift,
				Repository/Planner/EventCategory/EventCategoryRepository.swift,
				Repository/Planner/EventCategory/EventCategoryRepositoryProtocol.swift,
				Repository/Planner/Routine/RoutineRepository.swift,
				Repository/Planner/Routine/RoutineRepositoryProtocol.swift,
				Repository/Planner/Todo/TodoRepository.swift,
				Repository/Planner/Todo/TodoRepositoryProtocol.swift,
			);
			target = 6B790F9A2CFEA3080000AC03 /* Polarnal */;
		};
		6BE975512D6DDD4F009C9C8D /* PBXFileSystemSynchronizedBuildFileExceptionSet */ = {
			isa = PBXFileSystemSynchronizedBuildFileExceptionSet;
			membershipExceptions = (
				App/PolarnalApp.swift,
				View/Ipad/Diary/DiaryView.swift,
				View/Ipad/Diary/Sheet/AddFolderView/AddFolderView.swift,
				View/Ipad/Diary/Sheet/AddFolderView/Component/TagCollectionView.swift,
				View/Ipad/Diary/Sheet/AddFolderView/Component/TagPartView.swift,
				View/Ipad/Planner/PlannerView.swift,
				View/Ipad/Planner/Sheet/AddDDay/AddDDayView.swift,
				View/Ipad/Planner/Sheet/AddEvent/AddEventView.swift,
				View/Ipad/Planner/Sheet/AddEventCategory/AddEventCategoryView.swift,
				View/Ipad/Planner/Sheet/AddTodo/AddTodoFolderView.swift,
				View/Ipad/Setting/AppSettingView.swift,
				View/Ipad/SideTabBar/SideTabBarView.swift,
				View/Ipad/TravelPlanner/Sheet/AddTravelCost/AddTravelCostView.swift,
				View/Ipad/TravelPlanner/Sheet/AddTravelCost/AddTravelCostViewModel.swift,
				View/Ipad/TravelPlanner/Sheet/AddTravelMap/AddTravelDestinationFolderView.swift,
				View/Ipad/TravelPlanner/Sheet/AddTravelMap/AddTravelDestinationFolderViewModel.swift,
				View/Ipad/TravelPlanner/Sheet/AddTravelPlan/AddTravelPlanView.swift,
				View/Ipad/TravelPlanner/Sheet/AddTravelPlan/AddTravelPlanViewModel.swift,
				View/Ipad/TravelPlanner/Sheet/AddTravelTicket/AddTravelTicketView.swift,
				View/Ipad/TravelPlanner/Sheet/AddTravelTicket/AddTravelTicketViewModel.swift,
				View/Ipad/TravelPlanner/TravelDashboard/SelectedTravelViewModel.swift,
				View/Ipad/TravelPlanner/TravelDashboard/TravelCost/TravelCostView.swift,
				View/Ipad/TravelPlanner/TravelDashboard/TravelCost/TravelCostViewModel.swift,
				View/Ipad/TravelPlanner/TravelDashboard/TravelDashboard.swift,
				View/Ipad/TravelPlanner/TravelDashboard/TravelDashboardViewModel.swift,
				View/Ipad/TravelPlanner/TravelDashboard/TravelMap/TravelDestinationListView.swift,
				View/Ipad/TravelPlanner/TravelDashboard/TravelMap/TravelDestinationViewModel.swift,
				View/Ipad/TravelPlanner/TravelDashboard/TravelMap/TravelMapView.swift,
				View/Ipad/TravelPlanner/TravelDashboard/TravelMap/TravelMapViewModel.swift,
				View/Ipad/TravelPlanner/TravelDashboard/TravelPlan/TravelPlanDetailViewModel.swift,
				View/Ipad/TravelPlanner/TravelDashboard/TravelPlan/TravelPlanView.swift,
				View/Ipad/TravelPlanner/TravelDashboard/TravelTicket/TravelTicketView.swift,
				View/Ipad/TravelPlanner/TravelDashboard/TravelTicket/TravelTicketViewModel.swift,
				View/Ipad/TravelPlanner/TravelDashboard/TravelTodo/Cell/TravelTodoCell.swift,
				View/Ipad/TravelPlanner/TravelDashboard/TravelTodo/Cell/TravelTodoCellViewModel.swift,
				View/Ipad/TravelPlanner/TravelDashboard/TravelTodo/TravelTodoMiniView.swift,
				View/Ipad/TravelPlanner/TravelDashboard/TravelTodo/TravelTodoMiniViewModel.swift,
			);
			target = 6B9129192D50A758005C85D2 /* MacPolarnal */;
		};
		6BE975BB2D6DDF58009C9C8D /* PBXFileSystemSynchronizedBuildFileExceptionSet */ = {
			isa = PBXFileSystemSynchronizedBuildFileExceptionSet;
			membershipExceptions = (
				"Extension/Color+Extension.swift",
				"Extension/Date+Extension.swift",
				"Extension/View+Extension.swift",
			);
			target = 6B790F9A2CFEA3080000AC03 /* Polarnal */;
		};
		6BE975BD2D6DDF77009C9C8D /* PBXFileSystemSynchronizedBuildFileExceptionSet */ = {
			isa = PBXFileSystemSynchronizedBuildFileExceptionSet;
			membershipExceptions = (
				Assets.xcassets,
				ColorPalette.swift,
				CommonDesign/DottedLine.swift,
				ContryCode.swift,
				DesignOfFolderIcon.swift,
				Localizable.xcstrings,
				MonthCase.swift,
			);
			target = 6B790F9A2CFEA3080000AC03 /* Polarnal */;
		};
		6BF08B972D6DDC47002D7015 /* PBXFileSystemSynchronizedBuildFileExceptionSet */ = {
			isa = PBXFileSystemSynchronizedBuildFileExceptionSet;
			membershipExceptions = (
				App/MacPolarnalApp_mac.swift,
				App/PolarnalApp.swift,
				View/Common/PhotoPicker.swift,
				View/Ipad/Diary/DiaryView.swift,
				View/Ipad/Diary/Folder/FolderListCell.swift,
				View/Ipad/Diary/Folder/FolderListView.swift,
				View/Ipad/Diary/Note/NoteListCell.swift,
				View/Ipad/Diary/Note/NoteListView.swift,
				View/Ipad/Diary/NoteContent/NoteContentView.swift,
				View/Ipad/Diary/Sheet/AddFolderView/AddFolderView.swift,
				View/Ipad/Diary/Sheet/AddFolderView/Component/ColorPalettePartView.swift,
				View/Ipad/Diary/Sheet/AddFolderView/Component/IconSelectPartView.swift,
				View/Ipad/Diary/Sheet/AddFolderView/Component/TagCollectionView.swift,
				View/Ipad/Diary/Sheet/AddFolderView/Component/TagPartView.swift,
				View/Ipad/Planner/Calendar/MainCalendarView.swift,
				View/Ipad/Planner/Calendar/MiniCalendarView.swift,
				View/Ipad/Planner/EventCategory/CalendarEventCategoryListView.swift,
				View/Ipad/Planner/PlannerTypeView/DDayView/DDayView.swift,
				View/Ipad/Planner/PlannerTypeView/PlannerTypeListView.swift,
				View/Ipad/Planner/PlannerTypeView/RoutineView/RoutineView.swift,
				View/Ipad/Planner/PlannerTypeView/TodoView/TodoCell.swift,
				View/Ipad/Planner/PlannerTypeView/TodoView/TodoView.swift,
				View/Ipad/Planner/PlannerView.swift,
				View/Ipad/Planner/Sheet/AddDDay/AddDDayView.swift,
				View/Ipad/Planner/Sheet/AddDDay/Component/AddDDayCategoryCell.swift,
				View/Ipad/Planner/Sheet/AddDDay/Component/AddDDayCell.swift,
				View/Ipad/Planner/Sheet/AddEvent/AddEventView.swift,
				View/Ipad/Planner/Sheet/AddEvent/Component/AddEventCell.swift,
				View/Ipad/Planner/Sheet/AddEventCategory/AddEventCategoryView.swift,
				View/Ipad/Planner/Sheet/AddRoutine/AddRoutineView.swift,
				View/Ipad/Planner/Sheet/AddTodo/AddTodoFolderView.swift,
				View/Ipad/Setting/AppSettingView.swift,
				View/Ipad/SideTabBar/SideTabBarView.swift,
				View/Ipad/TravelPlanner/Sheet/AddTravelCost/AddTravelCostView.swift,
				View/Ipad/TravelPlanner/Sheet/AddTravelCost/AddTravelCostViewModel.swift,
				View/Ipad/TravelPlanner/Sheet/AddTravelMap/AddTravelDestinationFolderView.swift,
				View/Ipad/TravelPlanner/Sheet/AddTravelMap/AddTravelDestinationFolderViewModel.swift,
				View/Ipad/TravelPlanner/Sheet/AddTravelPlan/AddTravelPlanView.swift,
				View/Ipad/TravelPlanner/Sheet/AddTravelPlan/AddTravelPlanViewModel.swift,
				View/Ipad/TravelPlanner/Sheet/AddTravelTicket/AddTravelTicketView.swift,
				View/Ipad/TravelPlanner/Sheet/AddTravelTicket/AddTravelTicketViewModel.swift,
				View/Ipad/TravelPlanner/TravelDashboard/SelectedTravelViewModel.swift,
				View/Ipad/TravelPlanner/TravelDashboard/TravelCost/TravelCostView.swift,
				View/Ipad/TravelPlanner/TravelDashboard/TravelCost/TravelCostViewModel.swift,
				View/Ipad/TravelPlanner/TravelDashboard/TravelDashboard.swift,
				View/Ipad/TravelPlanner/TravelDashboard/TravelDashboardViewModel.swift,
				View/Ipad/TravelPlanner/TravelDashboard/TravelMap/TravelDestinationListView.swift,
				View/Ipad/TravelPlanner/TravelDashboard/TravelMap/TravelDestinationViewModel.swift,
				View/Ipad/TravelPlanner/TravelDashboard/TravelMap/TravelMapView.swift,
				View/Ipad/TravelPlanner/TravelDashboard/TravelMap/TravelMapViewModel.swift,
				View/Ipad/TravelPlanner/TravelDashboard/TravelPlan/TravelPlanDetailViewModel.swift,
				View/Ipad/TravelPlanner/TravelDashboard/TravelPlan/TravelPlanView.swift,
				View/Ipad/TravelPlanner/TravelDashboard/TravelTicket/TravelTicketView.swift,
				View/Ipad/TravelPlanner/TravelDashboard/TravelTicket/TravelTicketViewModel.swift,
				View/Ipad/TravelPlanner/TravelDashboard/TravelTodo/Cell/TravelTodoCell.swift,
				View/Ipad/TravelPlanner/TravelDashboard/TravelTodo/Cell/TravelTodoCellViewModel.swift,
				View/Ipad/TravelPlanner/TravelDashboard/TravelTodo/TravelTodoMiniView.swift,
				View/Ipad/TravelPlanner/TravelDashboard/TravelTodo/TravelTodoMiniViewModel.swift,
				View/Mac/Diary/AddFolderView_mac.swift,
				View/Mac/Diary/DiaryView_mac.swift,
				View/Mac/Planner/AddDDayView_mac.swift,
				View/Mac/Planner/AddEventCategoryView_mac.swift,
				View/Mac/Planner/AddEventView_mac.swift,
				View/Mac/Planner/AddRoutineView_mac.swift,
				View/Mac/Planner/AddTodoFolderView_mac.swift,
				View/Mac/Planner/PlannerView_mac.swift,
				View/Mac/Setting/AppSettingView_mac.swift,
				View/Mac/SideTabBarView_mac.swift,
				ViewModel/BaseProtocol/ViewModelProtocol.swift,
				ViewModel/Diary/Diary/DiaryStateViewModel.swift,
				ViewModel/Diary/Diary/DiaryUIViewModel.swift,
				ViewModel/Diary/Folder/FolderListViewModel.swift,
				ViewModel/Diary/ModalSheet/AddFolderViewModel.swift,
				ViewModel/Diary/ModalSheet/DiaryViewSheetType.swift,
				ViewModel/Diary/Note/NoteListCellViewModel.swift,
				ViewModel/Diary/Note/NoteListViewModel.swift,
				ViewModel/Planner/Calendar/CalendarViewModel.swift,
				ViewModel/Planner/Calendar/MainCalendarCellViewModel.swift,
				ViewModel/Planner/DDay/DDayViewModel.swift,
				ViewModel/Planner/EventCategory/CalendarEventCategoryViewModel.swift,
				ViewModel/Planner/ModalSheet/AddDDayCellType.swift,
				ViewModel/Planner/ModalSheet/AddDDayViewModel.swift,
				ViewModel/Planner/ModalSheet/AddEventCategoryViewModel.swift,
				ViewModel/Planner/ModalSheet/AddEventCellType.swift,
				ViewModel/Planner/ModalSheet/AddEventViewModel.swift,
				ViewModel/Planner/ModalSheet/AddRoutineViewModel.swift,
				ViewModel/Planner/ModalSheet/AddTodoFolderViewModel.swift,
				ViewModel/Planner/PlannerViewModel.swift,
				ViewModel/Planner/Routine/RoutineCellViewModel.swift,
				ViewModel/Planner/Routine/RoutineViewModel.swift,
				ViewModel/Planner/Todo/TodoContentCellViewModel.swift,
				ViewModel/Planner/Todo/TodoFolderViewModel.swift,
				ViewModel/Planner/Todo/TodoViewModel.swift,
				ViewModel/SideBar/SideTabBarViewModel.swift,
				ViewModel/SideBar/TabTye.swift,
			);
			target = 6B790F9A2CFEA3080000AC03 /* Polarnal */;
		};
/* End PBXFileSystemSynchronizedBuildFileExceptionSet section */

/* Begin PBXFileSystemSynchronizedRootGroup section */
		6B91291B2D50A758005C85D2 /* MacPolarnal */ = {isa = PBXFileSystemSynchronizedRootGroup; explicitFileTypes = {}; explicitFolders = (); path = MacPolarnal; sourceTree = "<group>"; };
		6B91292F2D50A75A005C85D2 /* MacPolarnalTests */ = {isa = PBXFileSystemSynchronizedRootGroup; explicitFileTypes = {}; explicitFolders = (); path = MacPolarnalTests; sourceTree = "<group>"; };
		6B9129392D50A75A005C85D2 /* MacPolarnalUITests */ = {isa = PBXFileSystemSynchronizedRootGroup; explicitFileTypes = {}; explicitFolders = (); path = MacPolarnalUITests; sourceTree = "<group>"; };
		6BE975B02D6DDF45009C9C8D /* Support */ = {isa = PBXFileSystemSynchronizedRootGroup; exceptions = (6BE975BB2D6DDF58009C9C8D /* PBXFileSystemSynchronizedBuildFileExceptionSet */, ); explicitFileTypes = {}; explicitFolders = (); path = Support; sourceTree = "<group>"; };
		6BE975BC2D6DDF6A009C9C8D /* Resources */ = {isa = PBXFileSystemSynchronizedRootGroup; exceptions = (6BE975BD2D6DDF77009C9C8D /* PBXFileSystemSynchronizedBuildFileExceptionSet */, ); explicitFileTypes = {}; explicitFolders = (); path = Resources; sourceTree = "<group>"; };
		6BF08B062D655580002D7015 /* PolarnalTests */ = {isa = PBXFileSystemSynchronizedRootGroup; explicitFileTypes = {}; explicitFolders = (); path = PolarnalTests; sourceTree = "<group>"; };
		6BF08B292D6DA932002D7015 /* UI */ = {isa = PBXFileSystemSynchronizedRootGroup; exceptions = (6BF08B972D6DDC47002D7015 /* PBXFileSystemSynchronizedBuildFileExceptionSet */, 6BE975512D6DDD4F009C9C8D /* PBXFileSystemSynchronizedBuildFileExceptionSet */, ); explicitFileTypes = {}; explicitFolders = (); path = UI; sourceTree = "<group>"; };
		6BF08B2B2D6DA94A002D7015 /* Domain */ = {isa = PBXFileSystemSynchronizedRootGroup; exceptions = (6B92FC1D2D6F295400E68E0E /* PBXFileSystemSynchronizedBuildFileExceptionSet */, ); explicitFileTypes = {}; explicitFolders = (); path = Domain; sourceTree = "<group>"; };
		6BF08B2C2D6DA96A002D7015 /* Data */ = {isa = PBXFileSystemSynchronizedRootGroup; exceptions = (6B92FC312D6F39B400E68E0E /* PBXFileSystemSynchronizedBuildFileExceptionSet */, ); explicitFileTypes = {}; explicitFolders = (); path = Data; sourceTree = "<group>"; };
/* End PBXFileSystemSynchronizedRootGroup section */

/* Begin PBXFrameworksBuildPhase section */
		6B790F982CFEA3080000AC03 /* Frameworks */ = {
			isa = PBXFrameworksBuildPhase;
			buildActionMask = 2147483647;
			files = (
				6B9F61B52D3E621D00875186 /* EnumHelper in Frameworks */,
			);
			runOnlyForDeploymentPostprocessing = 0;
		};
		6B9129172D50A758005C85D2 /* Frameworks */ = {
			isa = PBXFrameworksBuildPhase;
			buildActionMask = 2147483647;
			files = (
				6B9129A82D50B3FA005C85D2 /* EnumHelper in Frameworks */,
			);
			runOnlyForDeploymentPostprocessing = 0;
		};
		6B9129292D50A75A005C85D2 /* Frameworks */ = {
			isa = PBXFrameworksBuildPhase;
			buildActionMask = 2147483647;
			files = (
			);
			runOnlyForDeploymentPostprocessing = 0;
		};
		6B9129332D50A75A005C85D2 /* Frameworks */ = {
			isa = PBXFrameworksBuildPhase;
			buildActionMask = 2147483647;
			files = (
			);
			runOnlyForDeploymentPostprocessing = 0;
		};
		6BF08B022D655580002D7015 /* Frameworks */ = {
			isa = PBXFrameworksBuildPhase;
			buildActionMask = 2147483647;
			files = (
			);
			runOnlyForDeploymentPostprocessing = 0;
		};
/* End PBXFrameworksBuildPhase section */

/* Begin PBXGroup section */
		6B37A7762D06841700239987 /* DateManager */ = {
			isa = PBXGroup;
			children = (
				6B37A7772D06842700239987 /* DateManager.swift */,
			);
			path = DateManager;
			sourceTree = "<group>";
		};
		6B37A7842D0850EA00239987 /* Diary */ = {
			isa = PBXGroup;
			children = (
				6B790FBB2CFEA4F40000AC03 /* FolderDB.swift */,
				6B790FBD2CFEA50A0000AC03 /* NoteDB.swift */,
				6BF08AFE2D655070002D7015 /* RoutineDB.swift */,
			);
			path = Diary;
			sourceTree = "<group>";
		};
		6B37A7852D0850F600239987 /* CalendarPlanner */ = {
			isa = PBXGroup;
			children = (
				6B37A7862D08514400239987 /* EvnentDB.swift */,
				6B37A7A82D0AA49900239987 /* DDayDB.swift */,
				6B37A7AA2D0AA4B500239987 /* TodoDB.swift */,
			);
			path = CalendarPlanner;
			sourceTree = "<group>";
		};
		6B37A7D02D0FEDB700239987 /* Travel */ = {
			isa = PBXGroup;
			children = (
				6B37A7D12D0FEDCB00239987 /* TravelPlanDB.swift */,
				6BDAE51D2D290FA500A066E9 /* TravelDestinationFolderDB.swift */,
				6B37A7D72D100E6B00239987 /* Type */,
			);
			path = Travel;
			sourceTree = "<group>";
		};
		6B37A7D72D100E6B00239987 /* Type */ = {
			isa = PBXGroup;
			children = (
				6B37A7DA2D100E9C00239987 /* TravelCostType.swift */,
				6BE6A6A12D13ABDC00931E7B /* CurrencyType.swift */,
				6BDAE50B2D18F38E00A066E9 /* TravelDocumentType.swift */,
			);
			path = Type;
			sourceTree = "<group>";
		};
		6B790F922CFEA3080000AC03 = {
			isa = PBXGroup;
			children = (
				6BE975BC2D6DDF6A009C9C8D /* Resources */,
				6BE975B02D6DDF45009C9C8D /* Support */,
				6BF08B292D6DA932002D7015 /* UI */,
				6BF08B2B2D6DA94A002D7015 /* Domain */,
				6BF08B2C2D6DA96A002D7015 /* Data */,
				6BD9CE552D598F9A00674C10 /* Polarnal.entitlements */,
				6B790FAE2CFEA33B0000AC03 /* .gitignore */,
				6B9129652D50A980005C85D2 /* Shared */,
				6B91291B2D50A758005C85D2 /* MacPolarnal */,
				6B91292F2D50A75A005C85D2 /* MacPolarnalTests */,
				6B9129392D50A75A005C85D2 /* MacPolarnalUITests */,
				6BF08B062D655580002D7015 /* PolarnalTests */,
				6B9129A62D50B3F9005C85D2 /* Frameworks */,
				6B790F9C2CFEA3080000AC03 /* Products */,
			);
			sourceTree = "<group>";
		};
		6B790F9C2CFEA3080000AC03 /* Products */ = {
			isa = PBXGroup;
			children = (
				6B790F9B2CFEA3080000AC03 /* Polarnal.app */,
				6B91291A2D50A758005C85D2 /* MacPolarnal.app */,
				6B91292C2D50A75A005C85D2 /* MacPolarnalTests.xctest */,
				6B9129362D50A75A005C85D2 /* MacPolarnalUITests.xctest */,
				6BF08B052D655580002D7015 /* PolarnalTests.xctest */,
			);
			name = Products;
			sourceTree = "<group>";
		};
		6B790FB32CFEA4150000AC03 /* DB */ = {
			isa = PBXGroup;
			children = (
				6B790FB82CFEA4830000AC03 /* DBManager.swift */,
				6B790FBA2CFEA4D40000AC03 /* DBModel */,
			);
			path = DB;
			sourceTree = "<group>";
		};
		6B790FB42CFEA4270000AC03 /* Utils */ = {
			isa = PBXGroup;
			children = (
				6B9129692D50AABA005C85D2 /* LocaleFileManager */,
				6BDAE52C2D2BD31700A066E9 /* MapSearchManager */,
				6BDAE5032D1579CC00A066E9 /* CostFormatter */,
				6B37A7762D06841700239987 /* DateManager */,
				6B790FB52CFEA4320000AC03 /* LogManager */,
			);
			path = Utils;
			sourceTree = "<group>";
		};
		6B790FB52CFEA4320000AC03 /* LogManager */ = {
			isa = PBXGroup;
			children = (
				6B790FB62CFEA4430000AC03 /* LogManager.swift */,
			);
			path = LogManager;
			sourceTree = "<group>";
		};
		6B790FBA2CFEA4D40000AC03 /* DBModel */ = {
			isa = PBXGroup;
			children = (
				6B37A7D02D0FEDB700239987 /* Travel */,
				6B37A7852D0850F600239987 /* CalendarPlanner */,
				6B37A7842D0850EA00239987 /* Diary */,
			);
			path = DBModel;
			sourceTree = "<group>";
		};
		6B9129652D50A980005C85D2 /* Shared */ = {
			isa = PBXGroup;
			children = (
				6B790FB32CFEA4150000AC03 /* DB */,
				6B790FB42CFEA4270000AC03 /* Utils */,
			);
			path = Shared;
			sourceTree = "<group>";
		};
		6B9129692D50AABA005C85D2 /* LocaleFileManager */ = {
			isa = PBXGroup;
			children = (
				6B9129142D4F8EA3005C85D2 /* LocaleFileManager.swift */,
				6B9798952D5AFBD5000EB795 /* StorageManager.swift */,
			);
			path = LocaleFileManager;
			sourceTree = "<group>";
		};
		6B9129A62D50B3F9005C85D2 /* Frameworks */ = {
			isa = PBXGroup;
			children = (
			);
			name = Frameworks;
			sourceTree = "<group>";
		};
		6BDAE5032D1579CC00A066E9 /* CostFormatter */ = {
			isa = PBXGroup;
			children = (
				6BDAE5042D1579E700A066E9 /* CostFormatter.swift */,
			);
			path = CostFormatter;
			sourceTree = "<group>";
		};
		6BDAE52C2D2BD31700A066E9 /* MapSearchManager */ = {
			isa = PBXGroup;
			children = (
				6BDAE52D2D2BD32C00A066E9 /* MapSearchManager.swift */,
			);
			path = MapSearchManager;
			sourceTree = "<group>";
		};
/* End PBXGroup section */

/* Begin PBXNativeTarget section */
		6B790F9A2CFEA3080000AC03 /* Polarnal */ = {
			isa = PBXNativeTarget;
			buildConfigurationList = 6B790FAB2CFEA3090000AC03 /* Build configuration list for PBXNativeTarget "Polarnal" */;
			buildPhases = (
				6B790F972CFEA3080000AC03 /* Sources */,
				6B790F982CFEA3080000AC03 /* Frameworks */,
				6B790F992CFEA3080000AC03 /* Resources */,
			);
			buildRules = (
			);
			dependencies = (
			);
			name = Polarnal;
			productName = Polarnal;
			productReference = 6B790F9B2CFEA3080000AC03 /* Polarnal.app */;
			productType = "com.apple.product-type.application";
		};
		6B9129192D50A758005C85D2 /* MacPolarnal */ = {
			isa = PBXNativeTarget;
			buildConfigurationList = 6B91293E2D50A75A005C85D2 /* Build configuration list for PBXNativeTarget "MacPolarnal" */;
			buildPhases = (
				6B9129162D50A758005C85D2 /* Sources */,
				6B9129172D50A758005C85D2 /* Frameworks */,
				6B9129182D50A758005C85D2 /* Resources */,
			);
			buildRules = (
			);
			dependencies = (
			);
			fileSystemSynchronizedGroups = (
				6B91291B2D50A758005C85D2 /* MacPolarnal */,
				6BE975B02D6DDF45009C9C8D /* Support */,
				6BE975BC2D6DDF6A009C9C8D /* Resources */,
				6BF08B292D6DA932002D7015 /* UI */,
				6BF08B2B2D6DA94A002D7015 /* Domain */,
				6BF08B2C2D6DA96A002D7015 /* Data */,
			);
			name = MacPolarnal;
			packageProductDependencies = (
				6B9129A72D50B3FA005C85D2 /* EnumHelper */,
			);
			productName = MacPolarnal;
			productReference = 6B91291A2D50A758005C85D2 /* MacPolarnal.app */;
			productType = "com.apple.product-type.application";
		};
		6B91292B2D50A75A005C85D2 /* MacPolarnalTests */ = {
			isa = PBXNativeTarget;
			buildConfigurationList = 6B9129412D50A75A005C85D2 /* Build configuration list for PBXNativeTarget "MacPolarnalTests" */;
			buildPhases = (
				6B9129282D50A75A005C85D2 /* Sources */,
				6B9129292D50A75A005C85D2 /* Frameworks */,
				6B91292A2D50A75A005C85D2 /* Resources */,
			);
			buildRules = (
			);
			dependencies = (
				6B91292E2D50A75A005C85D2 /* PBXTargetDependency */,
			);
			fileSystemSynchronizedGroups = (
				6B91292F2D50A75A005C85D2 /* MacPolarnalTests */,
			);
			name = MacPolarnalTests;
			packageProductDependencies = (
			);
			productName = MacPolarnalTests;
			productReference = 6B91292C2D50A75A005C85D2 /* MacPolarnalTests.xctest */;
			productType = "com.apple.product-type.bundle.unit-test";
		};
		6B9129352D50A75A005C85D2 /* MacPolarnalUITests */ = {
			isa = PBXNativeTarget;
			buildConfigurationList = 6B9129442D50A75A005C85D2 /* Build configuration list for PBXNativeTarget "MacPolarnalUITests" */;
			buildPhases = (
				6B9129322D50A75A005C85D2 /* Sources */,
				6B9129332D50A75A005C85D2 /* Frameworks */,
				6B9129342D50A75A005C85D2 /* Resources */,
			);
			buildRules = (
			);
			dependencies = (
				6B9129382D50A75A005C85D2 /* PBXTargetDependency */,
			);
			fileSystemSynchronizedGroups = (
				6B9129392D50A75A005C85D2 /* MacPolarnalUITests */,
			);
			name = MacPolarnalUITests;
			packageProductDependencies = (
			);
			productName = MacPolarnalUITests;
			productReference = 6B9129362D50A75A005C85D2 /* MacPolarnalUITests.xctest */;
			productType = "com.apple.product-type.bundle.ui-testing";
		};
		6BF08B042D655580002D7015 /* PolarnalTests */ = {
			isa = PBXNativeTarget;
			buildConfigurationList = 6BF08B0B2D655580002D7015 /* Build configuration list for PBXNativeTarget "PolarnalTests" */;
			buildPhases = (
				6BF08B012D655580002D7015 /* Sources */,
				6BF08B022D655580002D7015 /* Frameworks */,
				6BF08B032D655580002D7015 /* Resources */,
			);
			buildRules = (
			);
			dependencies = (
				6BF08B0A2D655580002D7015 /* PBXTargetDependency */,
			);
			fileSystemSynchronizedGroups = (
				6BF08B062D655580002D7015 /* PolarnalTests */,
			);
			name = PolarnalTests;
			packageProductDependencies = (
			);
			productName = PolarnalTests;
			productReference = 6BF08B052D655580002D7015 /* PolarnalTests.xctest */;
			productType = "com.apple.product-type.bundle.unit-test";
		};
/* End PBXNativeTarget section */

/* Begin PBXProject section */
		6B790F932CFEA3080000AC03 /* Project object */ = {
			isa = PBXProject;
			attributes = {
				BuildIndependentTargetsInParallel = 1;
				LastSwiftUpdateCheck = 1620;
				LastUpgradeCheck = 1530;
				TargetAttributes = {
					6B790F9A2CFEA3080000AC03 = {
						CreatedOnToolsVersion = 15.3;
					};
					6B9129192D50A758005C85D2 = {
						CreatedOnToolsVersion = 16.2;
					};
					6B91292B2D50A75A005C85D2 = {
						CreatedOnToolsVersion = 16.2;
						TestTargetID = 6B9129192D50A758005C85D2;
					};
					6B9129352D50A75A005C85D2 = {
						CreatedOnToolsVersion = 16.2;
						TestTargetID = 6B9129192D50A758005C85D2;
					};
					6BF08B042D655580002D7015 = {
						CreatedOnToolsVersion = 16.2;
						TestTargetID = 6B790F9A2CFEA3080000AC03;
					};
				};
			};
			buildConfigurationList = 6B790F962CFEA3080000AC03 /* Build configuration list for PBXProject "Polarnal" */;
			compatibilityVersion = "Xcode 14.0";
			developmentRegion = en;
			hasScannedForEncodings = 0;
			knownRegions = (
				en,
				Base,
				ko,
				ja,
			);
			mainGroup = 6B790F922CFEA3080000AC03;
			packageReferences = (
				6B9F61B32D3E621D00875186 /* XCLocalSwiftPackageReference "../../포폴용/EnumHelper" */,
			);
			productRefGroup = 6B790F9C2CFEA3080000AC03 /* Products */;
			projectDirPath = "";
			projectRoot = "";
			targets = (
				6B790F9A2CFEA3080000AC03 /* Polarnal */,
				6B9129192D50A758005C85D2 /* MacPolarnal */,
				6B91292B2D50A75A005C85D2 /* MacPolarnalTests */,
				6B9129352D50A75A005C85D2 /* MacPolarnalUITests */,
				6BF08B042D655580002D7015 /* PolarnalTests */,
			);
		};
/* End PBXProject section */

/* Begin PBXResourcesBuildPhase section */
		6B790F992CFEA3080000AC03 /* Resources */ = {
			isa = PBXResourcesBuildPhase;
			buildActionMask = 2147483647;
			files = (
				6B790FAF2CFEA33C0000AC03 /* .gitignore in Resources */,
			);
			runOnlyForDeploymentPostprocessing = 0;
		};
		6B9129182D50A758005C85D2 /* Resources */ = {
			isa = PBXResourcesBuildPhase;
			buildActionMask = 2147483647;
			files = (
			);
			runOnlyForDeploymentPostprocessing = 0;
		};
		6B91292A2D50A75A005C85D2 /* Resources */ = {
			isa = PBXResourcesBuildPhase;
			buildActionMask = 2147483647;
			files = (
			);
			runOnlyForDeploymentPostprocessing = 0;
		};
		6B9129342D50A75A005C85D2 /* Resources */ = {
			isa = PBXResourcesBuildPhase;
			buildActionMask = 2147483647;
			files = (
			);
			runOnlyForDeploymentPostprocessing = 0;
		};
		6BF08B032D655580002D7015 /* Resources */ = {
			isa = PBXResourcesBuildPhase;
			buildActionMask = 2147483647;
			files = (
			);
			runOnlyForDeploymentPostprocessing = 0;
		};
/* End PBXResourcesBuildPhase section */

/* Begin PBXSourcesBuildPhase section */
		6B790F972CFEA3080000AC03 /* Sources */ = {
			isa = PBXSourcesBuildPhase;
			buildActionMask = 2147483647;
			files = (
				6B790FB92CFEA4830000AC03 /* DBManager.swift in Sources */,
				6B9798972D5AFBD5000EB795 /* StorageManager.swift in Sources */,
				6BE6A6A22D13ABDC00931E7B /* CurrencyType.swift in Sources */,
				6BDAE50C2D18F38E00A066E9 /* TravelDocumentType.swift in Sources */,
				6B37A7782D06842700239987 /* DateManager.swift in Sources */,
				6B790FBC2CFEA4F40000AC03 /* FolderDB.swift in Sources */,
				6B37A7872D08514400239987 /* EvnentDB.swift in Sources */,
				6B790FB72CFEA4430000AC03 /* LogManager.swift in Sources */,
				6BDAE51E2D290FA500A066E9 /* TravelDestinationFolderDB.swift in Sources */,
				6B37A7AB2D0AA4B500239987 /* TodoDB.swift in Sources */,
				6B37A7DB2D100E9C00239987 /* TravelCostType.swift in Sources */,
				6B37A7A92D0AA49900239987 /* DDayDB.swift in Sources */,
				6B9129152D4F8EA3005C85D2 /* LocaleFileManager.swift in Sources */,
				6BDAE5052D1579E700A066E9 /* CostFormatter.swift in Sources */,
				6BDAE52E2D2BD32C00A066E9 /* MapSearchManager.swift in Sources */,
				6B790FBE2CFEA50A0000AC03 /* NoteDB.swift in Sources */,
				6B37A7D22D0FEDCB00239987 /* TravelPlanDB.swift in Sources */,
				6BF08B002D655070002D7015 /* RoutineDB.swift in Sources */,
			);
			runOnlyForDeploymentPostprocessing = 0;
		};
		6B9129162D50A758005C85D2 /* Sources */ = {
			isa = PBXSourcesBuildPhase;
			buildActionMask = 2147483647;
			files = (
				6B9129572D50A86D005C85D2 /* EvnentDB.swift in Sources */,
				6B9129582D50A86D005C85D2 /* FolderDB.swift in Sources */,
				6B9129592D50A86D005C85D2 /* CurrencyType.swift in Sources */,
				6B91295A2D50A86D005C85D2 /* DBManager.swift in Sources */,
				6B91295B2D50A86D005C85D2 /* TravelCostType.swift in Sources */,
				6B91295C2D50A86D005C85D2 /* TodoDB.swift in Sources */,
				6B91295D2D50A86D005C85D2 /* TravelDocumentType.swift in Sources */,
				6B91295E2D50A86D005C85D2 /* NoteDB.swift in Sources */,
				6B9798962D5AFBD5000EB795 /* StorageManager.swift in Sources */,
				6BF08AFF2D655070002D7015 /* RoutineDB.swift in Sources */,
				6B91295F2D50A86D005C85D2 /* TravelDestinationFolderDB.swift in Sources */,
				6B9129602D50A86D005C85D2 /* TravelPlanDB.swift in Sources */,
				6B9129612D50A86D005C85D2 /* DDayDB.swift in Sources */,
				6B91294A2D50A842005C85D2 /* LocaleFileManager.swift in Sources */,
				6B91294B2D50A842005C85D2 /* CostFormatter.swift in Sources */,
				6B91294C2D50A842005C85D2 /* DateManager.swift in Sources */,
				6B91294D2D50A842005C85D2 /* MapSearchManager.swift in Sources */,
				6B91294E2D50A842005C85D2 /* LogManager.swift in Sources */,
			);
			runOnlyForDeploymentPostprocessing = 0;
		};
		6B9129282D50A75A005C85D2 /* Sources */ = {
			isa = PBXSourcesBuildPhase;
			buildActionMask = 2147483647;
			files = (
			);
			runOnlyForDeploymentPostprocessing = 0;
		};
		6B9129322D50A75A005C85D2 /* Sources */ = {
			isa = PBXSourcesBuildPhase;
			buildActionMask = 2147483647;
			files = (
			);
			runOnlyForDeploymentPostprocessing = 0;
		};
		6BF08B012D655580002D7015 /* Sources */ = {
			isa = PBXSourcesBuildPhase;
			buildActionMask = 2147483647;
			files = (
				6BF08B282D66CAF5002D7015 /* LogManager.swift in Sources */,
				6BF08B262D66C6F0002D7015 /* DateManager.swift in Sources */,
				6BF08B272D66C93E002D7015 /* RoutineDB.swift in Sources */,
			);
			runOnlyForDeploymentPostprocessing = 0;
		};
/* End PBXSourcesBuildPhase section */

/* Begin PBXTargetDependency section */
		6B91292E2D50A75A005C85D2 /* PBXTargetDependency */ = {
			isa = PBXTargetDependency;
			target = 6B9129192D50A758005C85D2 /* MacPolarnal */;
			targetProxy = 6B91292D2D50A75A005C85D2 /* PBXContainerItemProxy */;
		};
		6B9129382D50A75A005C85D2 /* PBXTargetDependency */ = {
			isa = PBXTargetDependency;
			target = 6B9129192D50A758005C85D2 /* MacPolarnal */;
			targetProxy = 6B9129372D50A75A005C85D2 /* PBXContainerItemProxy */;
		};
		6BF08B0A2D655580002D7015 /* PBXTargetDependency */ = {
			isa = PBXTargetDependency;
			target = 6B790F9A2CFEA3080000AC03 /* Polarnal */;
			targetProxy = 6BF08B092D655580002D7015 /* PBXContainerItemProxy */;
		};
/* End PBXTargetDependency section */

/* Begin XCBuildConfiguration section */
		6B790FA92CFEA3090000AC03 /* Debug */ = {
			isa = XCBuildConfiguration;
			buildSettings = {
				ALWAYS_SEARCH_USER_PATHS = NO;
				ASSETCATALOG_COMPILER_GENERATE_SWIFT_ASSET_SYMBOL_EXTENSIONS = YES;
				CLANG_ANALYZER_NONNULL = YES;
				CLANG_ANALYZER_NUMBER_OBJECT_CONVERSION = YES_AGGRESSIVE;
				CLANG_CXX_LANGUAGE_STANDARD = "gnu++20";
				CLANG_ENABLE_MODULES = YES;
				CLANG_ENABLE_OBJC_ARC = YES;
				CLANG_ENABLE_OBJC_WEAK = YES;
				CLANG_WARN_BLOCK_CAPTURE_AUTORELEASING = YES;
				CLANG_WARN_BOOL_CONVERSION = YES;
				CLANG_WARN_COMMA = YES;
				CLANG_WARN_CONSTANT_CONVERSION = YES;
				CLANG_WARN_DEPRECATED_OBJC_IMPLEMENTATIONS = YES;
				CLANG_WARN_DIRECT_OBJC_ISA_USAGE = YES_ERROR;
				CLANG_WARN_DOCUMENTATION_COMMENTS = YES;
				CLANG_WARN_EMPTY_BODY = YES;
				CLANG_WARN_ENUM_CONVERSION = YES;
				CLANG_WARN_INFINITE_RECURSION = YES;
				CLANG_WARN_INT_CONVERSION = YES;
				CLANG_WARN_NON_LITERAL_NULL_CONVERSION = YES;
				CLANG_WARN_OBJC_IMPLICIT_RETAIN_SELF = YES;
				CLANG_WARN_OBJC_LITERAL_CONVERSION = YES;
				CLANG_WARN_OBJC_ROOT_CLASS = YES_ERROR;
				CLANG_WARN_QUOTED_INCLUDE_IN_FRAMEWORK_HEADER = YES;
				CLANG_WARN_RANGE_LOOP_ANALYSIS = YES;
				CLANG_WARN_STRICT_PROTOTYPES = YES;
				CLANG_WARN_SUSPICIOUS_MOVE = YES;
				CLANG_WARN_UNGUARDED_AVAILABILITY = YES_AGGRESSIVE;
				CLANG_WARN_UNREACHABLE_CODE = YES;
				CLANG_WARN__DUPLICATE_METHOD_MATCH = YES;
				COPY_PHASE_STRIP = NO;
				DEBUG_INFORMATION_FORMAT = dwarf;
				ENABLE_STRICT_OBJC_MSGSEND = YES;
				ENABLE_TESTABILITY = YES;
				ENABLE_USER_SCRIPT_SANDBOXING = YES;
				GCC_C_LANGUAGE_STANDARD = gnu17;
				GCC_DYNAMIC_NO_PIC = NO;
				GCC_NO_COMMON_BLOCKS = YES;
				GCC_OPTIMIZATION_LEVEL = 0;
				GCC_PREPROCESSOR_DEFINITIONS = (
					"DEBUG=1",
					"$(inherited)",
				);
				GCC_WARN_64_TO_32_BIT_CONVERSION = YES;
				GCC_WARN_ABOUT_RETURN_TYPE = YES_ERROR;
				GCC_WARN_UNDECLARED_SELECTOR = YES;
				GCC_WARN_UNINITIALIZED_AUTOS = YES_AGGRESSIVE;
				GCC_WARN_UNUSED_FUNCTION = YES;
				GCC_WARN_UNUSED_VARIABLE = YES;
				IPHONEOS_DEPLOYMENT_TARGET = 17.4;
				LOCALIZATION_PREFERS_STRING_CATALOGS = YES;
				MTL_ENABLE_DEBUG_INFO = INCLUDE_SOURCE;
				MTL_FAST_MATH = YES;
				ONLY_ACTIVE_ARCH = YES;
				SDKROOT = iphoneos;
				SWIFT_ACTIVE_COMPILATION_CONDITIONS = "DEBUG $(inherited)";
				SWIFT_EMIT_LOC_STRINGS = YES;
				SWIFT_OPTIMIZATION_LEVEL = "-Onone";
			};
			name = Debug;
		};
		6B790FAA2CFEA3090000AC03 /* Release */ = {
			isa = XCBuildConfiguration;
			buildSettings = {
				ALWAYS_SEARCH_USER_PATHS = NO;
				ASSETCATALOG_COMPILER_GENERATE_SWIFT_ASSET_SYMBOL_EXTENSIONS = YES;
				CLANG_ANALYZER_NONNULL = YES;
				CLANG_ANALYZER_NUMBER_OBJECT_CONVERSION = YES_AGGRESSIVE;
				CLANG_CXX_LANGUAGE_STANDARD = "gnu++20";
				CLANG_ENABLE_MODULES = YES;
				CLANG_ENABLE_OBJC_ARC = YES;
				CLANG_ENABLE_OBJC_WEAK = YES;
				CLANG_WARN_BLOCK_CAPTURE_AUTORELEASING = YES;
				CLANG_WARN_BOOL_CONVERSION = YES;
				CLANG_WARN_COMMA = YES;
				CLANG_WARN_CONSTANT_CONVERSION = YES;
				CLANG_WARN_DEPRECATED_OBJC_IMPLEMENTATIONS = YES;
				CLANG_WARN_DIRECT_OBJC_ISA_USAGE = YES_ERROR;
				CLANG_WARN_DOCUMENTATION_COMMENTS = YES;
				CLANG_WARN_EMPTY_BODY = YES;
				CLANG_WARN_ENUM_CONVERSION = YES;
				CLANG_WARN_INFINITE_RECURSION = YES;
				CLANG_WARN_INT_CONVERSION = YES;
				CLANG_WARN_NON_LITERAL_NULL_CONVERSION = YES;
				CLANG_WARN_OBJC_IMPLICIT_RETAIN_SELF = YES;
				CLANG_WARN_OBJC_LITERAL_CONVERSION = YES;
				CLANG_WARN_OBJC_ROOT_CLASS = YES_ERROR;
				CLANG_WARN_QUOTED_INCLUDE_IN_FRAMEWORK_HEADER = YES;
				CLANG_WARN_RANGE_LOOP_ANALYSIS = YES;
				CLANG_WARN_STRICT_PROTOTYPES = YES;
				CLANG_WARN_SUSPICIOUS_MOVE = YES;
				CLANG_WARN_UNGUARDED_AVAILABILITY = YES_AGGRESSIVE;
				CLANG_WARN_UNREACHABLE_CODE = YES;
				CLANG_WARN__DUPLICATE_METHOD_MATCH = YES;
				COPY_PHASE_STRIP = NO;
				DEBUG_INFORMATION_FORMAT = "dwarf-with-dsym";
				ENABLE_NS_ASSERTIONS = NO;
				ENABLE_STRICT_OBJC_MSGSEND = YES;
				ENABLE_USER_SCRIPT_SANDBOXING = YES;
				GCC_C_LANGUAGE_STANDARD = gnu17;
				GCC_NO_COMMON_BLOCKS = YES;
				GCC_WARN_64_TO_32_BIT_CONVERSION = YES;
				GCC_WARN_ABOUT_RETURN_TYPE = YES_ERROR;
				GCC_WARN_UNDECLARED_SELECTOR = YES;
				GCC_WARN_UNINITIALIZED_AUTOS = YES_AGGRESSIVE;
				GCC_WARN_UNUSED_FUNCTION = YES;
				GCC_WARN_UNUSED_VARIABLE = YES;
				IPHONEOS_DEPLOYMENT_TARGET = 17.4;
				LOCALIZATION_PREFERS_STRING_CATALOGS = YES;
				MTL_ENABLE_DEBUG_INFO = NO;
				MTL_FAST_MATH = YES;
				SDKROOT = iphoneos;
				SWIFT_COMPILATION_MODE = wholemodule;
				SWIFT_EMIT_LOC_STRINGS = YES;
				VALIDATE_PRODUCT = YES;
			};
			name = Release;
		};
		6B790FAC2CFEA3090000AC03 /* Debug */ = {
			isa = XCBuildConfiguration;
			buildSettings = {
				ASSETCATALOG_COMPILER_APPICON_NAME = AppIcon;
				ASSETCATALOG_COMPILER_GLOBAL_ACCENT_COLOR_NAME = AccentColor;
				CODE_SIGN_ENTITLEMENTS = Polarnal.entitlements;
				CODE_SIGN_STYLE = Automatic;
				CURRENT_PROJECT_VERSION = 1;
				DEVELOPMENT_TEAM = F8Q3Y446GH;
				ENABLE_PREVIEWS = YES;
				GENERATE_INFOPLIST_FILE = YES;
				INFOPLIST_KEY_UIApplicationSceneManifest_Generation = YES;
				INFOPLIST_KEY_UIApplicationSupportsIndirectInputEvents = YES;
				INFOPLIST_KEY_UILaunchScreen_Generation = YES;
				INFOPLIST_KEY_UISupportedInterfaceOrientations = "UIInterfaceOrientationLandscapeLeft UIInterfaceOrientationLandscapeRight UIInterfaceOrientationPortrait";
				INFOPLIST_KEY_UISupportedInterfaceOrientations_iPad = "UIInterfaceOrientationLandscapeLeft UIInterfaceOrientationLandscapeRight";
				IPHONEOS_DEPLOYMENT_TARGET = 17.0;
				LD_RUNPATH_SEARCH_PATHS = (
					"$(inherited)",
					"@executable_path/Frameworks",
				);
				MARKETING_VERSION = 1.0;
				PRODUCT_BUNDLE_IDENTIFIER = beom.Polarnal;
				PRODUCT_NAME = "$(TARGET_NAME)";
				REGISTER_APP_GROUPS = NO;
				SUPPORTED_PLATFORMS = "iphoneos iphonesimulator macosx";
				SUPPORTS_MACCATALYST = NO;
				SUPPORTS_MAC_DESIGNED_FOR_IPHONE_IPAD = NO;
				SUPPORTS_XR_DESIGNED_FOR_IPHONE_IPAD = NO;
				SWIFT_EMIT_LOC_STRINGS = YES;
				SWIFT_VERSION = 5.0;
				TARGETED_DEVICE_FAMILY = 2;
			};
			name = Debug;
		};
		6B790FAD2CFEA3090000AC03 /* Release */ = {
			isa = XCBuildConfiguration;
			buildSettings = {
				ASSETCATALOG_COMPILER_APPICON_NAME = AppIcon;
				ASSETCATALOG_COMPILER_GLOBAL_ACCENT_COLOR_NAME = AccentColor;
				CODE_SIGN_ENTITLEMENTS = Polarnal.entitlements;
				CODE_SIGN_STYLE = Automatic;
				CURRENT_PROJECT_VERSION = 1;
				DEVELOPMENT_TEAM = F8Q3Y446GH;
				ENABLE_PREVIEWS = YES;
				GENERATE_INFOPLIST_FILE = YES;
				INFOPLIST_KEY_UIApplicationSceneManifest_Generation = YES;
				INFOPLIST_KEY_UIApplicationSupportsIndirectInputEvents = YES;
				INFOPLIST_KEY_UILaunchScreen_Generation = YES;
				INFOPLIST_KEY_UISupportedInterfaceOrientations = "UIInterfaceOrientationLandscapeLeft UIInterfaceOrientationLandscapeRight UIInterfaceOrientationPortrait";
				INFOPLIST_KEY_UISupportedInterfaceOrientations_iPad = "UIInterfaceOrientationLandscapeLeft UIInterfaceOrientationLandscapeRight";
				IPHONEOS_DEPLOYMENT_TARGET = 17.0;
				LD_RUNPATH_SEARCH_PATHS = (
					"$(inherited)",
					"@executable_path/Frameworks",
				);
				MARKETING_VERSION = 1.0;
				PRODUCT_BUNDLE_IDENTIFIER = beom.Polarnal;
				PRODUCT_NAME = "$(TARGET_NAME)";
				REGISTER_APP_GROUPS = NO;
				SUPPORTED_PLATFORMS = "iphoneos iphonesimulator macosx";
				SUPPORTS_MACCATALYST = NO;
				SUPPORTS_MAC_DESIGNED_FOR_IPHONE_IPAD = NO;
				SUPPORTS_XR_DESIGNED_FOR_IPHONE_IPAD = NO;
				SWIFT_EMIT_LOC_STRINGS = YES;
				SWIFT_VERSION = 5.0;
				TARGETED_DEVICE_FAMILY = 2;
			};
			name = Release;
		};
		6B91293F2D50A75A005C85D2 /* Debug */ = {
			isa = XCBuildConfiguration;
			buildSettings = {
				ASSETCATALOG_COMPILER_APPICON_NAME = AppIcon;
				ASSETCATALOG_COMPILER_GLOBAL_ACCENT_COLOR_NAME = AccentColor;
				CODE_SIGN_ENTITLEMENTS = MacPolarnal/MacPolarnal.entitlements;
				CODE_SIGN_STYLE = Automatic;
				COMBINE_HIDPI_IMAGES = YES;
				CURRENT_PROJECT_VERSION = 1;
				DEVELOPMENT_TEAM = F8Q3Y446GH;
				ENABLE_HARDENED_RUNTIME = YES;
				ENABLE_PREVIEWS = YES;
				GENERATE_INFOPLIST_FILE = YES;
				INFOPLIST_KEY_NSHumanReadableCopyright = "";
				LD_RUNPATH_SEARCH_PATHS = (
					"$(inherited)",
					"@executable_path/../Frameworks",
				);
				MACOSX_DEPLOYMENT_TARGET = 15.2;
				MARKETING_VERSION = 1.0;
				PRODUCT_BUNDLE_IDENTIFIER = beom.MacPolarnal;
				PRODUCT_NAME = "$(TARGET_NAME)";
				SDKROOT = macosx;
				SWIFT_EMIT_LOC_STRINGS = YES;
				SWIFT_VERSION = 5.0;
			};
			name = Debug;
		};
		6B9129402D50A75A005C85D2 /* Release */ = {
			isa = XCBuildConfiguration;
			buildSettings = {
				ASSETCATALOG_COMPILER_APPICON_NAME = AppIcon;
				ASSETCATALOG_COMPILER_GLOBAL_ACCENT_COLOR_NAME = AccentColor;
				CODE_SIGN_ENTITLEMENTS = MacPolarnal/MacPolarnal.entitlements;
				CODE_SIGN_STYLE = Automatic;
				COMBINE_HIDPI_IMAGES = YES;
				CURRENT_PROJECT_VERSION = 1;
				DEVELOPMENT_TEAM = F8Q3Y446GH;
				ENABLE_HARDENED_RUNTIME = YES;
				ENABLE_PREVIEWS = YES;
				GENERATE_INFOPLIST_FILE = YES;
				INFOPLIST_KEY_NSHumanReadableCopyright = "";
				LD_RUNPATH_SEARCH_PATHS = (
					"$(inherited)",
					"@executable_path/../Frameworks",
				);
				MACOSX_DEPLOYMENT_TARGET = 15.2;
				MARKETING_VERSION = 1.0;
				PRODUCT_BUNDLE_IDENTIFIER = beom.MacPolarnal;
				PRODUCT_NAME = "$(TARGET_NAME)";
				SDKROOT = macosx;
				SWIFT_EMIT_LOC_STRINGS = YES;
				SWIFT_VERSION = 5.0;
			};
			name = Release;
		};
		6B9129422D50A75A005C85D2 /* Debug */ = {
			isa = XCBuildConfiguration;
			buildSettings = {
				BUNDLE_LOADER = "$(TEST_HOST)";
				CODE_SIGN_STYLE = Automatic;
				CURRENT_PROJECT_VERSION = 1;
				DEVELOPMENT_TEAM = F8Q3Y446GH;
				GENERATE_INFOPLIST_FILE = YES;
				MACOSX_DEPLOYMENT_TARGET = 15.2;
				MARKETING_VERSION = 1.0;
				PRODUCT_BUNDLE_IDENTIFIER = beom.MacPolarnalTests;
				PRODUCT_NAME = "$(TARGET_NAME)";
				SDKROOT = macosx;
				SWIFT_EMIT_LOC_STRINGS = NO;
				SWIFT_VERSION = 5.0;
				TEST_HOST = "$(BUILT_PRODUCTS_DIR)/MacPolarnal.app/$(BUNDLE_EXECUTABLE_FOLDER_PATH)/MacPolarnal";
			};
			name = Debug;
		};
		6B9129432D50A75A005C85D2 /* Release */ = {
			isa = XCBuildConfiguration;
			buildSettings = {
				BUNDLE_LOADER = "$(TEST_HOST)";
				CODE_SIGN_STYLE = Automatic;
				CURRENT_PROJECT_VERSION = 1;
				DEVELOPMENT_TEAM = F8Q3Y446GH;
				GENERATE_INFOPLIST_FILE = YES;
				MACOSX_DEPLOYMENT_TARGET = 15.2;
				MARKETING_VERSION = 1.0;
				PRODUCT_BUNDLE_IDENTIFIER = beom.MacPolarnalTests;
				PRODUCT_NAME = "$(TARGET_NAME)";
				SDKROOT = macosx;
				SWIFT_EMIT_LOC_STRINGS = NO;
				SWIFT_VERSION = 5.0;
				TEST_HOST = "$(BUILT_PRODUCTS_DIR)/MacPolarnal.app/$(BUNDLE_EXECUTABLE_FOLDER_PATH)/MacPolarnal";
			};
			name = Release;
		};
		6B9129452D50A75A005C85D2 /* Debug */ = {
			isa = XCBuildConfiguration;
			buildSettings = {
				CODE_SIGN_STYLE = Automatic;
				CURRENT_PROJECT_VERSION = 1;
				DEVELOPMENT_TEAM = F8Q3Y446GH;
				GENERATE_INFOPLIST_FILE = YES;
				MACOSX_DEPLOYMENT_TARGET = 15.2;
				MARKETING_VERSION = 1.0;
				PRODUCT_BUNDLE_IDENTIFIER = beom.MacPolarnalUITests;
				PRODUCT_NAME = "$(TARGET_NAME)";
				SDKROOT = macosx;
				SWIFT_EMIT_LOC_STRINGS = NO;
				SWIFT_VERSION = 5.0;
				TEST_TARGET_NAME = MacPolarnal;
			};
			name = Debug;
		};
		6B9129462D50A75A005C85D2 /* Release */ = {
			isa = XCBuildConfiguration;
			buildSettings = {
				CODE_SIGN_STYLE = Automatic;
				CURRENT_PROJECT_VERSION = 1;
				DEVELOPMENT_TEAM = F8Q3Y446GH;
				GENERATE_INFOPLIST_FILE = YES;
				MACOSX_DEPLOYMENT_TARGET = 15.2;
				MARKETING_VERSION = 1.0;
				PRODUCT_BUNDLE_IDENTIFIER = beom.MacPolarnalUITests;
				PRODUCT_NAME = "$(TARGET_NAME)";
				SDKROOT = macosx;
				SWIFT_EMIT_LOC_STRINGS = NO;
				SWIFT_VERSION = 5.0;
				TEST_TARGET_NAME = MacPolarnal;
			};
			name = Release;
		};
		6BF08B0C2D655580002D7015 /* Debug */ = {
			isa = XCBuildConfiguration;
			buildSettings = {
				BUNDLE_LOADER = "$(TEST_HOST)";
				CODE_SIGN_STYLE = Automatic;
				CURRENT_PROJECT_VERSION = 1;
				DEVELOPMENT_TEAM = F8Q3Y446GH;
				GENERATE_INFOPLIST_FILE = YES;
				IPHONEOS_DEPLOYMENT_TARGET = 18.2;
				MARKETING_VERSION = 1.0;
				PRODUCT_BUNDLE_IDENTIFIER = beom.PolarnalTests;
				PRODUCT_NAME = "$(TARGET_NAME)";
				SWIFT_EMIT_LOC_STRINGS = NO;
				SWIFT_VERSION = 5.0;
				TARGETED_DEVICE_FAMILY = "1,2";
				TEST_HOST = "$(BUILT_PRODUCTS_DIR)/Polarnal.app/$(BUNDLE_EXECUTABLE_FOLDER_PATH)/Polarnal";
			};
			name = Debug;
		};
		6BF08B0D2D655580002D7015 /* Release */ = {
			isa = XCBuildConfiguration;
			buildSettings = {
				BUNDLE_LOADER = "$(TEST_HOST)";
				CODE_SIGN_STYLE = Automatic;
				CURRENT_PROJECT_VERSION = 1;
				DEVELOPMENT_TEAM = F8Q3Y446GH;
				GENERATE_INFOPLIST_FILE = YES;
				IPHONEOS_DEPLOYMENT_TARGET = 18.2;
				MARKETING_VERSION = 1.0;
				PRODUCT_BUNDLE_IDENTIFIER = beom.PolarnalTests;
				PRODUCT_NAME = "$(TARGET_NAME)";
				SWIFT_EMIT_LOC_STRINGS = NO;
				SWIFT_VERSION = 5.0;
				TARGETED_DEVICE_FAMILY = "1,2";
				TEST_HOST = "$(BUILT_PRODUCTS_DIR)/Polarnal.app/$(BUNDLE_EXECUTABLE_FOLDER_PATH)/Polarnal";
			};
			name = Release;
		};
/* End XCBuildConfiguration section */

/* Begin XCConfigurationList section */
		6B790F962CFEA3080000AC03 /* Build configuration list for PBXProject "Polarnal" */ = {
			isa = XCConfigurationList;
			buildConfigurations = (
				6B790FA92CFEA3090000AC03 /* Debug */,
				6B790FAA2CFEA3090000AC03 /* Release */,
			);
			defaultConfigurationIsVisible = 0;
			defaultConfigurationName = Release;
		};
		6B790FAB2CFEA3090000AC03 /* Build configuration list for PBXNativeTarget "Polarnal" */ = {
			isa = XCConfigurationList;
			buildConfigurations = (
				6B790FAC2CFEA3090000AC03 /* Debug */,
				6B790FAD2CFEA3090000AC03 /* Release */,
			);
			defaultConfigurationIsVisible = 0;
			defaultConfigurationName = Release;
		};
		6B91293E2D50A75A005C85D2 /* Build configuration list for PBXNativeTarget "MacPolarnal" */ = {
			isa = XCConfigurationList;
			buildConfigurations = (
				6B91293F2D50A75A005C85D2 /* Debug */,
				6B9129402D50A75A005C85D2 /* Release */,
			);
			defaultConfigurationIsVisible = 0;
			defaultConfigurationName = Release;
		};
		6B9129412D50A75A005C85D2 /* Build configuration list for PBXNativeTarget "MacPolarnalTests" */ = {
			isa = XCConfigurationList;
			buildConfigurations = (
				6B9129422D50A75A005C85D2 /* Debug */,
				6B9129432D50A75A005C85D2 /* Release */,
			);
			defaultConfigurationIsVisible = 0;
			defaultConfigurationName = Release;
		};
		6B9129442D50A75A005C85D2 /* Build configuration list for PBXNativeTarget "MacPolarnalUITests" */ = {
			isa = XCConfigurationList;
			buildConfigurations = (
				6B9129452D50A75A005C85D2 /* Debug */,
				6B9129462D50A75A005C85D2 /* Release */,
			);
			defaultConfigurationIsVisible = 0;
			defaultConfigurationName = Release;
		};
		6BF08B0B2D655580002D7015 /* Build configuration list for PBXNativeTarget "PolarnalTests" */ = {
			isa = XCConfigurationList;
			buildConfigurations = (
				6BF08B0C2D655580002D7015 /* Debug */,
				6BF08B0D2D655580002D7015 /* Release */,
			);
			defaultConfigurationIsVisible = 0;
			defaultConfigurationName = Release;
		};
/* End XCConfigurationList section */

/* Begin XCLocalSwiftPackageReference section */
		6B9F61B32D3E621D00875186 /* XCLocalSwiftPackageReference "../../포폴용/EnumHelper" */ = {
			isa = XCLocalSwiftPackageReference;
			relativePath = "../../포폴용/EnumHelper";
		};
/* End XCLocalSwiftPackageReference section */

/* Begin XCSwiftPackageProductDependency section */
		6B9129A72D50B3FA005C85D2 /* EnumHelper */ = {
			isa = XCSwiftPackageProductDependency;
			package = 6B9F61B32D3E621D00875186 /* XCLocalSwiftPackageReference "../../포폴용/EnumHelper" */;
			productName = EnumHelper;
		};
		6B9F61B42D3E621D00875186 /* EnumHelper */ = {
			isa = XCSwiftPackageProductDependency;
			productName = EnumHelper;
		};
/* End XCSwiftPackageProductDependency section */
	};
	rootObject = 6B790F932CFEA3080000AC03 /* Project object */;
}
